{
  "version": 4,
  "terraform_version": "1.4.2",
  "serial": 567,
  "lineage": "8d9a2585-3a4d-5762-5757-f6aa2a5a9cf5",
  "outputs": {},
  "resources": [
    {
      "mode": "data",
      "type": "azurerm_client_config",
      "name": "current",
      "provider": "provider[\"registry.terraform.io/hashicorp/azurerm\"]",
      "instances": [
        {
          "schema_version": 0,
          "attributes": {
            "client_id": "04b07795-8ddb-461a-bbee-02f9e1bf7b46",
            "id": "2023-05-16 12:55:25.5916504 +0000 UTC",
            "object_id": "",
            "subscription_id": "1cfd9c12-2c35-4462-a5f4-75403af97042",
            "tenant_id": "4c6f1364-8db1-4e57-95ef-b3cf7dd7d4c9",
            "timeouts": null
          },
          "sensitive_attributes": []
        }
      ]
    },
    {
      "mode": "managed",
      "type": "azurerm_resource_group",
      "name": "rg",
      "provider": "provider[\"registry.terraform.io/hashicorp/azurerm\"]",
      "instances": [
        {
          "schema_version": 0,
          "attributes": {
            "id": "/subscriptions/1cfd9c12-2c35-4462-a5f4-75403af97042/resourceGroups/ContosoProdRG",
            "location": "eastus",
            "name": "ContosoProdRG",
            "tags": {
              "createdWith": "Terraform"
            },
            "timeouts": null
          },
          "sensitive_attributes": [],
          "private": "eyJlMmJmYjczMC1lY2FhLTExZTYtOGY4OC0zNDM2M2JjN2M0YzAiOnsiY3JlYXRlIjo1NDAwMDAwMDAwMDAwLCJkZWxldGUiOjU0MDAwMDAwMDAwMDAsInJlYWQiOjMwMDAwMDAwMDAwMCwidXBkYXRlIjo1NDAwMDAwMDAwMDAwfX0="
        }
      ]
    },
    {
      "mode": "managed",
      "type": "azurerm_role_assignment",
      "name": "acr_pull",
      "provider": "provider[\"registry.terraform.io/hashicorp/azurerm\"]",
      "instances": [
        {
          "schema_version": 0,
          "attributes": {
            "condition": "",
            "condition_version": "",
            "description": "",
            "id": "/subscriptions/1cfd9c12-2c35-4462-a5f4-75403af97042/resourceGroups/ContosoProdRG/providers/Microsoft.ContainerRegistry/registries/ContosoProdAcrhenilkeh/providers/Microsoft.Authorization/roleAssignments/16ca6cc8-4b47-fea4-4604-c7d9cbdc5170",
            "name": "16ca6cc8-4b47-fea4-4604-c7d9cbdc5170",
            "principal_id": "21cf8766-7f4e-4389-aadf-62b83b378da2",
            "principal_type": "ServicePrincipal",
            "role_definition_id": "/subscriptions/1cfd9c12-2c35-4462-a5f4-75403af97042/providers/Microsoft.Authorization/roleDefinitions/7f951dda-4ed3-4680-a7ca-43fe172d538d",
            "role_definition_name": "AcrPull",
            "scope": "/subscriptions/1cfd9c12-2c35-4462-a5f4-75403af97042/resourceGroups/ContosoProdRG/providers/Microsoft.ContainerRegistry/registries/ContosoProdAcrhenilkeh",
            "skip_service_principal_aad_check": true,
            "timeouts": null
          },
          "sensitive_attributes": [],
          "private": "eyJlMmJmYjczMC1lY2FhLTExZTYtOGY4OC0zNDM2M2JjN2M0YzAiOnsiY3JlYXRlIjoxODAwMDAwMDAwMDAwLCJkZWxldGUiOjE4MDAwMDAwMDAwMDAsInJlYWQiOjMwMDAwMDAwMDAwMCwidXBkYXRlIjoxODAwMDAwMDAwMDAwfX0=",
          "dependencies": [
            "azurerm_resource_group.rg",
            "data.azurerm_client_config.current",
            "module.aks_cluster.azurerm_kubernetes_cluster.aks_cluster",
            "module.aks_cluster.azurerm_user_assigned_identity.aks_identity",
            "module.aks_network.azurerm_subnet.subnet",
            "module.aks_network.azurerm_virtual_network.vnet",
            "module.container_registry.azurerm_container_registry.acr",
            "module.container_registry.azurerm_user_assigned_identity.acr_identity",
            "module.firewall.azurerm_firewall.firewall",
            "module.firewall.azurerm_firewall_policy.policy",
            "module.firewall.azurerm_public_ip.pip",
            "module.hub_network.azurerm_subnet.subnet",
            "module.hub_network.azurerm_virtual_network.vnet",
            "module.log_analytics_workspace.azurerm_log_analytics_workspace.log_analytics_workspace",
            "module.routetable.azurerm_route_table.rt",
            "module.routetable.azurerm_subnet_route_table_association.subnet_association",
            "module.routetable.data.azurerm_client_config.current",
            "random_string.resource_suffix"
          ]
        }
      ]
    },
    {
      "mode": "managed",
      "type": "azurerm_role_assignment",
      "name": "network_contributor",
      "provider": "provider[\"registry.terraform.io/hashicorp/azurerm\"]",
      "instances": [
        {
          "schema_version": 0,
          "attributes": {
            "condition": "",
            "condition_version": "",
            "description": "",
            "id": "/subscriptions/1cfd9c12-2c35-4462-a5f4-75403af97042/resourceGroups/ContosoProdRG/providers/Microsoft.Authorization/roleAssignments/209152ef-2f05-16ba-3996-efce3e98847d",
            "name": "209152ef-2f05-16ba-3996-efce3e98847d",
            "principal_id": "e8937c8f-7184-40b6-beac-22b3ec07a582",
            "principal_type": "ServicePrincipal",
            "role_definition_id": "/subscriptions/1cfd9c12-2c35-4462-a5f4-75403af97042/providers/Microsoft.Authorization/roleDefinitions/4d97b98b-1d4f-4787-a291-c67834d212e7",
            "role_definition_name": "Network Contributor",
            "scope": "/subscriptions/1cfd9c12-2c35-4462-a5f4-75403af97042/resourceGroups/ContosoProdRG",
            "skip_service_principal_aad_check": true,
            "timeouts": null
          },
          "sensitive_attributes": [],
          "private": "eyJlMmJmYjczMC1lY2FhLTExZTYtOGY4OC0zNDM2M2JjN2M0YzAiOnsiY3JlYXRlIjoxODAwMDAwMDAwMDAwLCJkZWxldGUiOjE4MDAwMDAwMDAwMDAsInJlYWQiOjMwMDAwMDAwMDAwMCwidXBkYXRlIjoxODAwMDAwMDAwMDAwfX0=",
          "dependencies": [
            "azurerm_resource_group.rg",
            "data.azurerm_client_config.current",
            "module.aks_cluster.azurerm_user_assigned_identity.aks_identity",
            "module.aks_network.azurerm_virtual_network.vnet",
            "module.firewall.azurerm_firewall.firewall",
            "module.firewall.azurerm_firewall_policy.policy",
            "module.firewall.azurerm_public_ip.pip",
            "module.hub_network.azurerm_subnet.subnet",
            "module.hub_network.azurerm_virtual_network.vnet",
            "module.routetable.azurerm_route_table.rt",
            "module.routetable.azurerm_subnet_route_table_association.subnet_association",
            "module.routetable.data.azurerm_client_config.current"
          ]
        }
      ]
    },
    {
      "mode": "managed",
      "type": "random_string",
      "name": "resource_suffix",
      "provider": "provider[\"registry.terraform.io/hashicorp/random\"]",
      "instances": [
        {
          "schema_version": 2,
          "attributes": {
            "id": "henilkeh",
            "keepers": null,
            "length": 8,
            "lower": true,
            "min_lower": 0,
            "min_numeric": 0,
            "min_special": 0,
            "min_upper": 0,
            "number": false,
            "numeric": false,
            "override_special": null,
            "result": "henilkeh",
            "special": false,
            "upper": false
          },
          "sensitive_attributes": []
        }
      ]
    },
    {
      "module": "module.acr_private_dns_zone",
      "mode": "managed",
      "type": "azurerm_private_dns_zone",
      "name": "private_dns_zone",
      "provider": "provider[\"registry.terraform.io/hashicorp/azurerm\"]",
      "instances": [
        {
          "schema_version": 0,
          "attributes": {
            "id": "/subscriptions/1cfd9c12-2c35-4462-a5f4-75403af97042/resourceGroups/ContosoProdRG/providers/Microsoft.Network/privateDnsZones/privatelink.azurecr.io",
            "max_number_of_record_sets": 25000,
            "max_number_of_virtual_network_links": 1000,
            "max_number_of_virtual_network_links_with_registration": 100,
            "name": "privatelink.azurecr.io",
            "number_of_record_sets": 3,
            "resource_group_name": "ContosoProdRG",
            "soa_record": [
              {
                "email": "azureprivatedns-host.microsoft.com",
                "expire_time": 2419200,
                "fqdn": "privatelink.azurecr.io.",
                "host_name": "azureprivatedns.net",
                "minimum_ttl": 10,
                "refresh_time": 3600,
                "retry_time": 300,
                "serial_number": 1,
                "tags": {},
                "ttl": 3600
              }
            ],
            "tags": {},
            "timeouts": null
          },
          "sensitive_attributes": [],
          "private": "eyJlMmJmYjczMC1lY2FhLTExZTYtOGY4OC0zNDM2M2JjN2M0YzAiOnsiY3JlYXRlIjoxODAwMDAwMDAwMDAwLCJkZWxldGUiOjE4MDAwMDAwMDAwMDAsInJlYWQiOjMwMDAwMDAwMDAwMCwidXBkYXRlIjoxODAwMDAwMDAwMDAwfX0=",
          "dependencies": [
            "azurerm_resource_group.rg"
          ]
        }
      ]
    },
    {
      "module": "module.acr_private_dns_zone",
      "mode": "managed",
      "type": "azurerm_private_dns_zone_virtual_network_link",
      "name": "link",
      "provider": "provider[\"registry.terraform.io/hashicorp/azurerm\"]",
      "instances": [
        {
          "index_key": "ContosoProdAksVNet",
          "schema_version": 0,
          "attributes": {
            "id": "/subscriptions/1cfd9c12-2c35-4462-a5f4-75403af97042/resourceGroups/ContosoProdRG/providers/Microsoft.Network/privateDnsZones/privatelink.azurecr.io/virtualNetworkLinks/link_to_contosoprodaksvnet",
            "name": "link_to_contosoprodaksvnet",
            "private_dns_zone_name": "privatelink.azurecr.io",
            "registration_enabled": false,
            "resource_group_name": "ContosoProdRG",
            "tags": {},
            "timeouts": null,
            "virtual_network_id": "/subscriptions/1cfd9c12-2c35-4462-a5f4-75403af97042/resourceGroups/ContosoProdRG/providers/Microsoft.Network/virtualNetworks/ContosoProdAksVNet"
          },
          "sensitive_attributes": [],
          "private": "eyJlMmJmYjczMC1lY2FhLTExZTYtOGY4OC0zNDM2M2JjN2M0YzAiOnsiY3JlYXRlIjoxODAwMDAwMDAwMDAwLCJkZWxldGUiOjE4MDAwMDAwMDAwMDAsInJlYWQiOjMwMDAwMDAwMDAwMCwidXBkYXRlIjoxODAwMDAwMDAwMDAwfX0=",
          "dependencies": [
            "azurerm_resource_group.rg",
            "data.azurerm_client_config.current",
            "module.acr_private_dns_zone.azurerm_private_dns_zone.private_dns_zone",
            "module.aks_network.azurerm_virtual_network.vnet",
            "module.hub_network.azurerm_virtual_network.vnet"
          ]
        },
        {
          "index_key": "ContosoProdHubVNet",
          "schema_version": 0,
          "attributes": {
            "id": "/subscriptions/1cfd9c12-2c35-4462-a5f4-75403af97042/resourceGroups/ContosoProdRG/providers/Microsoft.Network/privateDnsZones/privatelink.azurecr.io/virtualNetworkLinks/link_to_contosoprodhubvnet",
            "name": "link_to_contosoprodhubvnet",
            "private_dns_zone_name": "privatelink.azurecr.io",
            "registration_enabled": false,
            "resource_group_name": "ContosoProdRG",
            "tags": {},
            "timeouts": null,
            "virtual_network_id": "/subscriptions/1cfd9c12-2c35-4462-a5f4-75403af97042/resourceGroups/ContosoProdRG/providers/Microsoft.Network/virtualNetworks/ContosoProdHubVNet"
          },
          "sensitive_attributes": [],
          "private": "eyJlMmJmYjczMC1lY2FhLTExZTYtOGY4OC0zNDM2M2JjN2M0YzAiOnsiY3JlYXRlIjoxODAwMDAwMDAwMDAwLCJkZWxldGUiOjE4MDAwMDAwMDAwMDAsInJlYWQiOjMwMDAwMDAwMDAwMCwidXBkYXRlIjoxODAwMDAwMDAwMDAwfX0=",
          "dependencies": [
            "azurerm_resource_group.rg",
            "data.azurerm_client_config.current",
            "module.acr_private_dns_zone.azurerm_private_dns_zone.private_dns_zone",
            "module.aks_network.azurerm_virtual_network.vnet",
            "module.hub_network.azurerm_virtual_network.vnet"
          ]
        }
      ]
    },
    {
      "module": "module.acr_private_endpoint",
      "mode": "managed",
      "type": "azurerm_private_endpoint",
      "name": "private_endpoint",
      "provider": "provider[\"registry.terraform.io/hashicorp/azurerm\"]",
      "instances": [
        {
          "schema_version": 0,
          "attributes": {
            "custom_dns_configs": [],
            "id": "/subscriptions/1cfd9c12-2c35-4462-a5f4-75403af97042/resourceGroups/ContosoProdRG/providers/Microsoft.Network/privateEndpoints/ContosoProdAcrhenilkehPrivateEndpoint",
            "location": "eastus",
            "name": "ContosoProdAcrhenilkehPrivateEndpoint",
            "private_dns_zone_configs": [
              {
                "id": "/subscriptions/1cfd9c12-2c35-4462-a5f4-75403af97042/resourceGroups/ContosoProdRG/providers/Microsoft.Network/privateEndpoints/ContosoProdAcrhenilkehPrivateEndpoint/privateDnsZoneGroups/AcrPrivateDnsZoneGroup/privateDnsZoneConfigs/privatelink.azurecr.io",
                "name": "privatelink.azurecr.io",
                "private_dns_zone_id": "/subscriptions/1cfd9c12-2c35-4462-a5f4-75403af97042/resourceGroups/ContosoProdRG/providers/Microsoft.Network/privateDnsZones/privatelink.azurecr.io",
                "record_sets": [
                  {
                    "fqdn": "contosoprodacrhenilkeh.eastus.data.privatelink.azurecr.io",
                    "ip_addresses": [
                      "10.0.8.6"
                    ],
                    "name": "contosoprodacrhenilkeh.eastus.data",
                    "ttl": 10,
                    "type": "A"
                  },
                  {
                    "fqdn": "contosoprodacrhenilkeh.privatelink.azurecr.io",
                    "ip_addresses": [
                      "10.0.8.7"
                    ],
                    "name": "contosoprodacrhenilkeh",
                    "ttl": 10,
                    "type": "A"
                  }
                ]
              }
            ],
            "private_dns_zone_group": [
              {
                "id": "/subscriptions/1cfd9c12-2c35-4462-a5f4-75403af97042/resourceGroups/ContosoProdRG/providers/Microsoft.Network/privateEndpoints/ContosoProdAcrhenilkehPrivateEndpoint/privateDnsZoneGroups/AcrPrivateDnsZoneGroup",
                "name": "AcrPrivateDnsZoneGroup",
                "private_dns_zone_ids": [
                  "/subscriptions/1cfd9c12-2c35-4462-a5f4-75403af97042/resourceGroups/ContosoProdRG/providers/Microsoft.Network/privateDnsZones/privatelink.azurecr.io"
                ]
              }
            ],
            "private_service_connection": [
              {
                "is_manual_connection": false,
                "name": "ContosoProdAcrhenilkehPrivateEndpointConnection",
                "private_connection_resource_alias": "",
                "private_connection_resource_id": "/subscriptions/1cfd9c12-2c35-4462-a5f4-75403af97042/resourceGroups/ContosoProdRG/providers/Microsoft.ContainerRegistry/registries/ContosoProdAcrhenilkeh",
                "private_ip_address": "10.0.8.6",
                "request_message": "",
                "subresource_names": [
                  "registry"
                ]
              }
            ],
            "resource_group_name": "ContosoProdRG",
            "subnet_id": "/subscriptions/1cfd9c12-2c35-4462-a5f4-75403af97042/resourceGroups/ContosoProdRG/providers/Microsoft.Network/virtualNetworks/ContosoProdAksVNet/subnets/VmSubnet",
            "tags": {
              "createdWith": "Terraform"
            },
            "timeouts": null
          },
          "sensitive_attributes": [],
          "private": "eyJlMmJmYjczMC1lY2FhLTExZTYtOGY4OC0zNDM2M2JjN2M0YzAiOnsiY3JlYXRlIjozNjAwMDAwMDAwMDAwLCJkZWxldGUiOjM2MDAwMDAwMDAwMDAsInJlYWQiOjMwMDAwMDAwMDAwMCwidXBkYXRlIjozNjAwMDAwMDAwMDAwfX0=",
          "dependencies": [
            "azurerm_resource_group.rg",
            "module.acr_private_dns_zone.azurerm_private_dns_zone.private_dns_zone",
            "module.aks_network.azurerm_subnet.subnet",
            "module.aks_network.azurerm_virtual_network.vnet",
            "module.container_registry.azurerm_container_registry.acr",
            "module.container_registry.azurerm_user_assigned_identity.acr_identity",
            "random_string.resource_suffix"
          ]
        }
      ]
    },
    {
      "module": "module.aks_cluster",
      "mode": "managed",
      "type": "azurerm_kubernetes_cluster",
      "name": "aks_cluster",
      "provider": "provider[\"registry.terraform.io/hashicorp/azurerm\"]",
      "instances": [
        {
          "schema_version": 0,
          "attributes": {
            "addon_profile": [
              {
                "aci_connector_linux": [
                  {
                    "enabled": false,
                    "subnet_name": ""
                  }
                ],
                "azure_policy": [
                  {
                    "enabled": false
                  }
                ],
                "http_application_routing": [
                  {
                    "enabled": false,
                    "http_application_routing_zone_name": ""
                  }
                ],
                "ingress_application_gateway": [
                  {
                    "effective_gateway_id": "",
                    "enabled": false,
                    "gateway_id": "",
                    "ingress_application_gateway_identity": [],
                    "subnet_cidr": "",
                    "subnet_id": ""
                  }
                ],
                "kube_dashboard": [
                  {
                    "enabled": false
                  }
                ],
                "oms_agent": [
                  {
                    "enabled": true,
                    "log_analytics_workspace_id": "/subscriptions/1cfd9c12-2c35-4462-a5f4-75403af97042/resourceGroups/ContosoProdRG/providers/Microsoft.OperationalInsights/workspaces/ContosoProdAksWorkspacehenilkeh",
                    "oms_agent_identity": [
                      {
                        "client_id": "e983f185-3ba6-4235-a19a-4b1083c07ae1",
                        "object_id": "18a65a6a-c35a-4ab3-820b-0e693baf7da0",
                        "user_assigned_identity_id": "/subscriptions/1cfd9c12-2c35-4462-a5f4-75403af97042/resourcegroups/MC_ContosoProdRG_ContosoProdAks_eastus/providers/Microsoft.ManagedIdentity/userAssignedIdentities/omsagent-contosoprodaks"
                      }
                    ]
                  }
                ]
              }
            ],
            "api_server_authorized_ip_ranges": [],
            "auto_scaler_profile": [
              {
                "balance_similar_node_groups": false,
                "empty_bulk_delete_max": "10",
                "expander": "random",
                "max_graceful_termination_sec": "600",
                "max_node_provisioning_time": "15m",
                "max_unready_nodes": 3,
                "max_unready_percentage": 45,
                "new_pod_scale_up_delay": "0s",
                "scale_down_delay_after_add": "10m",
                "scale_down_delay_after_delete": "10s",
                "scale_down_delay_after_failure": "3m",
                "scale_down_unneeded": "10m",
                "scale_down_unready": "20m",
                "scale_down_utilization_threshold": "0.5",
                "scan_interval": "10s",
                "skip_nodes_with_local_storage": false,
                "skip_nodes_with_system_pods": true
              }
            ],
            "automatic_channel_upgrade": "stable",
            "default_node_pool": [
              {
                "availability_zones": [
                  "1",
                  "2",
                  "3"
                ],
                "enable_auto_scaling": true,
                "enable_host_encryption": false,
                "enable_node_public_ip": false,
                "max_count": 10,
                "max_pods": 50,
                "min_count": 3,
                "name": "system",
                "node_count": 3,
                "node_labels": {},
                "node_taints": [],
                "only_critical_addons_enabled": false,
                "orchestrator_version": "1.26.3",
                "os_disk_size_gb": 128,
                "os_disk_type": "Ephemeral",
                "proximity_placement_group_id": "",
                "tags": {
                  "createdWith": "Terraform"
                },
                "type": "VirtualMachineScaleSets",
                "upgrade_settings": [],
                "vm_size": "Standard_F8s_v2",
                "vnet_subnet_id": "/subscriptions/1cfd9c12-2c35-4462-a5f4-75403af97042/resourceGroups/ContosoProdRG/providers/Microsoft.Network/virtualNetworks/ContosoProdAksVNet/subnets/SystemSubnet"
              }
            ],
            "disk_encryption_set_id": "",
            "dns_prefix": "contosoprodaks",
            "dns_prefix_private_cluster": "",
            "enable_pod_security_policy": false,
            "fqdn": "",
            "id": "/subscriptions/1cfd9c12-2c35-4462-a5f4-75403af97042/resourcegroups/ContosoProdRG/providers/Microsoft.ContainerService/managedClusters/ContosoProdAks",
            "identity": [
              {
                "principal_id": "",
                "tenant_id": "",
                "type": "UserAssigned",
                "user_assigned_identity_id": "/subscriptions/1cfd9c12-2c35-4462-a5f4-75403af97042/resourceGroups/ContosoProdRG/providers/Microsoft.ManagedIdentity/userAssignedIdentities/ContosoProdAksIdentity"
              }
            ],
            "kube_admin_config": [
              {
                "client_certificate": "LS0tLS1CRUdJTiBDRVJUSUZJQ0FURS0tLS0tCk1JSUZIakNDQXdhZ0F3SUJBZ0lSQU9SRHlBTnlIYnB2RDJTRi9QM24zRXd3RFFZSktvWklodmNOQVFFTEJRQXcKRFRFTE1Ba0dBMVVFQXhNQ1kyRXdIaGNOTWpNd05URTJNVEl6TURRNVdoY05NalV3TlRFMk1USTBNRFE1V2pBdwpNUmN3RlFZRFZRUUtFdzV6ZVhOMFpXMDZiV0Z6ZEdWeWN6RVZNQk1HQTFVRUF4TU1iV0Z6ZEdWeVkyeHBaVzUwCk1JSUNJakFOQmdrcWhraUc5dzBCQVFFRkFBT0NBZzhBTUlJQ0NnS0NBZ0VBcnhDRFFGWVpsK0toVk0vYVJsTkQKN0FFNHAwQmRoZXpHcVIyampHTmlwcklVMFFHL1lwNUh0eXp2SmY0M2NvTllNTXRCV1ExRzNqOXhhNWtTR1RTUAp5NWlyNm54YWxaYTl2czdud3JTODhncDVGaVdnL3JIMElBbFVRUGlEam9PUnRWd0JGaEZzM3hTQW45d2dqbG9mCjdmZFhZYysvdnY5UVNBM2ZIY1Z4d3NPQVB0V0JMazdjRnlWRmxyV1l0SEUrWW9oWHF0VzdaZXlQNEVZTGwrRFkKakErZVVXR0xib3VPaWFKeE15MkUxTUFiZXNtY2xXMWN1TXFYeEQyOWRnWkJZdWI5K0I2a3BJL2NBWnN5NlFCLwp2L0Z4V2JnNXFsTEVnYUYvWEJhb2dQMkVaekFzQ0FMdVpxdkU4SVpmWXp2TXkwdG9vdDBvTXNtcmhHSzFwS3JlCnBnQ0thT1dhVVBPNnNwTzV5OWZxRmk1YUpsNVVyZ1E2cEl4WkRCRHg5bVBrQUdhWVJLZVJoSEtsYmxLbU5PNE0KWHBHYTRYaWNmdEQyb2t5N0dwR28zQzVITWJzOVpPYUtRdkJQM1oxYXBzdWNsaExsMmVSR1FKZm13cjFNYnlFQwo4MHhFNUd2cHFNa212c0dDU1RPcVR1MzRPWnY3S29oSnJHVzFTcHpoaHhYdHppNmZJWVZqOGdCQ1o0VVpHNGwvCjhzMnZqRVNldGpYUmlBS3RzeDZaV0tLcnAwOTFLYkVRNlRsaEw2N25SK2RzRlhlVktEOXp1dUJpR2RTQmN4b1EKVi8wNERqRkJSclhIM3dNWWVtdmsva0tpYXZwTkpTSlJ3MnIzTWhNZ3BGdFJDN3A2dzFTUjdDOElhL0lNaVNzQgpwYlMyRVRVZ0VZVlFia3lhcTdXWXlNa0NBd0VBQWFOV01GUXdEZ1lEVlIwUEFRSC9CQVFEQWdXZ01CTUdBMVVkCkpRUU1NQW9HQ0NzR0FRVUZCd01DTUF3R0ExVWRFd0VCL3dRQ01BQXdId1lEVlIwakJCZ3dGb0FVM2w0eXd0NmIKdHMreEVuRExHODNYa0VJTmkxZ3dEUVlKS29aSWh2Y05BUUVMQlFBRGdnSUJBSTVkUjBPOFhDNTZsWi9zRkRvUgp3QkN3L0JtS0NIOEppOEFBY0xaMEdsa3hJZmMyR3MybnI1NWJmWU4yc05WSitYaG8rSnRsVFNjNTZhUmZVendBCkxHbUJvY01BMmg4OVYrMUYzcDEreHpKR092N1cxVmQxUkN0RFUyRDRFN0ZnbkUrUVQzQXpKOTZYYm11M2QxeEQKL1FZbDFNWWRscnRrWWVtTUI1R3o2elo0V0QrM05iQlBCOGtkRWVET08xbG4wOFpGa1lMMjNtQ2Yzc1NGbjdXdApHaEt4M0JWT0ltMGt0M0JBdUVOSWlITnhBWlR5TWNwWmJLVEIrU1NkdEhWUmJwNHVpcWM4eXZvdVl4L0liRnl5Cllxa0JHNG1LcThMOG0xYXZNN1VGZUZHM2plQWZLRlRnOTcyWVlLMXdKSXZ1Q3J3SGNFTm5JNTVGSWtpVitGSEEKSDAvL2wvQmdNdHdVS1c3anA1UCtqeGVKcHl0T2JHLzZSL2kyeDZkUzNhVE9pTjFaNWR1dG1QbUVaTDlMTDRIawpCN05jY0Fzb1N3ckNNUDRidHRmeGg3UVB3NTBQd1crWHdabW1OcGg5T0s5Q2ZIc3FPcDlCMzg4Nk93ditJbDhUCnZKaU1zVW5PQVAvYkxxYndxVEdVaTZqMnFSNk5UdmlLMDJnNDdyNFZSaDNQS2NsNGZPVWV2S1FHM3ZLdUxydjMKYU4wdXFnT2FKWjE4bHU2V0Eza3lHL2h0UFNqNkZwUS9GVVAwSmR2SXF5SVQrV0QzVFE2YysrNXk3Z09iaEJnRgpsaGhIV3NEL3hxRTc3dEx4U2ZhU1FKc0dTVnpMSllCaGFxRWRGU28vcFFVeE5zRDJwSzk1T3J5U3F5YW45ZGl4CmtnMkx4R3JwR1hBVndjUFpPbStmZEZRbgotLS0tLUVORCBDRVJUSUZJQ0FURS0tLS0tCg==",
                "client_key": "LS0tLS1CRUdJTiBSU0EgUFJJVkFURSBLRVktLS0tLQpNSUlKSndJQkFBS0NBZ0VBcnhDRFFGWVpsK0toVk0vYVJsTkQ3QUU0cDBCZGhlekdxUjJqakdOaXBySVUwUUcvCllwNUh0eXp2SmY0M2NvTllNTXRCV1ExRzNqOXhhNWtTR1RTUHk1aXI2bnhhbFphOXZzN253clM4OGdwNUZpV2cKL3JIMElBbFVRUGlEam9PUnRWd0JGaEZzM3hTQW45d2dqbG9mN2ZkWFljKy92djlRU0EzZkhjVnh3c09BUHRXQgpMazdjRnlWRmxyV1l0SEUrWW9oWHF0VzdaZXlQNEVZTGwrRFlqQStlVVdHTGJvdU9pYUp4TXkyRTFNQWJlc21jCmxXMWN1TXFYeEQyOWRnWkJZdWI5K0I2a3BJL2NBWnN5NlFCL3YvRnhXYmc1cWxMRWdhRi9YQmFvZ1AyRVp6QXMKQ0FMdVpxdkU4SVpmWXp2TXkwdG9vdDBvTXNtcmhHSzFwS3JlcGdDS2FPV2FVUE82c3BPNXk5ZnFGaTVhSmw1VQpyZ1E2cEl4WkRCRHg5bVBrQUdhWVJLZVJoSEtsYmxLbU5PNE1YcEdhNFhpY2Z0RDJva3k3R3BHbzNDNUhNYnM5ClpPYUtRdkJQM1oxYXBzdWNsaExsMmVSR1FKZm13cjFNYnlFQzgweEU1R3ZwcU1rbXZzR0NTVE9xVHUzNE9adjcKS29oSnJHVzFTcHpoaHhYdHppNmZJWVZqOGdCQ1o0VVpHNGwvOHMydmpFU2V0alhSaUFLdHN4NlpXS0tycDA5MQpLYkVRNlRsaEw2N25SK2RzRlhlVktEOXp1dUJpR2RTQmN4b1FWLzA0RGpGQlJyWEgzd01ZZW12ay9rS2lhdnBOCkpTSlJ3MnIzTWhNZ3BGdFJDN3A2dzFTUjdDOElhL0lNaVNzQnBiUzJFVFVnRVlWUWJreWFxN1dZeU1rQ0F3RUEKQVFLQ0FnQWQ1TXowMUg4RVQ1L0s4cjlNR1BYVlBCUW5nemMxSWt4K0htQ0tIWUtBQXBMSmFlbjdkaG02N3NKYgprNEIyWG5WVng2OTkvR1ZvbUI3UEI5RnVXbXBma3M5d2VCR2p6NXpSRTFYQ0Nzams3K0xqWkVPTW1taWNlOXRXClNObDJJWU5sRzdQWHg5djJiL0xTMld6NXdld0gzNStkUlROeDh2a0xoTXJmczVLTWRvUFV0dktiTEw0cWVhUGIKYTJFTEZ2ZFhMZjhDWGdMbEViTXowZUl5NmlNd0w0NlNTUHpkUUpsemFUaTVTNEdPTHN2Q2VPRHpKenlaRlljNgo3R3dJMW1LZDkrSFFWN00zb3BVbjlRK0plQnRZZEdzdHJlYXk3ZlUrU1l5TTloV0tDVUJ0dW0wYVpSMitqSUJSCnJqQmxxcFY2OVlLRnBRd3pOL3JBM1hZMUN6Ui9qZk9LYzFvNkF2ZE51ekVoeFQrNS84TDJCaGZ3aHNwMnpyUm4KUloxZWVRNnJ3RDdJd2lXMEsxc0hHWE9EZkUzczZPZ2dSOE1xUk4yWWwvbWN0aUs4Sk1MMldWQzdoZXlkQWltVApkNFFPUmZ1SjRTZlhVeFBTNkZXdUZrZmNGSHlTVmwxUmZjQThnRUdLd1BxbFpqSnFJcDFEU3JaYldoajBKa2NsClMxcklVcldoVGlqT3N1R0lIVFZSdlRvNjBLTlk0Q3Q3a0Q0NnpHWU9UbkRrcktIdnJXLzVhbzRqNjF1Q2daancKL3JyakVSN081UElKUkZYWFJSc1Y3S0pYUmY0R21wdWxTb0hQNTNVM1QxemhsVXFUdmpFelk2eWo5Qk1EaHJ1dwpncVFtMWEwLzNQWmIrbm1rRjlaOUVkZGdacHhXaUQ3TWJuVzdxVldDMXI4bENBdUJYUUtDQVFFQTFxSDEzOWNNCm1jZnRDVEZtaFNldTBLWWZ3NWl3c1M0MGdRVmpEN2Z4eEdiQzBvNVNnY09rbm1STVVsMnZqaW93b2FFR2NTVGkKQjJ1WnBHZThGUEwrZTNsYWoyM2hNTWhkd1h0M3A1NlNKTG00VmxURHBId0p4VFc1SS8vL29SeXN0VW40S1RVRQp5TXJoblV2VE81OFl5WHhpVnpRcDZ5RlZWZC91NDdHTmhqR0NJSzI4cnJseUgyN2VRSkNXMzE3SWxGanpDRVZiCkd3VDhKNWdLWHdyYVVKYlFPcjZvRmtRc09qdmRTQm9tZFpSUGM0eDIvM3Jsa1RTT3dQWnJiYmxwTnBTaU5HNWwKZFE4aDZaVXRLZ1JRTUVFbFdSV1RFOW1DbEdyRTkyVEttbElaa3NyNzdxNUw3ekdtMzQ3SUNOTFo0dXFYVGIxWApuTUVNTlh6WWNXR05Nd0tDQVFFQTBNNC9aUmVyV3Y1T3prc1JQencxMUZCUStMVTBSdy9nMFJTMUQwMmtyRjFtCjlrYm91WHBmRlpVWk5Ma01FZDVhdFdudy9nSnJvSWZHWloydERDY1NFbkczM3Y0amRTZGZZNXp2QVV3NVk1MFQKZW1ySVJMUnFBOHEza1c0OHdQY3BjcU9LckFmZy84azFaL3ZZVmxkSnMwODJnQUtYZDdRTzRsOTlrVllqZXlZTQo0SWhPbG5qV1BVR2pKbm05V21lV1FOVlA3UXRaY1hwSzdIY202dW9tQ1JJWk03SlBKeHZBNGcrTnY0bkVVWG9UCk5CTDdSRDlNZzg1dEY4cTNzVmVzaVdyeHlIV1ZoMVhyOVZlaU5vejBhMWdieFRqem1yS01tNHd4SHdOQjBZNUwKWXpuK2drbFJTNFBaSUdPcnVPcGxKQXd5elFHancyM2QxMHRPajZ0NkV3S0NBUUFQVDRCZGxsYVV4YmszOWFrdAppSFlrOWlTLzdDMTJoaWhDcCtLNEpWUCt3YUhXS1ViamNOUldaQ3M1bU90RUJlaHdMeTlwZE1zVzRtc1VXajRGCmRJd0l2TkJqK04rZWZqeUo1OGZTVWpKMG9qYnZHWjdYSmU0QWZtT1ZtTlpnWk01QkpHU3FjOWpDaGc1d0RRK2wKYWlUM2dvTDFXNGc5K0tQQXUzZXNFR2RiRWo4Skc3dWc3eU9mOEdXMFQxd2oxUHdUOFFCdEw1MWZJUXpudWlYTApQOWZ3OWNFbTM2RFg3Y2NGNUcxVmpsLzk5VFZ4dGF4cmJ4WGZOTk9XR2ozeGxzOVZrR2E5dkw1S0NtbE40MUZVCmRQaFBhT1pFSTVEWlVxUEkrSkRTWVFNKzNPcHNHVVM5Y3Z1QnRaWUV6b2VnY1lJUGVOS1FQaGg0MnlDRzFFQVEKWG5nWEFvSUJBRzlYS3hLNjFsS0UvSHlnSnFnemNQaXZneDI3Y2c3YWRxVEdoKzJMRjE0WnlBZFd0RTRDNUtUYgpoajlJMVJqS0dsQldGMzA2eVMwbWVUSkNLNzRwTDBmS2Y2TlduSTJoMndtQTZ5a2ovZzRSK2dyeTJhdFpFSmJKCkI2MXl2TTZnZk9kMk1VR2VTZW5hM3JGOTUxUFM0NmZMZTJJeS81V0MyOVQxMmowZlUzZ2RTQXlLWW0xMkxiY28KUXRrSFhXTFJqWnN3bzVmZ3oyYmxNUUo2WHJRdyt1c25UV3oxamFOcTl5VVQ2aC9TVkc2bHk0dWUrNERleCt3WQpySzlkRnlwbmQ4Y20wWnAwcUxFcnJkQjdWRElHWTJiQjZyejFxMkE0Q1NZQVVVa2FNWVNPZmNDQmNpY0M5V2h3Cis5eDdpVnZuRU50eDdiekhQUTIramVaNWI0RElqU1VDZ2dFQU5rdm4rQXBOcmo3ZFV0cis0S1ZDb0RvVkZlU0YKaU93WG53VytQZ0gwMU0zK0tvVG9EWi9YQVRaTVhueXZrRC80TW1GZVNZMnZIOERMSTFyczc4M0pSTVNYeW9BUgplNmxHWnE5WWJBUWtmYmthek83cm9nMkY0ajdkYXh1cXcrbkh3UmVKaGY1V25KUVM5QWo2NmRjRy9WZEh1ajQvCmNnZzd2N0RSYTFFQ3ozNEVJQ09QZFdGOEdMMFhJa09hN3Y1a0s4VWEzU3VrNTR5VjdpR21sY0xoM0NDQU5idUkKWE5ybjV4U2FKS1VCdlBIM20rTzZyaWdDRzhxWTMySnlhSUZEOHNjZ0lOMUJpYUtZMkdHaUJuSDc4MWQ2bVB4dQpDaE9SNk83RUFFYVc1V01MUjY1YlBhZllZNnlsWVVmbG0wRTJBSjB0YW1lSG1PeEpzb2t1Y28vUXhnPT0KLS0tLS1FTkQgUlNBIFBSSVZBVEUgS0VZLS0tLS0K",
                "cluster_ca_certificate": "LS0tLS1CRUdJTiBDRVJUSUZJQ0FURS0tLS0tCk1JSUU2VENDQXRHZ0F3SUJBZ0lSQU5XMGZ0QndNSjhud1ExeGgzRUl2dTh3RFFZSktvWklodmNOQVFFTEJRQXcKRFRFTE1Ba0dBMVVFQXhNQ1kyRXdJQmNOTWpNd05URTJNVEl6TURRNVdoZ1BNakExTXpBMU1UWXhNalF3TkRsYQpNQTB4Q3pBSkJnTlZCQU1UQW1OaE1JSUNJakFOQmdrcWhraUc5dzBCQVFFRkFBT0NBZzhBTUlJQ0NnS0NBZ0VBCjRJemNlTEtzK2c4aTM1dVJKVHBDa2xHUTBIdU1nZS9XVFZpYXJSQ1N5aWFvSWoyQS9rUXJQam1Fb2VuS2pqR1YKTVNPa0FlK2l4TnRxWHdUbUhJbFpKaUJyS1pqcGhoeWdhbVpBMjJtUTdYcFhQMUhpaloxMmYwZldnN0xlc2R3dQpJbEZLbzlwcjIzMURUdERCZ3lWY04rVnIxc3V5Q3hnTit3bC9BWHk3MVhZS0x6ekZCNTVCeFU0K0NEQS9XZDNLClY4WWl3djJCbE9OeGxZNnE0bzBpYlhSRlRVa25Udi9jV0RHS0duRGNHZ01EOFNDdlBsQlppVmtRUk5NZG5yd0kKL2p4NUJJQTVoOUViY0N0RGZ4b3IvWjZaRE1vN2JDVUE3endTZW9TajY3TWpka0RoejB5UnpiRXl5aktaM2JwRgowVnVKcm1FWGNSWW50bkIzWE1wajlkNDNTQ0VMVG0rTDFiazJlcVhqZVdWM1FyRkJobzc0aVhDTGV1UmptcSs1CmlORDB5MCtCa3RpWkVlNUw4bVN4QlBLVFI4clMvdFNFS0hNMzAwWGxXRTJaSytyNXVsSHVGSTd6Zkd1V2NUbEIKZklwUFZ3TG1RRTJlQTNhazR2UmNMdkc0NXgvakVqKzlDZHRlSVhKbUp5dVcrOVVGcXdnNkNqZFZ2RU9wVER5bApEWmU0c0ZtdWhjdFNGTFA0Ry9yY1Y5UUtzNGQ4R1ZuN2xSMTZwUHBZNlNGSU5INFlJS3g4d3Y5bDliMFo2SXpKCmt3Rm9KSEk4SVBqb3pqMUtlYlVxYnk0NnA4RURxb0hsdm1tM0V1WGF1V1M5czB5cjlUR2E0eDBtOC9XS3o4UncKVitzdzFpZUJScWc2N3pCMlJ0Z0VSWjl2VWhOVFQxLzA5ODdQRE5JaUNSMENBd0VBQWFOQ01FQXdEZ1lEVlIwUApBUUgvQkFRREFnS2tNQThHQTFVZEV3RUIvd1FGTUFNQkFmOHdIUVlEVlIwT0JCWUVGTjVlTXNMZW03YlBzUkp3Cnl4dk4xNUJDRFl0WU1BMEdDU3FHU0liM0RRRUJDd1VBQTRJQ0FRQkRhYzVDcU5WcVdXZjZraVloc3JrUDZYSUgKcmZTNS83aURSOHh0UVFIcFdGR2pMSm1KbDZCaGxQdE1GS0JlYUpsNDZtMlFRQ0pRYzBQZVNhbmZaS2tTSERGVApMWjJTSEZOUWk3ZytFYXRwL2ZnVlV4RURsY3BiM1BoQ3NQY2RpeTI4TWdZd1RaSUFEOGlWeGpyQjhSVFpvemdjCkI3RHdPVTkzbDlad0ZDdWdkRGlwSmIwaXdZWmwrU2tiTTIwVlZkQ056VEd4eUVIdFNBcDhyMFZzUGJkdXVZLysKT1pLSlZHQ0h1OFJpT0FZVFFtdnVMc3ZLKy9CZzhUS1VZZ243QzNjTGJHWGlGWnRwOThhYUU3Q1lXTUJGWVNQdgpLbkJJMUVONVRKWEJMdUhFdDdrajJMTVdkZmNHWXNFYnhqb1BwcjJ3NTJVOWxuM1JNS201VTkyWUZWc3Nyc3MwCisvZmpuTi94dzk2NE4ybmhleUdjdk9za21MejdTbERXZWlZa3Vnb0FWN0wzQ2Y5cU5nVkV6ZUVVU1c5Mkd1emkKbXJWTTc0akwvdUZQZ1NibW4rZGJSYm5PMEVVM2lsRnZoWUNSWHJKRTBMQjZFSmtZc1pGb214N0t4UzdoVGNkdwppai9HVTRGOUFteVRtM29wSkl0TkNHckxXdTNabUFyNHVXQXBIT0JIdng1TXJWVWxmUHpyRkJkTTZVU1dZL3hXClhZRG9DMk5SM3IvQVRlRlE4MWF6S1B3VDZkN2xkdDVaOENDbnFXNHFVbUE4d056T25CMXRuVFJxMXA4cmFLS2cKejhUTDB1cGgraDM5dFBsVEowSHlyRjlSbURJT1B1VnVNRkNoSm5yQ1N6dEZwMGozMnhIRytLb0tleHJVbjRoSQp2elhNVFFkUXZxNWpxQ2lCalE9PQotLS0tLUVORCBDRVJUSUZJQ0FURS0tLS0tCg==",
                "host": "https://contosoprodaks-hytvfayb.b4dddf83-bd27-408e-bbfa-327ff6c325ac.privatelink.eastus.azmk8s.io:443",
                "password": "byg6qani1hxv9rn6eqvqk3b6dys1awmhx64csrvknhrlk5mvf8p04vwmz2brqk24zlwvepsvig8giec55hksp55r1n2id0l6h48zn6dcduoglc1q1dgm3fov0b7jqf0x",
                "username": "clusterAdmin_ContosoProdRG_ContosoProdAks"
              }
            ],
            "kube_admin_config_raw": "apiVersion: v1\nclusters:\n- cluster:\n    certificate-authority-data: LS0tLS1CRUdJTiBDRVJUSUZJQ0FURS0tLS0tCk1JSUU2VENDQXRHZ0F3SUJBZ0lSQU5XMGZ0QndNSjhud1ExeGgzRUl2dTh3RFFZSktvWklodmNOQVFFTEJRQXcKRFRFTE1Ba0dBMVVFQXhNQ1kyRXdJQmNOTWpNd05URTJNVEl6TURRNVdoZ1BNakExTXpBMU1UWXhNalF3TkRsYQpNQTB4Q3pBSkJnTlZCQU1UQW1OaE1JSUNJakFOQmdrcWhraUc5dzBCQVFFRkFBT0NBZzhBTUlJQ0NnS0NBZ0VBCjRJemNlTEtzK2c4aTM1dVJKVHBDa2xHUTBIdU1nZS9XVFZpYXJSQ1N5aWFvSWoyQS9rUXJQam1Fb2VuS2pqR1YKTVNPa0FlK2l4TnRxWHdUbUhJbFpKaUJyS1pqcGhoeWdhbVpBMjJtUTdYcFhQMUhpaloxMmYwZldnN0xlc2R3dQpJbEZLbzlwcjIzMURUdERCZ3lWY04rVnIxc3V5Q3hnTit3bC9BWHk3MVhZS0x6ekZCNTVCeFU0K0NEQS9XZDNLClY4WWl3djJCbE9OeGxZNnE0bzBpYlhSRlRVa25Udi9jV0RHS0duRGNHZ01EOFNDdlBsQlppVmtRUk5NZG5yd0kKL2p4NUJJQTVoOUViY0N0RGZ4b3IvWjZaRE1vN2JDVUE3endTZW9TajY3TWpka0RoejB5UnpiRXl5aktaM2JwRgowVnVKcm1FWGNSWW50bkIzWE1wajlkNDNTQ0VMVG0rTDFiazJlcVhqZVdWM1FyRkJobzc0aVhDTGV1UmptcSs1CmlORDB5MCtCa3RpWkVlNUw4bVN4QlBLVFI4clMvdFNFS0hNMzAwWGxXRTJaSytyNXVsSHVGSTd6Zkd1V2NUbEIKZklwUFZ3TG1RRTJlQTNhazR2UmNMdkc0NXgvakVqKzlDZHRlSVhKbUp5dVcrOVVGcXdnNkNqZFZ2RU9wVER5bApEWmU0c0ZtdWhjdFNGTFA0Ry9yY1Y5UUtzNGQ4R1ZuN2xSMTZwUHBZNlNGSU5INFlJS3g4d3Y5bDliMFo2SXpKCmt3Rm9KSEk4SVBqb3pqMUtlYlVxYnk0NnA4RURxb0hsdm1tM0V1WGF1V1M5czB5cjlUR2E0eDBtOC9XS3o4UncKVitzdzFpZUJScWc2N3pCMlJ0Z0VSWjl2VWhOVFQxLzA5ODdQRE5JaUNSMENBd0VBQWFOQ01FQXdEZ1lEVlIwUApBUUgvQkFRREFnS2tNQThHQTFVZEV3RUIvd1FGTUFNQkFmOHdIUVlEVlIwT0JCWUVGTjVlTXNMZW03YlBzUkp3Cnl4dk4xNUJDRFl0WU1BMEdDU3FHU0liM0RRRUJDd1VBQTRJQ0FRQkRhYzVDcU5WcVdXZjZraVloc3JrUDZYSUgKcmZTNS83aURSOHh0UVFIcFdGR2pMSm1KbDZCaGxQdE1GS0JlYUpsNDZtMlFRQ0pRYzBQZVNhbmZaS2tTSERGVApMWjJTSEZOUWk3ZytFYXRwL2ZnVlV4RURsY3BiM1BoQ3NQY2RpeTI4TWdZd1RaSUFEOGlWeGpyQjhSVFpvemdjCkI3RHdPVTkzbDlad0ZDdWdkRGlwSmIwaXdZWmwrU2tiTTIwVlZkQ056VEd4eUVIdFNBcDhyMFZzUGJkdXVZLysKT1pLSlZHQ0h1OFJpT0FZVFFtdnVMc3ZLKy9CZzhUS1VZZ243QzNjTGJHWGlGWnRwOThhYUU3Q1lXTUJGWVNQdgpLbkJJMUVONVRKWEJMdUhFdDdrajJMTVdkZmNHWXNFYnhqb1BwcjJ3NTJVOWxuM1JNS201VTkyWUZWc3Nyc3MwCisvZmpuTi94dzk2NE4ybmhleUdjdk9za21MejdTbERXZWlZa3Vnb0FWN0wzQ2Y5cU5nVkV6ZUVVU1c5Mkd1emkKbXJWTTc0akwvdUZQZ1NibW4rZGJSYm5PMEVVM2lsRnZoWUNSWHJKRTBMQjZFSmtZc1pGb214N0t4UzdoVGNkdwppai9HVTRGOUFteVRtM29wSkl0TkNHckxXdTNabUFyNHVXQXBIT0JIdng1TXJWVWxmUHpyRkJkTTZVU1dZL3hXClhZRG9DMk5SM3IvQVRlRlE4MWF6S1B3VDZkN2xkdDVaOENDbnFXNHFVbUE4d056T25CMXRuVFJxMXA4cmFLS2cKejhUTDB1cGgraDM5dFBsVEowSHlyRjlSbURJT1B1VnVNRkNoSm5yQ1N6dEZwMGozMnhIRytLb0tleHJVbjRoSQp2elhNVFFkUXZxNWpxQ2lCalE9PQotLS0tLUVORCBDRVJUSUZJQ0FURS0tLS0tCg==\n    server: https://contosoprodaks-hytvfayb.b4dddf83-bd27-408e-bbfa-327ff6c325ac.privatelink.eastus.azmk8s.io:443\n  name: ContosoProdAks\ncontexts:\n- context:\n    cluster: ContosoProdAks\n    user: clusterAdmin_ContosoProdRG_ContosoProdAks\n  name: ContosoProdAks\ncurrent-context: ContosoProdAks\nkind: Config\npreferences: {}\nusers:\n- name: clusterAdmin_ContosoProdRG_ContosoProdAks\n  user:\n    client-certificate-data: LS0tLS1CRUdJTiBDRVJUSUZJQ0FURS0tLS0tCk1JSUZIakNDQXdhZ0F3SUJBZ0lSQU9SRHlBTnlIYnB2RDJTRi9QM24zRXd3RFFZSktvWklodmNOQVFFTEJRQXcKRFRFTE1Ba0dBMVVFQXhNQ1kyRXdIaGNOTWpNd05URTJNVEl6TURRNVdoY05NalV3TlRFMk1USTBNRFE1V2pBdwpNUmN3RlFZRFZRUUtFdzV6ZVhOMFpXMDZiV0Z6ZEdWeWN6RVZNQk1HQTFVRUF4TU1iV0Z6ZEdWeVkyeHBaVzUwCk1JSUNJakFOQmdrcWhraUc5dzBCQVFFRkFBT0NBZzhBTUlJQ0NnS0NBZ0VBcnhDRFFGWVpsK0toVk0vYVJsTkQKN0FFNHAwQmRoZXpHcVIyampHTmlwcklVMFFHL1lwNUh0eXp2SmY0M2NvTllNTXRCV1ExRzNqOXhhNWtTR1RTUAp5NWlyNm54YWxaYTl2czdud3JTODhncDVGaVdnL3JIMElBbFVRUGlEam9PUnRWd0JGaEZzM3hTQW45d2dqbG9mCjdmZFhZYysvdnY5UVNBM2ZIY1Z4d3NPQVB0V0JMazdjRnlWRmxyV1l0SEUrWW9oWHF0VzdaZXlQNEVZTGwrRFkKakErZVVXR0xib3VPaWFKeE15MkUxTUFiZXNtY2xXMWN1TXFYeEQyOWRnWkJZdWI5K0I2a3BJL2NBWnN5NlFCLwp2L0Z4V2JnNXFsTEVnYUYvWEJhb2dQMkVaekFzQ0FMdVpxdkU4SVpmWXp2TXkwdG9vdDBvTXNtcmhHSzFwS3JlCnBnQ0thT1dhVVBPNnNwTzV5OWZxRmk1YUpsNVVyZ1E2cEl4WkRCRHg5bVBrQUdhWVJLZVJoSEtsYmxLbU5PNE0KWHBHYTRYaWNmdEQyb2t5N0dwR28zQzVITWJzOVpPYUtRdkJQM1oxYXBzdWNsaExsMmVSR1FKZm13cjFNYnlFQwo4MHhFNUd2cHFNa212c0dDU1RPcVR1MzRPWnY3S29oSnJHVzFTcHpoaHhYdHppNmZJWVZqOGdCQ1o0VVpHNGwvCjhzMnZqRVNldGpYUmlBS3RzeDZaV0tLcnAwOTFLYkVRNlRsaEw2N25SK2RzRlhlVktEOXp1dUJpR2RTQmN4b1EKVi8wNERqRkJSclhIM3dNWWVtdmsva0tpYXZwTkpTSlJ3MnIzTWhNZ3BGdFJDN3A2dzFTUjdDOElhL0lNaVNzQgpwYlMyRVRVZ0VZVlFia3lhcTdXWXlNa0NBd0VBQWFOV01GUXdEZ1lEVlIwUEFRSC9CQVFEQWdXZ01CTUdBMVVkCkpRUU1NQW9HQ0NzR0FRVUZCd01DTUF3R0ExVWRFd0VCL3dRQ01BQXdId1lEVlIwakJCZ3dGb0FVM2w0eXd0NmIKdHMreEVuRExHODNYa0VJTmkxZ3dEUVlKS29aSWh2Y05BUUVMQlFBRGdnSUJBSTVkUjBPOFhDNTZsWi9zRkRvUgp3QkN3L0JtS0NIOEppOEFBY0xaMEdsa3hJZmMyR3MybnI1NWJmWU4yc05WSitYaG8rSnRsVFNjNTZhUmZVendBCkxHbUJvY01BMmg4OVYrMUYzcDEreHpKR092N1cxVmQxUkN0RFUyRDRFN0ZnbkUrUVQzQXpKOTZYYm11M2QxeEQKL1FZbDFNWWRscnRrWWVtTUI1R3o2elo0V0QrM05iQlBCOGtkRWVET08xbG4wOFpGa1lMMjNtQ2Yzc1NGbjdXdApHaEt4M0JWT0ltMGt0M0JBdUVOSWlITnhBWlR5TWNwWmJLVEIrU1NkdEhWUmJwNHVpcWM4eXZvdVl4L0liRnl5Cllxa0JHNG1LcThMOG0xYXZNN1VGZUZHM2plQWZLRlRnOTcyWVlLMXdKSXZ1Q3J3SGNFTm5JNTVGSWtpVitGSEEKSDAvL2wvQmdNdHdVS1c3anA1UCtqeGVKcHl0T2JHLzZSL2kyeDZkUzNhVE9pTjFaNWR1dG1QbUVaTDlMTDRIawpCN05jY0Fzb1N3ckNNUDRidHRmeGg3UVB3NTBQd1crWHdabW1OcGg5T0s5Q2ZIc3FPcDlCMzg4Nk93ditJbDhUCnZKaU1zVW5PQVAvYkxxYndxVEdVaTZqMnFSNk5UdmlLMDJnNDdyNFZSaDNQS2NsNGZPVWV2S1FHM3ZLdUxydjMKYU4wdXFnT2FKWjE4bHU2V0Eza3lHL2h0UFNqNkZwUS9GVVAwSmR2SXF5SVQrV0QzVFE2YysrNXk3Z09iaEJnRgpsaGhIV3NEL3hxRTc3dEx4U2ZhU1FKc0dTVnpMSllCaGFxRWRGU28vcFFVeE5zRDJwSzk1T3J5U3F5YW45ZGl4CmtnMkx4R3JwR1hBVndjUFpPbStmZEZRbgotLS0tLUVORCBDRVJUSUZJQ0FURS0tLS0tCg==\n    client-key-data: LS0tLS1CRUdJTiBSU0EgUFJJVkFURSBLRVktLS0tLQpNSUlKSndJQkFBS0NBZ0VBcnhDRFFGWVpsK0toVk0vYVJsTkQ3QUU0cDBCZGhlekdxUjJqakdOaXBySVUwUUcvCllwNUh0eXp2SmY0M2NvTllNTXRCV1ExRzNqOXhhNWtTR1RTUHk1aXI2bnhhbFphOXZzN253clM4OGdwNUZpV2cKL3JIMElBbFVRUGlEam9PUnRWd0JGaEZzM3hTQW45d2dqbG9mN2ZkWFljKy92djlRU0EzZkhjVnh3c09BUHRXQgpMazdjRnlWRmxyV1l0SEUrWW9oWHF0VzdaZXlQNEVZTGwrRFlqQStlVVdHTGJvdU9pYUp4TXkyRTFNQWJlc21jCmxXMWN1TXFYeEQyOWRnWkJZdWI5K0I2a3BJL2NBWnN5NlFCL3YvRnhXYmc1cWxMRWdhRi9YQmFvZ1AyRVp6QXMKQ0FMdVpxdkU4SVpmWXp2TXkwdG9vdDBvTXNtcmhHSzFwS3JlcGdDS2FPV2FVUE82c3BPNXk5ZnFGaTVhSmw1VQpyZ1E2cEl4WkRCRHg5bVBrQUdhWVJLZVJoSEtsYmxLbU5PNE1YcEdhNFhpY2Z0RDJva3k3R3BHbzNDNUhNYnM5ClpPYUtRdkJQM1oxYXBzdWNsaExsMmVSR1FKZm13cjFNYnlFQzgweEU1R3ZwcU1rbXZzR0NTVE9xVHUzNE9adjcKS29oSnJHVzFTcHpoaHhYdHppNmZJWVZqOGdCQ1o0VVpHNGwvOHMydmpFU2V0alhSaUFLdHN4NlpXS0tycDA5MQpLYkVRNlRsaEw2N25SK2RzRlhlVktEOXp1dUJpR2RTQmN4b1FWLzA0RGpGQlJyWEgzd01ZZW12ay9rS2lhdnBOCkpTSlJ3MnIzTWhNZ3BGdFJDN3A2dzFTUjdDOElhL0lNaVNzQnBiUzJFVFVnRVlWUWJreWFxN1dZeU1rQ0F3RUEKQVFLQ0FnQWQ1TXowMUg4RVQ1L0s4cjlNR1BYVlBCUW5nemMxSWt4K0htQ0tIWUtBQXBMSmFlbjdkaG02N3NKYgprNEIyWG5WVng2OTkvR1ZvbUI3UEI5RnVXbXBma3M5d2VCR2p6NXpSRTFYQ0Nzams3K0xqWkVPTW1taWNlOXRXClNObDJJWU5sRzdQWHg5djJiL0xTMld6NXdld0gzNStkUlROeDh2a0xoTXJmczVLTWRvUFV0dktiTEw0cWVhUGIKYTJFTEZ2ZFhMZjhDWGdMbEViTXowZUl5NmlNd0w0NlNTUHpkUUpsemFUaTVTNEdPTHN2Q2VPRHpKenlaRlljNgo3R3dJMW1LZDkrSFFWN00zb3BVbjlRK0plQnRZZEdzdHJlYXk3ZlUrU1l5TTloV0tDVUJ0dW0wYVpSMitqSUJSCnJqQmxxcFY2OVlLRnBRd3pOL3JBM1hZMUN6Ui9qZk9LYzFvNkF2ZE51ekVoeFQrNS84TDJCaGZ3aHNwMnpyUm4KUloxZWVRNnJ3RDdJd2lXMEsxc0hHWE9EZkUzczZPZ2dSOE1xUk4yWWwvbWN0aUs4Sk1MMldWQzdoZXlkQWltVApkNFFPUmZ1SjRTZlhVeFBTNkZXdUZrZmNGSHlTVmwxUmZjQThnRUdLd1BxbFpqSnFJcDFEU3JaYldoajBKa2NsClMxcklVcldoVGlqT3N1R0lIVFZSdlRvNjBLTlk0Q3Q3a0Q0NnpHWU9UbkRrcktIdnJXLzVhbzRqNjF1Q2daancKL3JyakVSN081UElKUkZYWFJSc1Y3S0pYUmY0R21wdWxTb0hQNTNVM1QxemhsVXFUdmpFelk2eWo5Qk1EaHJ1dwpncVFtMWEwLzNQWmIrbm1rRjlaOUVkZGdacHhXaUQ3TWJuVzdxVldDMXI4bENBdUJYUUtDQVFFQTFxSDEzOWNNCm1jZnRDVEZtaFNldTBLWWZ3NWl3c1M0MGdRVmpEN2Z4eEdiQzBvNVNnY09rbm1STVVsMnZqaW93b2FFR2NTVGkKQjJ1WnBHZThGUEwrZTNsYWoyM2hNTWhkd1h0M3A1NlNKTG00VmxURHBId0p4VFc1SS8vL29SeXN0VW40S1RVRQp5TXJoblV2VE81OFl5WHhpVnpRcDZ5RlZWZC91NDdHTmhqR0NJSzI4cnJseUgyN2VRSkNXMzE3SWxGanpDRVZiCkd3VDhKNWdLWHdyYVVKYlFPcjZvRmtRc09qdmRTQm9tZFpSUGM0eDIvM3Jsa1RTT3dQWnJiYmxwTnBTaU5HNWwKZFE4aDZaVXRLZ1JRTUVFbFdSV1RFOW1DbEdyRTkyVEttbElaa3NyNzdxNUw3ekdtMzQ3SUNOTFo0dXFYVGIxWApuTUVNTlh6WWNXR05Nd0tDQVFFQTBNNC9aUmVyV3Y1T3prc1JQencxMUZCUStMVTBSdy9nMFJTMUQwMmtyRjFtCjlrYm91WHBmRlpVWk5Ma01FZDVhdFdudy9nSnJvSWZHWloydERDY1NFbkczM3Y0amRTZGZZNXp2QVV3NVk1MFQKZW1ySVJMUnFBOHEza1c0OHdQY3BjcU9LckFmZy84azFaL3ZZVmxkSnMwODJnQUtYZDdRTzRsOTlrVllqZXlZTQo0SWhPbG5qV1BVR2pKbm05V21lV1FOVlA3UXRaY1hwSzdIY202dW9tQ1JJWk03SlBKeHZBNGcrTnY0bkVVWG9UCk5CTDdSRDlNZzg1dEY4cTNzVmVzaVdyeHlIV1ZoMVhyOVZlaU5vejBhMWdieFRqem1yS01tNHd4SHdOQjBZNUwKWXpuK2drbFJTNFBaSUdPcnVPcGxKQXd5elFHancyM2QxMHRPajZ0NkV3S0NBUUFQVDRCZGxsYVV4YmszOWFrdAppSFlrOWlTLzdDMTJoaWhDcCtLNEpWUCt3YUhXS1ViamNOUldaQ3M1bU90RUJlaHdMeTlwZE1zVzRtc1VXajRGCmRJd0l2TkJqK04rZWZqeUo1OGZTVWpKMG9qYnZHWjdYSmU0QWZtT1ZtTlpnWk01QkpHU3FjOWpDaGc1d0RRK2wKYWlUM2dvTDFXNGc5K0tQQXUzZXNFR2RiRWo4Skc3dWc3eU9mOEdXMFQxd2oxUHdUOFFCdEw1MWZJUXpudWlYTApQOWZ3OWNFbTM2RFg3Y2NGNUcxVmpsLzk5VFZ4dGF4cmJ4WGZOTk9XR2ozeGxzOVZrR2E5dkw1S0NtbE40MUZVCmRQaFBhT1pFSTVEWlVxUEkrSkRTWVFNKzNPcHNHVVM5Y3Z1QnRaWUV6b2VnY1lJUGVOS1FQaGg0MnlDRzFFQVEKWG5nWEFvSUJBRzlYS3hLNjFsS0UvSHlnSnFnemNQaXZneDI3Y2c3YWRxVEdoKzJMRjE0WnlBZFd0RTRDNUtUYgpoajlJMVJqS0dsQldGMzA2eVMwbWVUSkNLNzRwTDBmS2Y2TlduSTJoMndtQTZ5a2ovZzRSK2dyeTJhdFpFSmJKCkI2MXl2TTZnZk9kMk1VR2VTZW5hM3JGOTUxUFM0NmZMZTJJeS81V0MyOVQxMmowZlUzZ2RTQXlLWW0xMkxiY28KUXRrSFhXTFJqWnN3bzVmZ3oyYmxNUUo2WHJRdyt1c25UV3oxamFOcTl5VVQ2aC9TVkc2bHk0dWUrNERleCt3WQpySzlkRnlwbmQ4Y20wWnAwcUxFcnJkQjdWRElHWTJiQjZyejFxMkE0Q1NZQVVVa2FNWVNPZmNDQmNpY0M5V2h3Cis5eDdpVnZuRU50eDdiekhQUTIramVaNWI0RElqU1VDZ2dFQU5rdm4rQXBOcmo3ZFV0cis0S1ZDb0RvVkZlU0YKaU93WG53VytQZ0gwMU0zK0tvVG9EWi9YQVRaTVhueXZrRC80TW1GZVNZMnZIOERMSTFyczc4M0pSTVNYeW9BUgplNmxHWnE5WWJBUWtmYmthek83cm9nMkY0ajdkYXh1cXcrbkh3UmVKaGY1V25KUVM5QWo2NmRjRy9WZEh1ajQvCmNnZzd2N0RSYTFFQ3ozNEVJQ09QZFdGOEdMMFhJa09hN3Y1a0s4VWEzU3VrNTR5VjdpR21sY0xoM0NDQU5idUkKWE5ybjV4U2FKS1VCdlBIM20rTzZyaWdDRzhxWTMySnlhSUZEOHNjZ0lOMUJpYUtZMkdHaUJuSDc4MWQ2bVB4dQpDaE9SNk83RUFFYVc1V01MUjY1YlBhZllZNnlsWVVmbG0wRTJBSjB0YW1lSG1PeEpzb2t1Y28vUXhnPT0KLS0tLS1FTkQgUlNBIFBSSVZBVEUgS0VZLS0tLS0K\n    token: byg6qani1hxv9rn6eqvqk3b6dys1awmhx64csrvknhrlk5mvf8p04vwmz2brqk24zlwvepsvig8giec55hksp55r1n2id0l6h48zn6dcduoglc1q1dgm3fov0b7jqf0x\n",
            "kube_config": [],
            "kube_config_raw": "apiVersion: v1\nclusters:\n- cluster:\n    certificate-authority-data: LS0tLS1CRUdJTiBDRVJUSUZJQ0FURS0tLS0tCk1JSUU2VENDQXRHZ0F3SUJBZ0lSQU5XMGZ0QndNSjhud1ExeGgzRUl2dTh3RFFZSktvWklodmNOQVFFTEJRQXcKRFRFTE1Ba0dBMVVFQXhNQ1kyRXdJQmNOTWpNd05URTJNVEl6TURRNVdoZ1BNakExTXpBMU1UWXhNalF3TkRsYQpNQTB4Q3pBSkJnTlZCQU1UQW1OaE1JSUNJakFOQmdrcWhraUc5dzBCQVFFRkFBT0NBZzhBTUlJQ0NnS0NBZ0VBCjRJemNlTEtzK2c4aTM1dVJKVHBDa2xHUTBIdU1nZS9XVFZpYXJSQ1N5aWFvSWoyQS9rUXJQam1Fb2VuS2pqR1YKTVNPa0FlK2l4TnRxWHdUbUhJbFpKaUJyS1pqcGhoeWdhbVpBMjJtUTdYcFhQMUhpaloxMmYwZldnN0xlc2R3dQpJbEZLbzlwcjIzMURUdERCZ3lWY04rVnIxc3V5Q3hnTit3bC9BWHk3MVhZS0x6ekZCNTVCeFU0K0NEQS9XZDNLClY4WWl3djJCbE9OeGxZNnE0bzBpYlhSRlRVa25Udi9jV0RHS0duRGNHZ01EOFNDdlBsQlppVmtRUk5NZG5yd0kKL2p4NUJJQTVoOUViY0N0RGZ4b3IvWjZaRE1vN2JDVUE3endTZW9TajY3TWpka0RoejB5UnpiRXl5aktaM2JwRgowVnVKcm1FWGNSWW50bkIzWE1wajlkNDNTQ0VMVG0rTDFiazJlcVhqZVdWM1FyRkJobzc0aVhDTGV1UmptcSs1CmlORDB5MCtCa3RpWkVlNUw4bVN4QlBLVFI4clMvdFNFS0hNMzAwWGxXRTJaSytyNXVsSHVGSTd6Zkd1V2NUbEIKZklwUFZ3TG1RRTJlQTNhazR2UmNMdkc0NXgvakVqKzlDZHRlSVhKbUp5dVcrOVVGcXdnNkNqZFZ2RU9wVER5bApEWmU0c0ZtdWhjdFNGTFA0Ry9yY1Y5UUtzNGQ4R1ZuN2xSMTZwUHBZNlNGSU5INFlJS3g4d3Y5bDliMFo2SXpKCmt3Rm9KSEk4SVBqb3pqMUtlYlVxYnk0NnA4RURxb0hsdm1tM0V1WGF1V1M5czB5cjlUR2E0eDBtOC9XS3o4UncKVitzdzFpZUJScWc2N3pCMlJ0Z0VSWjl2VWhOVFQxLzA5ODdQRE5JaUNSMENBd0VBQWFOQ01FQXdEZ1lEVlIwUApBUUgvQkFRREFnS2tNQThHQTFVZEV3RUIvd1FGTUFNQkFmOHdIUVlEVlIwT0JCWUVGTjVlTXNMZW03YlBzUkp3Cnl4dk4xNUJDRFl0WU1BMEdDU3FHU0liM0RRRUJDd1VBQTRJQ0FRQkRhYzVDcU5WcVdXZjZraVloc3JrUDZYSUgKcmZTNS83aURSOHh0UVFIcFdGR2pMSm1KbDZCaGxQdE1GS0JlYUpsNDZtMlFRQ0pRYzBQZVNhbmZaS2tTSERGVApMWjJTSEZOUWk3ZytFYXRwL2ZnVlV4RURsY3BiM1BoQ3NQY2RpeTI4TWdZd1RaSUFEOGlWeGpyQjhSVFpvemdjCkI3RHdPVTkzbDlad0ZDdWdkRGlwSmIwaXdZWmwrU2tiTTIwVlZkQ056VEd4eUVIdFNBcDhyMFZzUGJkdXVZLysKT1pLSlZHQ0h1OFJpT0FZVFFtdnVMc3ZLKy9CZzhUS1VZZ243QzNjTGJHWGlGWnRwOThhYUU3Q1lXTUJGWVNQdgpLbkJJMUVONVRKWEJMdUhFdDdrajJMTVdkZmNHWXNFYnhqb1BwcjJ3NTJVOWxuM1JNS201VTkyWUZWc3Nyc3MwCisvZmpuTi94dzk2NE4ybmhleUdjdk9za21MejdTbERXZWlZa3Vnb0FWN0wzQ2Y5cU5nVkV6ZUVVU1c5Mkd1emkKbXJWTTc0akwvdUZQZ1NibW4rZGJSYm5PMEVVM2lsRnZoWUNSWHJKRTBMQjZFSmtZc1pGb214N0t4UzdoVGNkdwppai9HVTRGOUFteVRtM29wSkl0TkNHckxXdTNabUFyNHVXQXBIT0JIdng1TXJWVWxmUHpyRkJkTTZVU1dZL3hXClhZRG9DMk5SM3IvQVRlRlE4MWF6S1B3VDZkN2xkdDVaOENDbnFXNHFVbUE4d056T25CMXRuVFJxMXA4cmFLS2cKejhUTDB1cGgraDM5dFBsVEowSHlyRjlSbURJT1B1VnVNRkNoSm5yQ1N6dEZwMGozMnhIRytLb0tleHJVbjRoSQp2elhNVFFkUXZxNWpxQ2lCalE9PQotLS0tLUVORCBDRVJUSUZJQ0FURS0tLS0tCg==\n    server: https://contosoprodaks-hytvfayb.b4dddf83-bd27-408e-bbfa-327ff6c325ac.privatelink.eastus.azmk8s.io:443\n  name: ContosoProdAks\ncontexts:\n- context:\n    cluster: ContosoProdAks\n    user: clusterUser_ContosoProdRG_ContosoProdAks\n  name: ContosoProdAks\ncurrent-context: ContosoProdAks\nkind: Config\npreferences: {}\nusers:\n- name: clusterUser_ContosoProdRG_ContosoProdAks\n  user:\n    exec:\n      apiVersion: client.authentication.k8s.io/v1beta1\n      args:\n      - get-token\n      - --environment\n      - AzurePublicCloud\n      - --server-id\n      - 6dae42f8-4368-4678-94ff-3960e28e3630\n      - --client-id\n      - 80faf920-1908-4b52-b5ef-a8e7bedfc67a\n      - --tenant-id\n      - 4c6f1364-8db1-4e57-95ef-b3cf7dd7d4c9\n      - --login\n      - devicecode\n      command: kubelogin\n      env: null\n      provideClusterInfo: false\n",
            "kubelet_identity": [
              {
                "client_id": "c104234c-c137-48b5-904f-c0bf8516e9e0",
                "object_id": "21cf8766-7f4e-4389-aadf-62b83b378da2",
                "user_assigned_identity_id": "/subscriptions/1cfd9c12-2c35-4462-a5f4-75403af97042/resourceGroups/MC_ContosoProdRG_ContosoProdAks_eastus/providers/Microsoft.ManagedIdentity/userAssignedIdentities/ContosoProdAks-agentpool"
              }
            ],
            "kubernetes_version": "1.26.3",
            "linux_profile": [
              {
                "admin_username": "azadmin",
                "ssh_key": [
                  {
                    "key_data": "ssh-rsa AAAAB3NzaC1yc2EAAAADAQABAAABgQDw/tsp4smN8ELcGVsVOLHQoUaOleXpnPExF2LlEC0KxUeQiov9rFwV0/PPHzVnbXTVNtwwqAr9wQX8OuFGEUbuPAGrU6F7K0aSxh4IN9IiPqn5yh7ccFkCi5gu3sTs/mASxoJ7iMCHqYKCRSUqh+YaWZEdB4Hx2627OK/3QitJ3m1geEnbkJreYQFUp5Q2h9hcS6yTx+AR9Wgyosku8VpXJ/6QhYQY/z2cxe1MF8OaouY3zIv6mOuWRZhOlJC7ogxPe31sEiel13bnEh1cIPKXPPGrh0rjgrmptYmaBeszkPtJFLwhwTl1gjPrUpdijYm08eC5DxFksJqAg4uEWgQ38guiSTLi+MWQMNUMwAgA56c0H76dS5mIaVCgQcTbPa2dJO8+UUprFROuK5cLkPhxDO7VFQxIH9YEXqfh9vkhpPR4MeuDt7TC+wH/p75ZL9/4KLrKsuuTw8eZiiISyhCzhEzwc1MJk5Q3tEViQotdmoTSVBn/vJY/YvS3qP4Ys3U= rakesh@DESKTOP-CSSQDCL"
                  }
                ]
              }
            ],
            "location": "eastus",
            "name": "ContosoProdAks",
            "network_profile": [
              {
                "dns_service_ip": "10.2.0.10",
                "docker_bridge_cidr": "172.17.0.1/16",
                "load_balancer_profile": [
                  {
                    "effective_outbound_ips": [],
                    "idle_timeout_in_minutes": 0,
                    "managed_outbound_ip_count": 0,
                    "outbound_ip_address_ids": [],
                    "outbound_ip_prefix_ids": [],
                    "outbound_ports_allocated": 0
                  }
                ],
                "load_balancer_sku": "Standard",
                "network_mode": "",
                "network_plugin": "azure",
                "network_policy": "",
                "outbound_type": "userDefinedRouting",
                "pod_cidr": "",
                "service_cidr": "10.2.0.0/24"
              }
            ],
            "node_resource_group": "MC_ContosoProdRG_ContosoProdAks_eastus",
            "private_cluster_enabled": true,
            "private_dns_zone_id": "system",
            "private_fqdn": "contosoprodaks-hytvfayb.b4dddf83-bd27-408e-bbfa-327ff6c325ac.privatelink.eastus.azmk8s.io",
            "private_link_enabled": true,
            "resource_group_name": "ContosoProdRG",
            "role_based_access_control": [
              {
                "azure_active_directory": [
                  {
                    "admin_group_object_ids": [
                      "c30c50fb-40ba-4db7-8898-773c7e247b2e"
                    ],
                    "azure_rbac_enabled": true,
                    "client_app_id": "",
                    "managed": true,
                    "server_app_id": "",
                    "server_app_secret": "",
                    "tenant_id": "4c6f1364-8db1-4e57-95ef-b3cf7dd7d4c9"
                  }
                ],
                "enabled": true
              }
            ],
            "service_principal": [],
            "sku_tier": "Free",
            "tags": {},
            "timeouts": null,
            "windows_profile": [
              {
                "admin_password": "",
                "admin_username": "azureuser"
              }
            ]
          },
          "sensitive_attributes": [],
          "private": "eyJlMmJmYjczMC1lY2FhLTExZTYtOGY4OC0zNDM2M2JjN2M0YzAiOnsiY3JlYXRlIjo1NDAwMDAwMDAwMDAwLCJkZWxldGUiOjU0MDAwMDAwMDAwMDAsInJlYWQiOjMwMDAwMDAwMDAwMCwidXBkYXRlIjo1NDAwMDAwMDAwMDAwfX0=",
          "dependencies": [
            "azurerm_resource_group.rg",
            "data.azurerm_client_config.current",
            "module.aks_cluster.azurerm_user_assigned_identity.aks_identity",
            "module.aks_network.azurerm_subnet.subnet",
            "module.aks_network.azurerm_virtual_network.vnet",
            "module.firewall.azurerm_firewall.firewall",
            "module.firewall.azurerm_firewall_policy.policy",
            "module.firewall.azurerm_public_ip.pip",
            "module.hub_network.azurerm_subnet.subnet",
            "module.hub_network.azurerm_virtual_network.vnet",
            "module.log_analytics_workspace.azurerm_log_analytics_workspace.log_analytics_workspace",
            "module.routetable.azurerm_route_table.rt",
            "module.routetable.azurerm_subnet_route_table_association.subnet_association",
            "module.routetable.data.azurerm_client_config.current",
            "random_string.resource_suffix"
          ]
        }
      ]
    },
    {
      "module": "module.aks_cluster",
      "mode": "managed",
      "type": "azurerm_monitor_diagnostic_setting",
      "name": "settings",
      "provider": "provider[\"registry.terraform.io/hashicorp/azurerm\"]",
      "instances": [
        {
          "schema_version": 0,
          "attributes": {
            "eventhub_authorization_rule_id": "",
            "eventhub_name": "",
            "id": "/subscriptions/1cfd9c12-2c35-4462-a5f4-75403af97042/resourcegroups/ContosoProdRG/providers/Microsoft.ContainerService/managedClusters/ContosoProdAks|DiagnosticsSettings",
            "log": [
              {
                "category": "cluster-autoscaler",
                "enabled": true,
                "retention_policy": [
                  {
                    "days": 30,
                    "enabled": true
                  }
                ]
              },
              {
                "category": "guard",
                "enabled": true,
                "retention_policy": [
                  {
                    "days": 30,
                    "enabled": true
                  }
                ]
              },
              {
                "category": "kube-apiserver",
                "enabled": true,
                "retention_policy": [
                  {
                    "days": 30,
                    "enabled": true
                  }
                ]
              },
              {
                "category": "kube-audit",
                "enabled": true,
                "retention_policy": [
                  {
                    "days": 30,
                    "enabled": true
                  }
                ]
              },
              {
                "category": "kube-audit-admin",
                "enabled": true,
                "retention_policy": [
                  {
                    "days": 30,
                    "enabled": true
                  }
                ]
              },
              {
                "category": "kube-controller-manager",
                "enabled": true,
                "retention_policy": [
                  {
                    "days": 30,
                    "enabled": true
                  }
                ]
              },
              {
                "category": "kube-scheduler",
                "enabled": true,
                "retention_policy": [
                  {
                    "days": 30,
                    "enabled": true
                  }
                ]
              }
            ],
            "log_analytics_destination_type": "",
            "log_analytics_workspace_id": "/subscriptions/1cfd9c12-2c35-4462-a5f4-75403af97042/resourceGroups/ContosoProdRG/providers/Microsoft.OperationalInsights/workspaces/ContosoProdAksWorkspacehenilkeh",
            "metric": [
              {
                "category": "AllMetrics",
                "enabled": true,
                "retention_policy": [
                  {
                    "days": 30,
                    "enabled": true
                  }
                ]
              }
            ],
            "name": "DiagnosticsSettings",
            "storage_account_id": "",
            "target_resource_id": "/subscriptions/1cfd9c12-2c35-4462-a5f4-75403af97042/resourcegroups/ContosoProdRG/providers/Microsoft.ContainerService/managedClusters/ContosoProdAks",
            "timeouts": null
          },
          "sensitive_attributes": [],
          "private": "eyJlMmJmYjczMC1lY2FhLTExZTYtOGY4OC0zNDM2M2JjN2M0YzAiOnsiY3JlYXRlIjoxODAwMDAwMDAwMDAwLCJkZWxldGUiOjM2MDAwMDAwMDAwMDAsInJlYWQiOjMwMDAwMDAwMDAwMCwidXBkYXRlIjoxODAwMDAwMDAwMDAwfX0=",
          "dependencies": [
            "azurerm_resource_group.rg",
            "data.azurerm_client_config.current",
            "module.aks_cluster.azurerm_kubernetes_cluster.aks_cluster",
            "module.aks_network.azurerm_virtual_network.vnet",
            "module.firewall.azurerm_firewall.firewall",
            "module.log_analytics_workspace.azurerm_log_analytics_workspace.log_analytics_workspace",
            "module.routetable.azurerm_route_table.rt",
            "module.routetable.azurerm_subnet_route_table_association.subnet_association",
            "module.routetable.data.azurerm_client_config.current"
          ]
        }
      ]
    },
    {
      "module": "module.aks_cluster",
      "mode": "managed",
      "type": "azurerm_user_assigned_identity",
      "name": "aks_identity",
      "provider": "provider[\"registry.terraform.io/hashicorp/azurerm\"]",
      "instances": [
        {
          "schema_version": 1,
          "attributes": {
            "client_id": "14565de1-aca2-4036-8e0a-83765b3c58d7",
            "id": "/subscriptions/1cfd9c12-2c35-4462-a5f4-75403af97042/resourceGroups/ContosoProdRG/providers/Microsoft.ManagedIdentity/userAssignedIdentities/ContosoProdAksIdentity",
            "location": "eastus",
            "name": "ContosoProdAksIdentity",
            "principal_id": "e8937c8f-7184-40b6-beac-22b3ec07a582",
            "resource_group_name": "ContosoProdRG",
            "tags": {
              "createdWith": "Terraform"
            },
            "tenant_id": "4c6f1364-8db1-4e57-95ef-b3cf7dd7d4c9",
            "timeouts": null
          },
          "sensitive_attributes": [],
          "private": "eyJlMmJmYjczMC1lY2FhLTExZTYtOGY4OC0zNDM2M2JjN2M0YzAiOnsiY3JlYXRlIjoxODAwMDAwMDAwMDAwLCJkZWxldGUiOjE4MDAwMDAwMDAwMDAsInJlYWQiOjMwMDAwMDAwMDAwMCwidXBkYXRlIjoxODAwMDAwMDAwMDAwfSwic2NoZW1hX3ZlcnNpb24iOiIxIn0=",
          "dependencies": [
            "azurerm_resource_group.rg",
            "data.azurerm_client_config.current",
            "module.aks_network.azurerm_virtual_network.vnet",
            "module.firewall.azurerm_firewall.firewall",
            "module.firewall.azurerm_firewall_policy.policy",
            "module.firewall.azurerm_public_ip.pip",
            "module.hub_network.azurerm_subnet.subnet",
            "module.hub_network.azurerm_virtual_network.vnet",
            "module.routetable.azurerm_route_table.rt",
            "module.routetable.azurerm_subnet_route_table_association.subnet_association",
            "module.routetable.data.azurerm_client_config.current"
          ]
        }
      ]
    },
    {
      "module": "module.aks_network",
      "mode": "managed",
      "type": "azurerm_monitor_diagnostic_setting",
      "name": "settings",
      "provider": "provider[\"registry.terraform.io/hashicorp/azurerm\"]",
      "instances": [
        {
          "schema_version": 0,
          "attributes": {
            "eventhub_authorization_rule_id": "",
            "eventhub_name": "",
            "id": "/subscriptions/1cfd9c12-2c35-4462-a5f4-75403af97042/resourceGroups/ContosoProdRG/providers/Microsoft.Network/virtualNetworks/ContosoProdAksVNet|DiagnosticsSettings",
            "log": [
              {
                "category": "VMProtectionAlerts",
                "enabled": true,
                "retention_policy": [
                  {
                    "days": 30,
                    "enabled": true
                  }
                ]
              }
            ],
            "log_analytics_destination_type": "",
            "log_analytics_workspace_id": "/subscriptions/1cfd9c12-2c35-4462-a5f4-75403af97042/resourceGroups/ContosoProdRG/providers/Microsoft.OperationalInsights/workspaces/ContosoProdAksWorkspacehenilkeh",
            "metric": [
              {
                "category": "AllMetrics",
                "enabled": true,
                "retention_policy": [
                  {
                    "days": 30,
                    "enabled": true
                  }
                ]
              }
            ],
            "name": "DiagnosticsSettings",
            "storage_account_id": "",
            "target_resource_id": "/subscriptions/1cfd9c12-2c35-4462-a5f4-75403af97042/resourceGroups/ContosoProdRG/providers/Microsoft.Network/virtualNetworks/ContosoProdAksVNet",
            "timeouts": null
          },
          "sensitive_attributes": [],
          "private": "eyJlMmJmYjczMC1lY2FhLTExZTYtOGY4OC0zNDM2M2JjN2M0YzAiOnsiY3JlYXRlIjoxODAwMDAwMDAwMDAwLCJkZWxldGUiOjM2MDAwMDAwMDAwMDAsInJlYWQiOjMwMDAwMDAwMDAwMCwidXBkYXRlIjoxODAwMDAwMDAwMDAwfX0=",
          "dependencies": [
            "azurerm_resource_group.rg",
            "module.aks_network.azurerm_virtual_network.vnet",
            "module.log_analytics_workspace.azurerm_log_analytics_workspace.log_analytics_workspace",
            "random_string.resource_suffix"
          ]
        }
      ]
    },
    {
      "module": "module.aks_network",
      "mode": "managed",
      "type": "azurerm_subnet",
      "name": "subnet",
      "provider": "provider[\"registry.terraform.io/hashicorp/azurerm\"]",
      "instances": [
        {
          "index_key": "SystemSubnet",
          "schema_version": 0,
          "attributes": {
            "address_prefix": "10.0.0.0/21",
            "address_prefixes": [
              "10.0.0.0/21"
            ],
            "delegation": [],
            "enforce_private_link_endpoint_network_policies": true,
            "enforce_private_link_service_network_policies": false,
            "id": "/subscriptions/1cfd9c12-2c35-4462-a5f4-75403af97042/resourceGroups/ContosoProdRG/providers/Microsoft.Network/virtualNetworks/ContosoProdAksVNet/subnets/SystemSubnet",
            "name": "SystemSubnet",
            "resource_group_name": "ContosoProdRG",
            "service_endpoint_policy_ids": [],
            "service_endpoints": [],
            "timeouts": null,
            "virtual_network_name": "ContosoProdAksVNet"
          },
          "sensitive_attributes": [],
          "private": "eyJlMmJmYjczMC1lY2FhLTExZTYtOGY4OC0zNDM2M2JjN2M0YzAiOnsiY3JlYXRlIjoxODAwMDAwMDAwMDAwLCJkZWxldGUiOjE4MDAwMDAwMDAwMDAsInJlYWQiOjMwMDAwMDAwMDAwMCwidXBkYXRlIjoxODAwMDAwMDAwMDAwfX0=",
          "dependencies": [
            "azurerm_resource_group.rg",
            "module.aks_network.azurerm_virtual_network.vnet"
          ]
        },
        {
          "index_key": "UserSubnet",
          "schema_version": 0,
          "attributes": {
            "address_prefix": "10.0.16.0/20",
            "address_prefixes": [
              "10.0.16.0/20"
            ],
            "delegation": [],
            "enforce_private_link_endpoint_network_policies": true,
            "enforce_private_link_service_network_policies": false,
            "id": "/subscriptions/1cfd9c12-2c35-4462-a5f4-75403af97042/resourceGroups/ContosoProdRG/providers/Microsoft.Network/virtualNetworks/ContosoProdAksVNet/subnets/UserSubnet",
            "name": "UserSubnet",
            "resource_group_name": "ContosoProdRG",
            "service_endpoint_policy_ids": [],
            "service_endpoints": [],
            "timeouts": null,
            "virtual_network_name": "ContosoProdAksVNet"
          },
          "sensitive_attributes": [],
          "private": "eyJlMmJmYjczMC1lY2FhLTExZTYtOGY4OC0zNDM2M2JjN2M0YzAiOnsiY3JlYXRlIjoxODAwMDAwMDAwMDAwLCJkZWxldGUiOjE4MDAwMDAwMDAwMDAsInJlYWQiOjMwMDAwMDAwMDAwMCwidXBkYXRlIjoxODAwMDAwMDAwMDAwfX0=",
          "dependencies": [
            "azurerm_resource_group.rg",
            "module.aks_network.azurerm_virtual_network.vnet"
          ]
        },
        {
          "index_key": "VmSubnet",
          "schema_version": 0,
          "attributes": {
            "address_prefix": "10.0.8.0/21",
            "address_prefixes": [
              "10.0.8.0/21"
            ],
            "delegation": [],
            "enforce_private_link_endpoint_network_policies": true,
            "enforce_private_link_service_network_policies": false,
            "id": "/subscriptions/1cfd9c12-2c35-4462-a5f4-75403af97042/resourceGroups/ContosoProdRG/providers/Microsoft.Network/virtualNetworks/ContosoProdAksVNet/subnets/VmSubnet",
            "name": "VmSubnet",
            "resource_group_name": "ContosoProdRG",
            "service_endpoint_policy_ids": [],
            "service_endpoints": [],
            "timeouts": null,
            "virtual_network_name": "ContosoProdAksVNet"
          },
          "sensitive_attributes": [],
          "private": "eyJlMmJmYjczMC1lY2FhLTExZTYtOGY4OC0zNDM2M2JjN2M0YzAiOnsiY3JlYXRlIjoxODAwMDAwMDAwMDAwLCJkZWxldGUiOjE4MDAwMDAwMDAwMDAsInJlYWQiOjMwMDAwMDAwMDAwMCwidXBkYXRlIjoxODAwMDAwMDAwMDAwfX0=",
          "dependencies": [
            "azurerm_resource_group.rg",
            "module.aks_network.azurerm_virtual_network.vnet"
          ]
        }
      ]
    },
    {
      "module": "module.aks_network",
      "mode": "managed",
      "type": "azurerm_virtual_network",
      "name": "vnet",
      "provider": "provider[\"registry.terraform.io/hashicorp/azurerm\"]",
      "instances": [
        {
          "schema_version": 0,
          "attributes": {
            "address_space": [
              "10.0.0.0/16"
            ],
            "bgp_community": "",
            "ddos_protection_plan": [],
            "dns_servers": [],
            "guid": "85934a78-a2bc-4e8c-af67-a264fd745ece",
            "id": "/subscriptions/1cfd9c12-2c35-4462-a5f4-75403af97042/resourceGroups/ContosoProdRG/providers/Microsoft.Network/virtualNetworks/ContosoProdAksVNet",
            "location": "eastus",
            "name": "ContosoProdAksVNet",
            "resource_group_name": "ContosoProdRG",
            "subnet": [
              {
                "address_prefix": "10.0.0.0/21",
                "id": "/subscriptions/1cfd9c12-2c35-4462-a5f4-75403af97042/resourceGroups/ContosoProdRG/providers/Microsoft.Network/virtualNetworks/ContosoProdAksVNet/subnets/SystemSubnet",
                "name": "SystemSubnet",
                "security_group": ""
              },
              {
                "address_prefix": "10.0.16.0/20",
                "id": "/subscriptions/1cfd9c12-2c35-4462-a5f4-75403af97042/resourceGroups/ContosoProdRG/providers/Microsoft.Network/virtualNetworks/ContosoProdAksVNet/subnets/UserSubnet",
                "name": "UserSubnet",
                "security_group": ""
              },
              {
                "address_prefix": "10.0.8.0/21",
                "id": "/subscriptions/1cfd9c12-2c35-4462-a5f4-75403af97042/resourceGroups/ContosoProdRG/providers/Microsoft.Network/virtualNetworks/ContosoProdAksVNet/subnets/VmSubnet",
                "name": "VmSubnet",
                "security_group": ""
              }
            ],
            "tags": {},
            "timeouts": null,
            "vm_protection_enabled": false
          },
          "sensitive_attributes": [],
          "private": "eyJlMmJmYjczMC1lY2FhLTExZTYtOGY4OC0zNDM2M2JjN2M0YzAiOnsiY3JlYXRlIjoxODAwMDAwMDAwMDAwLCJkZWxldGUiOjE4MDAwMDAwMDAwMDAsInJlYWQiOjMwMDAwMDAwMDAwMCwidXBkYXRlIjoxODAwMDAwMDAwMDAwfX0=",
          "dependencies": [
            "azurerm_resource_group.rg"
          ]
        }
      ]
    },
    {
      "module": "module.bastion_host",
      "mode": "managed",
      "type": "azurerm_bastion_host",
      "name": "bastion_host",
      "provider": "provider[\"registry.terraform.io/hashicorp/azurerm\"]",
      "instances": [
        {
          "schema_version": 0,
          "attributes": {
            "dns_name": "bst-c34a63b4-7fb4-40af-a9ad-6f3fe908924e.bastion.azure.com",
            "id": "/subscriptions/1cfd9c12-2c35-4462-a5f4-75403af97042/resourceGroups/ContosoProdRG/providers/Microsoft.Network/bastionHosts/ContosoProdBastionHost",
            "ip_configuration": [
              {
                "name": "configuration",
                "public_ip_address_id": "/subscriptions/1cfd9c12-2c35-4462-a5f4-75403af97042/resourceGroups/ContosoProdRG/providers/Microsoft.Network/publicIPAddresses/ContosoProdBastionHostPublicIp",
                "subnet_id": "/subscriptions/1cfd9c12-2c35-4462-a5f4-75403af97042/resourceGroups/ContosoProdRG/providers/Microsoft.Network/virtualNetworks/ContosoProdHubVNet/subnets/AzureBastionSubnet"
              }
            ],
            "location": "eastus",
            "name": "ContosoProdBastionHost",
            "resource_group_name": "ContosoProdRG",
            "tags": {},
            "timeouts": null
          },
          "sensitive_attributes": [],
          "private": "eyJlMmJmYjczMC1lY2FhLTExZTYtOGY4OC0zNDM2M2JjN2M0YzAiOnsiY3JlYXRlIjoxODAwMDAwMDAwMDAwLCJkZWxldGUiOjE4MDAwMDAwMDAwMDAsInJlYWQiOjMwMDAwMDAwMDAwMCwidXBkYXRlIjoxODAwMDAwMDAwMDAwfX0=",
          "dependencies": [
            "azurerm_resource_group.rg",
            "module.bastion_host.azurerm_public_ip.public_ip",
            "module.hub_network.azurerm_subnet.subnet",
            "module.hub_network.azurerm_virtual_network.vnet"
          ]
        }
      ]
    },
    {
      "module": "module.bastion_host",
      "mode": "managed",
      "type": "azurerm_monitor_diagnostic_setting",
      "name": "pip_settings",
      "provider": "provider[\"registry.terraform.io/hashicorp/azurerm\"]",
      "instances": [
        {
          "schema_version": 0,
          "attributes": {
            "eventhub_authorization_rule_id": "",
            "eventhub_name": "",
            "id": "/subscriptions/1cfd9c12-2c35-4462-a5f4-75403af97042/resourceGroups/ContosoProdRG/providers/Microsoft.Network/publicIPAddresses/ContosoProdBastionHostPublicIp|DiagnosticsSettings",
            "log": [
              {
                "category": "DDoSMitigationFlowLogs",
                "enabled": true,
                "retention_policy": [
                  {
                    "days": 30,
                    "enabled": true
                  }
                ]
              },
              {
                "category": "DDoSMitigationReports",
                "enabled": true,
                "retention_policy": [
                  {
                    "days": 30,
                    "enabled": true
                  }
                ]
              },
              {
                "category": "DDoSProtectionNotifications",
                "enabled": true,
                "retention_policy": [
                  {
                    "days": 30,
                    "enabled": true
                  }
                ]
              }
            ],
            "log_analytics_destination_type": "",
            "log_analytics_workspace_id": "/subscriptions/1cfd9c12-2c35-4462-a5f4-75403af97042/resourceGroups/ContosoProdRG/providers/Microsoft.OperationalInsights/workspaces/ContosoProdAksWorkspacehenilkeh",
            "metric": [
              {
                "category": "AllMetrics",
                "enabled": true,
                "retention_policy": [
                  {
                    "days": 30,
                    "enabled": true
                  }
                ]
              }
            ],
            "name": "DiagnosticsSettings",
            "storage_account_id": "",
            "target_resource_id": "/subscriptions/1cfd9c12-2c35-4462-a5f4-75403af97042/resourceGroups/ContosoProdRG/providers/Microsoft.Network/publicIPAddresses/ContosoProdBastionHostPublicIp",
            "timeouts": null
          },
          "sensitive_attributes": [],
          "private": "eyJlMmJmYjczMC1lY2FhLTExZTYtOGY4OC0zNDM2M2JjN2M0YzAiOnsiY3JlYXRlIjoxODAwMDAwMDAwMDAwLCJkZWxldGUiOjM2MDAwMDAwMDAwMDAsInJlYWQiOjMwMDAwMDAwMDAwMCwidXBkYXRlIjoxODAwMDAwMDAwMDAwfX0=",
          "dependencies": [
            "azurerm_resource_group.rg",
            "module.bastion_host.azurerm_public_ip.public_ip",
            "module.log_analytics_workspace.azurerm_log_analytics_workspace.log_analytics_workspace",
            "random_string.resource_suffix"
          ]
        }
      ]
    },
    {
      "module": "module.bastion_host",
      "mode": "managed",
      "type": "azurerm_monitor_diagnostic_setting",
      "name": "settings",
      "provider": "provider[\"registry.terraform.io/hashicorp/azurerm\"]",
      "instances": [
        {
          "schema_version": 0,
          "attributes": {
            "eventhub_authorization_rule_id": "",
            "eventhub_name": "",
            "id": "/subscriptions/1cfd9c12-2c35-4462-a5f4-75403af97042/resourceGroups/ContosoProdRG/providers/Microsoft.Network/bastionHosts/ContosoProdBastionHost|DiagnosticsSettings",
            "log": [
              {
                "category": "BastionAuditLogs",
                "enabled": true,
                "retention_policy": [
                  {
                    "days": 30,
                    "enabled": true
                  }
                ]
              }
            ],
            "log_analytics_destination_type": "",
            "log_analytics_workspace_id": "/subscriptions/1cfd9c12-2c35-4462-a5f4-75403af97042/resourceGroups/ContosoProdRG/providers/Microsoft.OperationalInsights/workspaces/ContosoProdAksWorkspacehenilkeh",
            "metric": [
              {
                "category": "AllMetrics",
                "enabled": true,
                "retention_policy": [
                  {
                    "days": 30,
                    "enabled": true
                  }
                ]
              }
            ],
            "name": "DiagnosticsSettings",
            "storage_account_id": "",
            "target_resource_id": "/subscriptions/1cfd9c12-2c35-4462-a5f4-75403af97042/resourceGroups/ContosoProdRG/providers/Microsoft.Network/bastionHosts/ContosoProdBastionHost",
            "timeouts": null
          },
          "sensitive_attributes": [],
          "private": "eyJlMmJmYjczMC1lY2FhLTExZTYtOGY4OC0zNDM2M2JjN2M0YzAiOnsiY3JlYXRlIjoxODAwMDAwMDAwMDAwLCJkZWxldGUiOjM2MDAwMDAwMDAwMDAsInJlYWQiOjMwMDAwMDAwMDAwMCwidXBkYXRlIjoxODAwMDAwMDAwMDAwfX0=",
          "dependencies": [
            "azurerm_resource_group.rg",
            "module.bastion_host.azurerm_bastion_host.bastion_host",
            "module.bastion_host.azurerm_public_ip.public_ip",
            "module.hub_network.azurerm_subnet.subnet",
            "module.hub_network.azurerm_virtual_network.vnet",
            "module.log_analytics_workspace.azurerm_log_analytics_workspace.log_analytics_workspace",
            "random_string.resource_suffix"
          ]
        }
      ]
    },
    {
      "module": "module.bastion_host",
      "mode": "managed",
      "type": "azurerm_public_ip",
      "name": "public_ip",
      "provider": "provider[\"registry.terraform.io/hashicorp/azurerm\"]",
      "instances": [
        {
          "schema_version": 0,
          "attributes": {
            "allocation_method": "Static",
            "domain_name_label": null,
            "fqdn": null,
            "id": "/subscriptions/1cfd9c12-2c35-4462-a5f4-75403af97042/resourceGroups/ContosoProdRG/providers/Microsoft.Network/publicIPAddresses/ContosoProdBastionHostPublicIp",
            "idle_timeout_in_minutes": 4,
            "ip_address": "20.242.207.219",
            "ip_tags": {},
            "ip_version": "IPv4",
            "location": "eastus",
            "name": "ContosoProdBastionHostPublicIp",
            "public_ip_prefix_id": null,
            "resource_group_name": "ContosoProdRG",
            "reverse_fqdn": null,
            "sku": "Standard",
            "tags": {},
            "timeouts": null,
            "zones": []
          },
          "sensitive_attributes": [],
          "private": "eyJlMmJmYjczMC1lY2FhLTExZTYtOGY4OC0zNDM2M2JjN2M0YzAiOnsiY3JlYXRlIjoxODAwMDAwMDAwMDAwLCJkZWxldGUiOjE4MDAwMDAwMDAwMDAsInJlYWQiOjMwMDAwMDAwMDAwMCwidXBkYXRlIjoxODAwMDAwMDAwMDAwfX0=",
          "dependencies": [
            "azurerm_resource_group.rg"
          ]
        }
      ]
    },
    {
      "module": "module.blob_private_dns_zone",
      "mode": "managed",
      "type": "azurerm_private_dns_zone",
      "name": "private_dns_zone",
      "provider": "provider[\"registry.terraform.io/hashicorp/azurerm\"]",
      "instances": [
        {
          "schema_version": 0,
          "attributes": {
            "id": "/subscriptions/1cfd9c12-2c35-4462-a5f4-75403af97042/resourceGroups/ContosoProdRG/providers/Microsoft.Network/privateDnsZones/privatelink.blob.core.windows.net",
            "max_number_of_record_sets": 25000,
            "max_number_of_virtual_network_links": 1000,
            "max_number_of_virtual_network_links_with_registration": 100,
            "name": "privatelink.blob.core.windows.net",
            "number_of_record_sets": 2,
            "resource_group_name": "ContosoProdRG",
            "soa_record": [
              {
                "email": "azureprivatedns-host.microsoft.com",
                "expire_time": 2419200,
                "fqdn": "privatelink.blob.core.windows.net.",
                "host_name": "azureprivatedns.net",
                "minimum_ttl": 10,
                "refresh_time": 3600,
                "retry_time": 300,
                "serial_number": 1,
                "tags": {},
                "ttl": 3600
              }
            ],
            "tags": {},
            "timeouts": null
          },
          "sensitive_attributes": [],
          "private": "eyJlMmJmYjczMC1lY2FhLTExZTYtOGY4OC0zNDM2M2JjN2M0YzAiOnsiY3JlYXRlIjoxODAwMDAwMDAwMDAwLCJkZWxldGUiOjE4MDAwMDAwMDAwMDAsInJlYWQiOjMwMDAwMDAwMDAwMCwidXBkYXRlIjoxODAwMDAwMDAwMDAwfX0=",
          "dependencies": [
            "azurerm_resource_group.rg"
          ]
        }
      ]
    },
    {
      "module": "module.blob_private_dns_zone",
      "mode": "managed",
      "type": "azurerm_private_dns_zone_virtual_network_link",
      "name": "link",
      "provider": "provider[\"registry.terraform.io/hashicorp/azurerm\"]",
      "instances": [
        {
          "index_key": "ContosoProdAksVNet",
          "schema_version": 0,
          "attributes": {
            "id": "/subscriptions/1cfd9c12-2c35-4462-a5f4-75403af97042/resourceGroups/ContosoProdRG/providers/Microsoft.Network/privateDnsZones/privatelink.blob.core.windows.net/virtualNetworkLinks/link_to_contosoprodaksvnet",
            "name": "link_to_contosoprodaksvnet",
            "private_dns_zone_name": "privatelink.blob.core.windows.net",
            "registration_enabled": false,
            "resource_group_name": "ContosoProdRG",
            "tags": {},
            "timeouts": null,
            "virtual_network_id": "/subscriptions/1cfd9c12-2c35-4462-a5f4-75403af97042/resourceGroups/ContosoProdRG/providers/Microsoft.Network/virtualNetworks/ContosoProdAksVNet"
          },
          "sensitive_attributes": [],
          "private": "eyJlMmJmYjczMC1lY2FhLTExZTYtOGY4OC0zNDM2M2JjN2M0YzAiOnsiY3JlYXRlIjoxODAwMDAwMDAwMDAwLCJkZWxldGUiOjE4MDAwMDAwMDAwMDAsInJlYWQiOjMwMDAwMDAwMDAwMCwidXBkYXRlIjoxODAwMDAwMDAwMDAwfX0=",
          "dependencies": [
            "azurerm_resource_group.rg",
            "data.azurerm_client_config.current",
            "module.aks_network.azurerm_virtual_network.vnet",
            "module.blob_private_dns_zone.azurerm_private_dns_zone.private_dns_zone",
            "module.hub_network.azurerm_virtual_network.vnet"
          ]
        },
        {
          "index_key": "ContosoProdHubVNet",
          "schema_version": 0,
          "attributes": {
            "id": "/subscriptions/1cfd9c12-2c35-4462-a5f4-75403af97042/resourceGroups/ContosoProdRG/providers/Microsoft.Network/privateDnsZones/privatelink.blob.core.windows.net/virtualNetworkLinks/link_to_contosoprodhubvnet",
            "name": "link_to_contosoprodhubvnet",
            "private_dns_zone_name": "privatelink.blob.core.windows.net",
            "registration_enabled": false,
            "resource_group_name": "ContosoProdRG",
            "tags": {},
            "timeouts": null,
            "virtual_network_id": "/subscriptions/1cfd9c12-2c35-4462-a5f4-75403af97042/resourceGroups/ContosoProdRG/providers/Microsoft.Network/virtualNetworks/ContosoProdHubVNet"
          },
          "sensitive_attributes": [],
          "private": "eyJlMmJmYjczMC1lY2FhLTExZTYtOGY4OC0zNDM2M2JjN2M0YzAiOnsiY3JlYXRlIjoxODAwMDAwMDAwMDAwLCJkZWxldGUiOjE4MDAwMDAwMDAwMDAsInJlYWQiOjMwMDAwMDAwMDAwMCwidXBkYXRlIjoxODAwMDAwMDAwMDAwfX0=",
          "dependencies": [
            "azurerm_resource_group.rg",
            "data.azurerm_client_config.current",
            "module.aks_network.azurerm_virtual_network.vnet",
            "module.blob_private_dns_zone.azurerm_private_dns_zone.private_dns_zone",
            "module.hub_network.azurerm_virtual_network.vnet"
          ]
        }
      ]
    },
    {
      "module": "module.blob_private_endpoint",
      "mode": "managed",
      "type": "azurerm_private_endpoint",
      "name": "private_endpoint",
      "provider": "provider[\"registry.terraform.io/hashicorp/azurerm\"]",
      "instances": [
        {
          "schema_version": 0,
          "attributes": {
            "custom_dns_configs": [],
            "id": "/subscriptions/1cfd9c12-2c35-4462-a5f4-75403af97042/resourceGroups/ContosoProdRG/providers/Microsoft.Network/privateEndpoints/BoothenilkehPrivateEndpoint",
            "location": "eastus",
            "name": "BoothenilkehPrivateEndpoint",
            "private_dns_zone_configs": [
              {
                "id": "/subscriptions/1cfd9c12-2c35-4462-a5f4-75403af97042/resourceGroups/ContosoProdRG/providers/Microsoft.Network/privateEndpoints/BoothenilkehPrivateEndpoint/privateDnsZoneGroups/BlobPrivateDnsZoneGroup/privateDnsZoneConfigs/privatelink.blob.core.windows.net",
                "name": "privatelink.blob.core.windows.net",
                "private_dns_zone_id": "/subscriptions/1cfd9c12-2c35-4462-a5f4-75403af97042/resourceGroups/ContosoProdRG/providers/Microsoft.Network/privateDnsZones/privatelink.blob.core.windows.net",
                "record_sets": [
                  {
                    "fqdn": "boothenilkeh.privatelink.blob.core.windows.net",
                    "ip_addresses": [
                      "10.0.8.5"
                    ],
                    "name": "boothenilkeh",
                    "ttl": 10,
                    "type": "A"
                  }
                ]
              }
            ],
            "private_dns_zone_group": [
              {
                "id": "/subscriptions/1cfd9c12-2c35-4462-a5f4-75403af97042/resourceGroups/ContosoProdRG/providers/Microsoft.Network/privateEndpoints/BoothenilkehPrivateEndpoint/privateDnsZoneGroups/BlobPrivateDnsZoneGroup",
                "name": "BlobPrivateDnsZoneGroup",
                "private_dns_zone_ids": [
                  "/subscriptions/1cfd9c12-2c35-4462-a5f4-75403af97042/resourceGroups/ContosoProdRG/providers/Microsoft.Network/privateDnsZones/privatelink.blob.core.windows.net"
                ]
              }
            ],
            "private_service_connection": [
              {
                "is_manual_connection": false,
                "name": "BoothenilkehPrivateEndpointConnection",
                "private_connection_resource_alias": "",
                "private_connection_resource_id": "/subscriptions/1cfd9c12-2c35-4462-a5f4-75403af97042/resourceGroups/ContosoProdRG/providers/Microsoft.Storage/storageAccounts/boothenilkeh",
                "private_ip_address": "10.0.8.5",
                "request_message": "",
                "subresource_names": [
                  "blob"
                ]
              }
            ],
            "resource_group_name": "ContosoProdRG",
            "subnet_id": "/subscriptions/1cfd9c12-2c35-4462-a5f4-75403af97042/resourceGroups/ContosoProdRG/providers/Microsoft.Network/virtualNetworks/ContosoProdAksVNet/subnets/VmSubnet",
            "tags": {
              "createdWith": "Terraform"
            },
            "timeouts": null
          },
          "sensitive_attributes": [],
          "private": "eyJlMmJmYjczMC1lY2FhLTExZTYtOGY4OC0zNDM2M2JjN2M0YzAiOnsiY3JlYXRlIjozNjAwMDAwMDAwMDAwLCJkZWxldGUiOjM2MDAwMDAwMDAwMDAsInJlYWQiOjMwMDAwMDAwMDAwMCwidXBkYXRlIjozNjAwMDAwMDAwMDAwfX0=",
          "dependencies": [
            "azurerm_resource_group.rg",
            "module.aks_network.azurerm_subnet.subnet",
            "module.aks_network.azurerm_virtual_network.vnet",
            "module.blob_private_dns_zone.azurerm_private_dns_zone.private_dns_zone",
            "module.storage_account.azurerm_storage_account.storage_account",
            "random_string.resource_suffix"
          ]
        }
      ]
    },
    {
      "module": "module.container_registry",
      "mode": "managed",
      "type": "azurerm_container_registry",
      "name": "acr",
      "provider": "provider[\"registry.terraform.io/hashicorp/azurerm\"]",
      "instances": [
        {
          "schema_version": 2,
          "attributes": {
            "admin_enabled": true,
            "admin_password": "VhlSc0QHvieCbJLJaMP+7jyNngX4G6A9yy80tbQ0A/+ACRCU4jXZ",
            "admin_username": "ContosoProdAcrhenilkeh",
            "encryption": [
              {
                "enabled": false,
                "identity_client_id": "",
                "key_vault_key_id": ""
              }
            ],
            "georeplication_locations": [],
            "georeplications": [],
            "id": "/subscriptions/1cfd9c12-2c35-4462-a5f4-75403af97042/resourceGroups/ContosoProdRG/providers/Microsoft.ContainerRegistry/registries/ContosoProdAcrhenilkeh",
            "identity": [
              {
                "identity_ids": [
                  "/subscriptions/1cfd9c12-2c35-4462-a5f4-75403af97042/resourceGroups/ContosoProdRG/providers/Microsoft.ManagedIdentity/userAssignedIdentities/ContosoProdAcrhenilkehIdentity"
                ],
                "principal_id": "",
                "type": "userAssigned"
              }
            ],
            "location": "eastus",
            "login_server": "contosoprodacrhenilkeh.azurecr.io",
            "name": "ContosoProdAcrhenilkeh",
            "network_rule_set": [
              {
                "default_action": "Allow",
                "ip_rule": [],
                "virtual_network": []
              }
            ],
            "public_network_access_enabled": true,
            "quarantine_policy_enabled": false,
            "resource_group_name": "ContosoProdRG",
            "retention_policy": [
              {
                "days": 7,
                "enabled": false
              }
            ],
            "sku": "Premium",
            "storage_account_id": null,
            "tags": {},
            "timeouts": null,
            "trust_policy": [
              {
                "enabled": false
              }
            ]
          },
          "sensitive_attributes": [],
          "private": "eyJlMmJmYjczMC1lY2FhLTExZTYtOGY4OC0zNDM2M2JjN2M0YzAiOnsiY3JlYXRlIjoxODAwMDAwMDAwMDAwLCJkZWxldGUiOjE4MDAwMDAwMDAwMDAsInJlYWQiOjMwMDAwMDAwMDAwMCwidXBkYXRlIjoxODAwMDAwMDAwMDAwfSwic2NoZW1hX3ZlcnNpb24iOiIyIn0=",
          "dependencies": [
            "azurerm_resource_group.rg",
            "module.container_registry.azurerm_user_assigned_identity.acr_identity",
            "random_string.resource_suffix"
          ]
        }
      ]
    },
    {
      "module": "module.container_registry",
      "mode": "managed",
      "type": "azurerm_monitor_diagnostic_setting",
      "name": "settings",
      "provider": "provider[\"registry.terraform.io/hashicorp/azurerm\"]",
      "instances": [
        {
          "schema_version": 0,
          "attributes": {
            "eventhub_authorization_rule_id": "",
            "eventhub_name": "",
            "id": "/subscriptions/1cfd9c12-2c35-4462-a5f4-75403af97042/resourceGroups/ContosoProdRG/providers/Microsoft.ContainerRegistry/registries/ContosoProdAcrhenilkeh|DiagnosticsSettings",
            "log": [
              {
                "category": "ContainerRegistryLoginEvents",
                "enabled": true,
                "retention_policy": [
                  {
                    "days": 30,
                    "enabled": true
                  }
                ]
              },
              {
                "category": "ContainerRegistryRepositoryEvents",
                "enabled": true,
                "retention_policy": [
                  {
                    "days": 30,
                    "enabled": true
                  }
                ]
              }
            ],
            "log_analytics_destination_type": "",
            "log_analytics_workspace_id": "/subscriptions/1cfd9c12-2c35-4462-a5f4-75403af97042/resourceGroups/ContosoProdRG/providers/Microsoft.OperationalInsights/workspaces/ContosoProdAksWorkspacehenilkeh",
            "metric": [
              {
                "category": "AllMetrics",
                "enabled": true,
                "retention_policy": [
                  {
                    "days": 30,
                    "enabled": true
                  }
                ]
              }
            ],
            "name": "DiagnosticsSettings",
            "storage_account_id": "",
            "target_resource_id": "/subscriptions/1cfd9c12-2c35-4462-a5f4-75403af97042/resourceGroups/ContosoProdRG/providers/Microsoft.ContainerRegistry/registries/ContosoProdAcrhenilkeh",
            "timeouts": null
          },
          "sensitive_attributes": [],
          "private": "eyJlMmJmYjczMC1lY2FhLTExZTYtOGY4OC0zNDM2M2JjN2M0YzAiOnsiY3JlYXRlIjoxODAwMDAwMDAwMDAwLCJkZWxldGUiOjM2MDAwMDAwMDAwMDAsInJlYWQiOjMwMDAwMDAwMDAwMCwidXBkYXRlIjoxODAwMDAwMDAwMDAwfX0=",
          "dependencies": [
            "azurerm_resource_group.rg",
            "module.container_registry.azurerm_container_registry.acr",
            "module.container_registry.azurerm_user_assigned_identity.acr_identity",
            "module.log_analytics_workspace.azurerm_log_analytics_workspace.log_analytics_workspace",
            "random_string.resource_suffix"
          ]
        }
      ]
    },
    {
      "module": "module.container_registry",
      "mode": "managed",
      "type": "azurerm_user_assigned_identity",
      "name": "acr_identity",
      "provider": "provider[\"registry.terraform.io/hashicorp/azurerm\"]",
      "instances": [
        {
          "schema_version": 1,
          "attributes": {
            "client_id": "16d47714-a153-4f77-8d24-00ead9171a35",
            "id": "/subscriptions/1cfd9c12-2c35-4462-a5f4-75403af97042/resourceGroups/ContosoProdRG/providers/Microsoft.ManagedIdentity/userAssignedIdentities/ContosoProdAcrhenilkehIdentity",
            "location": "eastus",
            "name": "ContosoProdAcrhenilkehIdentity",
            "principal_id": "bc020beb-4390-44cd-bfe8-da0b9c549588",
            "resource_group_name": "ContosoProdRG",
            "tags": {},
            "tenant_id": "4c6f1364-8db1-4e57-95ef-b3cf7dd7d4c9",
            "timeouts": null
          },
          "sensitive_attributes": [],
          "private": "eyJlMmJmYjczMC1lY2FhLTExZTYtOGY4OC0zNDM2M2JjN2M0YzAiOnsiY3JlYXRlIjoxODAwMDAwMDAwMDAwLCJkZWxldGUiOjE4MDAwMDAwMDAwMDAsInJlYWQiOjMwMDAwMDAwMDAwMCwidXBkYXRlIjoxODAwMDAwMDAwMDAwfSwic2NoZW1hX3ZlcnNpb24iOiIxIn0=",
          "dependencies": [
            "azurerm_resource_group.rg",
            "random_string.resource_suffix"
          ]
        }
      ]
    },
    {
      "module": "module.firewall",
      "mode": "managed",
      "type": "azurerm_firewall",
      "name": "firewall",
      "provider": "provider[\"registry.terraform.io/hashicorp/azurerm\"]",
      "instances": [
        {
          "schema_version": 0,
          "attributes": {
            "dns_servers": [],
            "firewall_policy_id": "/subscriptions/1cfd9c12-2c35-4462-a5f4-75403af97042/resourceGroups/ContosoProdRG/providers/Microsoft.Network/firewallPolicies/ContosoProdFirewallPolicy",
            "id": "/subscriptions/1cfd9c12-2c35-4462-a5f4-75403af97042/resourceGroups/ContosoProdRG/providers/Microsoft.Network/azureFirewalls/ContosoProdFirewall",
            "ip_configuration": [
              {
                "name": "fw_ip_config",
                "private_ip_address": "10.1.0.4",
                "public_ip_address_id": "/subscriptions/1cfd9c12-2c35-4462-a5f4-75403af97042/resourceGroups/ContosoProdRG/providers/Microsoft.Network/publicIPAddresses/ContosoProdFirewallPublicIp",
                "subnet_id": "/subscriptions/1cfd9c12-2c35-4462-a5f4-75403af97042/resourceGroups/ContosoProdRG/providers/Microsoft.Network/virtualNetworks/ContosoProdHubVNet/subnets/AzureFirewallSubnet"
              }
            ],
            "location": "eastus",
            "management_ip_configuration": [],
            "name": "ContosoProdFirewall",
            "private_ip_ranges": [],
            "resource_group_name": "ContosoProdRG",
            "sku_name": "AZFW_VNet",
            "sku_tier": "Standard",
            "tags": {},
            "threat_intel_mode": "Alert",
            "timeouts": null,
            "virtual_hub": [],
            "zones": [
              "1",
              "2",
              "3"
            ]
          },
          "sensitive_attributes": [],
          "private": "eyJlMmJmYjczMC1lY2FhLTExZTYtOGY4OC0zNDM2M2JjN2M0YzAiOnsiY3JlYXRlIjo1NDAwMDAwMDAwMDAwLCJkZWxldGUiOjU0MDAwMDAwMDAwMDAsInJlYWQiOjMwMDAwMDAwMDAwMCwidXBkYXRlIjo1NDAwMDAwMDAwMDAwfX0=",
          "dependencies": [
            "azurerm_resource_group.rg",
            "module.firewall.azurerm_firewall_policy.policy",
            "module.firewall.azurerm_public_ip.pip",
            "module.hub_network.azurerm_subnet.subnet",
            "module.hub_network.azurerm_virtual_network.vnet"
          ]
        }
      ]
    },
    {
      "module": "module.firewall",
      "mode": "managed",
      "type": "azurerm_firewall_policy",
      "name": "policy",
      "provider": "provider[\"registry.terraform.io/hashicorp/azurerm\"]",
      "instances": [
        {
          "schema_version": 0,
          "attributes": {
            "base_policy_id": "",
            "child_policies": [],
            "dns": [],
            "firewalls": [
              "/subscriptions/1cfd9c12-2c35-4462-a5f4-75403af97042/resourceGroups/ContosoProdRG/providers/Microsoft.Network/azureFirewalls/ContosoProdFirewall"
            ],
            "id": "/subscriptions/1cfd9c12-2c35-4462-a5f4-75403af97042/resourceGroups/ContosoProdRG/providers/Microsoft.Network/firewallPolicies/ContosoProdFirewallPolicy",
            "location": "eastus",
            "name": "ContosoProdFirewallPolicy",
            "resource_group_name": "ContosoProdRG",
            "rule_collection_groups": [
              "/subscriptions/1cfd9c12-2c35-4462-a5f4-75403af97042/resourceGroups/ContosoProdRG/providers/Microsoft.Network/firewallPolicies/ContosoProdFirewallPolicy/ruleCollectionGroups/AksEgressPolicyRuleCollectionGroup"
            ],
            "sku": "Standard",
            "tags": {},
            "threat_intelligence_allowlist": [],
            "threat_intelligence_mode": "Alert",
            "timeouts": null
          },
          "sensitive_attributes": [],
          "private": "eyJlMmJmYjczMC1lY2FhLTExZTYtOGY4OC0zNDM2M2JjN2M0YzAiOnsiY3JlYXRlIjoxODAwMDAwMDAwMDAwLCJkZWxldGUiOjE4MDAwMDAwMDAwMDAsInJlYWQiOjMwMDAwMDAwMDAwMCwidXBkYXRlIjoxODAwMDAwMDAwMDAwfX0=",
          "dependencies": [
            "azurerm_resource_group.rg"
          ]
        }
      ]
    },
    {
      "module": "module.firewall",
      "mode": "managed",
      "type": "azurerm_firewall_policy_rule_collection_group",
      "name": "policy",
      "provider": "provider[\"registry.terraform.io/hashicorp/azurerm\"]",
      "instances": [
        {
          "schema_version": 0,
          "attributes": {
            "application_rule_collection": [
              {
                "action": "Allow",
                "name": "ApplicationRules",
                "priority": 500,
                "rule": [
                  {
                    "destination_fqdn_tags": [],
                    "destination_fqdns": [
                      "*.bing.com"
                    ],
                    "name": "AllowBing",
                    "protocols": [
                      {
                        "port": 443,
                        "type": "Https"
                      },
                      {
                        "port": 80,
                        "type": "Http"
                      }
                    ],
                    "source_addresses": [
                      "*"
                    ],
                    "source_ip_groups": []
                  },
                  {
                    "destination_fqdn_tags": [],
                    "destination_fqdns": [
                      "*.cdn.mscr.io",
                      "*.data.mcr.microsoft.com",
                      "*.microsoftonline.com",
                      "*.monitoring.azure.com",
                      "*.oms.opinsights.azure.com",
                      "*.opinsights.azure.com",
                      "acs-mirror.azureedge.net",
                      "dc.services.visualstudio.com",
                      "login.microsoftonline.com",
                      "management.azure.com",
                      "mcr.microsoft.com"
                    ],
                    "name": "AllowMicrosoftFqdns",
                    "protocols": [
                      {
                        "port": 443,
                        "type": "Https"
                      },
                      {
                        "port": 80,
                        "type": "Http"
                      }
                    ],
                    "source_addresses": [
                      "*"
                    ],
                    "source_ip_groups": []
                  },
                  {
                    "destination_fqdn_tags": [],
                    "destination_fqdns": [
                      "*.google.com"
                    ],
                    "name": "AllowGoogle",
                    "protocols": [
                      {
                        "port": 443,
                        "type": "Https"
                      },
                      {
                        "port": 80,
                        "type": "Http"
                      }
                    ],
                    "source_addresses": [
                      "*"
                    ],
                    "source_ip_groups": []
                  },
                  {
                    "destination_fqdn_tags": [],
                    "destination_fqdns": [
                      "auth.docker.io",
                      "production.cloudflare.docker.com",
                      "registry-1.docker.io"
                    ],
                    "name": "AllowImagesFqdns",
                    "protocols": [
                      {
                        "port": 443,
                        "type": "Https"
                      },
                      {
                        "port": 80,
                        "type": "Http"
                      }
                    ],
                    "source_addresses": [
                      "*"
                    ],
                    "source_ip_groups": []
                  },
                  {
                    "destination_fqdn_tags": [],
                    "destination_fqdns": [
                      "download.opensuse.org",
                      "ntp.ubuntu.com",
                      "packages.microsoft.com",
                      "security.ubuntu.com",
                      "snapcraft.io"
                    ],
                    "name": "AllowFqdnsForOsUpdates",
                    "protocols": [
                      {
                        "port": 443,
                        "type": "Https"
                      },
                      {
                        "port": 80,
                        "type": "Http"
                      }
                    ],
                    "source_addresses": [
                      "*"
                    ],
                    "source_ip_groups": []
                  }
                ]
              }
            ],
            "firewall_policy_id": "/subscriptions/1cfd9c12-2c35-4462-a5f4-75403af97042/resourceGroups/ContosoProdRG/providers/Microsoft.Network/firewallPolicies/ContosoProdFirewallPolicy",
            "id": "/subscriptions/1cfd9c12-2c35-4462-a5f4-75403af97042/resourceGroups/ContosoProdRG/providers/Microsoft.Network/firewallPolicies/ContosoProdFirewallPolicy/ruleCollectionGroups/AksEgressPolicyRuleCollectionGroup",
            "name": "AksEgressPolicyRuleCollectionGroup",
            "nat_rule_collection": [],
            "network_rule_collection": [
              {
                "action": "Allow",
                "name": "NetworkRules",
                "priority": 400,
                "rule": [
                  {
                    "destination_addresses": [
                      "*"
                    ],
                    "destination_fqdns": [],
                    "destination_ip_groups": [],
                    "destination_ports": [
                      "*"
                    ],
                    "name": "Internet",
                    "protocols": [
                      "TCP"
                    ],
                    "source_addresses": [
                      "*"
                    ],
                    "source_ip_groups": []
                  },
                  {
                    "destination_addresses": [
                      "*"
                    ],
                    "destination_fqdns": [],
                    "destination_ip_groups": [],
                    "destination_ports": [
                      "123"
                    ],
                    "name": "Time",
                    "protocols": [
                      "UDP"
                    ],
                    "source_addresses": [
                      "*"
                    ],
                    "source_ip_groups": []
                  },
                  {
                    "destination_addresses": [
                      "*"
                    ],
                    "destination_fqdns": [],
                    "destination_ip_groups": [],
                    "destination_ports": [
                      "53"
                    ],
                    "name": "DNS",
                    "protocols": [
                      "UDP"
                    ],
                    "source_addresses": [
                      "*"
                    ],
                    "source_ip_groups": []
                  },
                  {
                    "destination_addresses": [
                      "AzureActiveDirectory",
                      "AzureContainerRegistry",
                      "MicrosoftContainerRegistry"
                    ],
                    "destination_fqdns": [],
                    "destination_ip_groups": [],
                    "destination_ports": [
                      "*"
                    ],
                    "name": "ServiceTags",
                    "protocols": [
                      "Any"
                    ],
                    "source_addresses": [
                      "*"
                    ],
                    "source_ip_groups": []
                  }
                ]
              }
            ],
            "priority": 500,
            "timeouts": null
          },
          "sensitive_attributes": [],
          "private": "eyJlMmJmYjczMC1lY2FhLTExZTYtOGY4OC0zNDM2M2JjN2M0YzAiOnsiY3JlYXRlIjoxODAwMDAwMDAwMDAwLCJkZWxldGUiOjE4MDAwMDAwMDAwMDAsInJlYWQiOjMwMDAwMDAwMDAwMCwidXBkYXRlIjoxODAwMDAwMDAwMDAwfX0=",
          "dependencies": [
            "azurerm_resource_group.rg",
            "module.firewall.azurerm_firewall_policy.policy"
          ]
        }
      ]
    },
    {
      "module": "module.firewall",
      "mode": "managed",
      "type": "azurerm_monitor_diagnostic_setting",
      "name": "pip_settings",
      "provider": "provider[\"registry.terraform.io/hashicorp/azurerm\"]",
      "instances": [
        {
          "schema_version": 0,
          "attributes": {
            "eventhub_authorization_rule_id": "",
            "eventhub_name": "",
            "id": "/subscriptions/1cfd9c12-2c35-4462-a5f4-75403af97042/resourceGroups/ContosoProdRG/providers/Microsoft.Network/publicIPAddresses/ContosoProdFirewallPublicIp|DiagnosticsSettings",
            "log": [
              {
                "category": "DDoSMitigationFlowLogs",
                "enabled": true,
                "retention_policy": [
                  {
                    "days": 30,
                    "enabled": true
                  }
                ]
              },
              {
                "category": "DDoSMitigationReports",
                "enabled": true,
                "retention_policy": [
                  {
                    "days": 30,
                    "enabled": true
                  }
                ]
              },
              {
                "category": "DDoSProtectionNotifications",
                "enabled": true,
                "retention_policy": [
                  {
                    "days": 30,
                    "enabled": true
                  }
                ]
              }
            ],
            "log_analytics_destination_type": "",
            "log_analytics_workspace_id": "/subscriptions/1cfd9c12-2c35-4462-a5f4-75403af97042/resourceGroups/ContosoProdRG/providers/Microsoft.OperationalInsights/workspaces/ContosoProdAksWorkspacehenilkeh",
            "metric": [
              {
                "category": "AllMetrics",
                "enabled": true,
                "retention_policy": [
                  {
                    "days": 30,
                    "enabled": true
                  }
                ]
              }
            ],
            "name": "DiagnosticsSettings",
            "storage_account_id": "",
            "target_resource_id": "/subscriptions/1cfd9c12-2c35-4462-a5f4-75403af97042/resourceGroups/ContosoProdRG/providers/Microsoft.Network/publicIPAddresses/ContosoProdFirewallPublicIp",
            "timeouts": null
          },
          "sensitive_attributes": [],
          "private": "eyJlMmJmYjczMC1lY2FhLTExZTYtOGY4OC0zNDM2M2JjN2M0YzAiOnsiY3JlYXRlIjoxODAwMDAwMDAwMDAwLCJkZWxldGUiOjM2MDAwMDAwMDAwMDAsInJlYWQiOjMwMDAwMDAwMDAwMCwidXBkYXRlIjoxODAwMDAwMDAwMDAwfX0=",
          "dependencies": [
            "azurerm_resource_group.rg",
            "module.firewall.azurerm_public_ip.pip",
            "module.log_analytics_workspace.azurerm_log_analytics_workspace.log_analytics_workspace",
            "random_string.resource_suffix"
          ]
        }
      ]
    },
    {
      "module": "module.firewall",
      "mode": "managed",
      "type": "azurerm_monitor_diagnostic_setting",
      "name": "settings",
      "provider": "provider[\"registry.terraform.io/hashicorp/azurerm\"]",
      "instances": [
        {
          "schema_version": 0,
          "attributes": {
            "eventhub_authorization_rule_id": "",
            "eventhub_name": "",
            "id": "/subscriptions/1cfd9c12-2c35-4462-a5f4-75403af97042/resourceGroups/ContosoProdRG/providers/Microsoft.Network/azureFirewalls/ContosoProdFirewall|DiagnosticsSettings",
            "log": [
              {
                "category": "AzureFirewallApplicationRule",
                "enabled": true,
                "retention_policy": [
                  {
                    "days": 30,
                    "enabled": true
                  }
                ]
              },
              {
                "category": "AzureFirewallDnsProxy",
                "enabled": true,
                "retention_policy": [
                  {
                    "days": 30,
                    "enabled": true
                  }
                ]
              },
              {
                "category": "AzureFirewallNetworkRule",
                "enabled": true,
                "retention_policy": [
                  {
                    "days": 30,
                    "enabled": true
                  }
                ]
              }
            ],
            "log_analytics_destination_type": "AzureDiagnostics",
            "log_analytics_workspace_id": "/subscriptions/1cfd9c12-2c35-4462-a5f4-75403af97042/resourceGroups/ContosoProdRG/providers/Microsoft.OperationalInsights/workspaces/ContosoProdAksWorkspacehenilkeh",
            "metric": [
              {
                "category": "AllMetrics",
                "enabled": true,
                "retention_policy": [
                  {
                    "days": 30,
                    "enabled": true
                  }
                ]
              }
            ],
            "name": "DiagnosticsSettings",
            "storage_account_id": "",
            "target_resource_id": "/subscriptions/1cfd9c12-2c35-4462-a5f4-75403af97042/resourceGroups/ContosoProdRG/providers/Microsoft.Network/azureFirewalls/ContosoProdFirewall",
            "timeouts": null
          },
          "sensitive_attributes": [],
          "private": "eyJlMmJmYjczMC1lY2FhLTExZTYtOGY4OC0zNDM2M2JjN2M0YzAiOnsiY3JlYXRlIjoxODAwMDAwMDAwMDAwLCJkZWxldGUiOjM2MDAwMDAwMDAwMDAsInJlYWQiOjMwMDAwMDAwMDAwMCwidXBkYXRlIjoxODAwMDAwMDAwMDAwfX0=",
          "dependencies": [
            "module.firewall.azurerm_firewall.firewall",
            "module.log_analytics_workspace.azurerm_log_analytics_workspace.log_analytics_workspace"
          ]
        }
      ]
    },
    {
      "module": "module.firewall",
      "mode": "managed",
      "type": "azurerm_public_ip",
      "name": "pip",
      "provider": "provider[\"registry.terraform.io/hashicorp/azurerm\"]",
      "instances": [
        {
          "schema_version": 0,
          "attributes": {
            "allocation_method": "Static",
            "domain_name_label": null,
            "fqdn": null,
            "id": "/subscriptions/1cfd9c12-2c35-4462-a5f4-75403af97042/resourceGroups/ContosoProdRG/providers/Microsoft.Network/publicIPAddresses/ContosoProdFirewallPublicIp",
            "idle_timeout_in_minutes": 4,
            "ip_address": "20.232.73.255",
            "ip_tags": {},
            "ip_version": "IPv4",
            "location": "eastus",
            "name": "ContosoProdFirewallPublicIp",
            "public_ip_prefix_id": null,
            "resource_group_name": "ContosoProdRG",
            "reverse_fqdn": null,
            "sku": "Standard",
            "tags": {},
            "timeouts": null,
            "zones": []
          },
          "sensitive_attributes": [],
          "private": "eyJlMmJmYjczMC1lY2FhLTExZTYtOGY4OC0zNDM2M2JjN2M0YzAiOnsiY3JlYXRlIjoxODAwMDAwMDAwMDAwLCJkZWxldGUiOjE4MDAwMDAwMDAwMDAsInJlYWQiOjMwMDAwMDAwMDAwMCwidXBkYXRlIjoxODAwMDAwMDAwMDAwfX0=",
          "dependencies": [
            "azurerm_resource_group.rg"
          ]
        }
      ]
    },
    {
      "module": "module.hub_network",
      "mode": "managed",
      "type": "azurerm_monitor_diagnostic_setting",
      "name": "settings",
      "provider": "provider[\"registry.terraform.io/hashicorp/azurerm\"]",
      "instances": [
        {
          "schema_version": 0,
          "attributes": {
            "eventhub_authorization_rule_id": "",
            "eventhub_name": "",
            "id": "/subscriptions/1cfd9c12-2c35-4462-a5f4-75403af97042/resourceGroups/ContosoProdRG/providers/Microsoft.Network/virtualNetworks/ContosoProdHubVNet|DiagnosticsSettings",
            "log": [
              {
                "category": "VMProtectionAlerts",
                "enabled": true,
                "retention_policy": [
                  {
                    "days": 30,
                    "enabled": true
                  }
                ]
              }
            ],
            "log_analytics_destination_type": "",
            "log_analytics_workspace_id": "/subscriptions/1cfd9c12-2c35-4462-a5f4-75403af97042/resourceGroups/ContosoProdRG/providers/Microsoft.OperationalInsights/workspaces/ContosoProdAksWorkspacehenilkeh",
            "metric": [
              {
                "category": "AllMetrics",
                "enabled": true,
                "retention_policy": [
                  {
                    "days": 30,
                    "enabled": true
                  }
                ]
              }
            ],
            "name": "DiagnosticsSettings",
            "storage_account_id": "",
            "target_resource_id": "/subscriptions/1cfd9c12-2c35-4462-a5f4-75403af97042/resourceGroups/ContosoProdRG/providers/Microsoft.Network/virtualNetworks/ContosoProdHubVNet",
            "timeouts": null
          },
          "sensitive_attributes": [],
          "private": "eyJlMmJmYjczMC1lY2FhLTExZTYtOGY4OC0zNDM2M2JjN2M0YzAiOnsiY3JlYXRlIjoxODAwMDAwMDAwMDAwLCJkZWxldGUiOjM2MDAwMDAwMDAwMDAsInJlYWQiOjMwMDAwMDAwMDAwMCwidXBkYXRlIjoxODAwMDAwMDAwMDAwfX0=",
          "dependencies": [
            "azurerm_resource_group.rg",
            "module.hub_network.azurerm_virtual_network.vnet",
            "module.log_analytics_workspace.azurerm_log_analytics_workspace.log_analytics_workspace",
            "random_string.resource_suffix"
          ]
        }
      ]
    },
    {
      "module": "module.hub_network",
      "mode": "managed",
      "type": "azurerm_subnet",
      "name": "subnet",
      "provider": "provider[\"registry.terraform.io/hashicorp/azurerm\"]",
      "instances": [
        {
          "index_key": "AzureBastionSubnet",
          "schema_version": 0,
          "attributes": {
            "address_prefix": "10.1.1.0/24",
            "address_prefixes": [
              "10.1.1.0/24"
            ],
            "delegation": [],
            "enforce_private_link_endpoint_network_policies": true,
            "enforce_private_link_service_network_policies": false,
            "id": "/subscriptions/1cfd9c12-2c35-4462-a5f4-75403af97042/resourceGroups/ContosoProdRG/providers/Microsoft.Network/virtualNetworks/ContosoProdHubVNet/subnets/AzureBastionSubnet",
            "name": "AzureBastionSubnet",
            "resource_group_name": "ContosoProdRG",
            "service_endpoint_policy_ids": [],
            "service_endpoints": [],
            "timeouts": null,
            "virtual_network_name": "ContosoProdHubVNet"
          },
          "sensitive_attributes": [],
          "private": "eyJlMmJmYjczMC1lY2FhLTExZTYtOGY4OC0zNDM2M2JjN2M0YzAiOnsiY3JlYXRlIjoxODAwMDAwMDAwMDAwLCJkZWxldGUiOjE4MDAwMDAwMDAwMDAsInJlYWQiOjMwMDAwMDAwMDAwMCwidXBkYXRlIjoxODAwMDAwMDAwMDAwfX0=",
          "dependencies": [
            "azurerm_resource_group.rg",
            "module.hub_network.azurerm_virtual_network.vnet"
          ]
        },
        {
          "index_key": "AzureFirewallSubnet",
          "schema_version": 0,
          "attributes": {
            "address_prefix": "10.1.0.0/24",
            "address_prefixes": [
              "10.1.0.0/24"
            ],
            "delegation": [],
            "enforce_private_link_endpoint_network_policies": true,
            "enforce_private_link_service_network_policies": false,
            "id": "/subscriptions/1cfd9c12-2c35-4462-a5f4-75403af97042/resourceGroups/ContosoProdRG/providers/Microsoft.Network/virtualNetworks/ContosoProdHubVNet/subnets/AzureFirewallSubnet",
            "name": "AzureFirewallSubnet",
            "resource_group_name": "ContosoProdRG",
            "service_endpoint_policy_ids": [],
            "service_endpoints": [],
            "timeouts": null,
            "virtual_network_name": "ContosoProdHubVNet"
          },
          "sensitive_attributes": [],
          "private": "eyJlMmJmYjczMC1lY2FhLTExZTYtOGY4OC0zNDM2M2JjN2M0YzAiOnsiY3JlYXRlIjoxODAwMDAwMDAwMDAwLCJkZWxldGUiOjE4MDAwMDAwMDAwMDAsInJlYWQiOjMwMDAwMDAwMDAwMCwidXBkYXRlIjoxODAwMDAwMDAwMDAwfX0=",
          "dependencies": [
            "azurerm_resource_group.rg",
            "module.hub_network.azurerm_virtual_network.vnet"
          ]
        }
      ]
    },
    {
      "module": "module.hub_network",
      "mode": "managed",
      "type": "azurerm_virtual_network",
      "name": "vnet",
      "provider": "provider[\"registry.terraform.io/hashicorp/azurerm\"]",
      "instances": [
        {
          "schema_version": 0,
          "attributes": {
            "address_space": [
              "10.1.0.0/16"
            ],
            "bgp_community": "",
            "ddos_protection_plan": [],
            "dns_servers": [],
            "guid": "07556bb2-2079-45cd-82a2-b1b70e0ea698",
            "id": "/subscriptions/1cfd9c12-2c35-4462-a5f4-75403af97042/resourceGroups/ContosoProdRG/providers/Microsoft.Network/virtualNetworks/ContosoProdHubVNet",
            "location": "eastus",
            "name": "ContosoProdHubVNet",
            "resource_group_name": "ContosoProdRG",
            "subnet": [
              {
                "address_prefix": "10.1.0.0/24",
                "id": "/subscriptions/1cfd9c12-2c35-4462-a5f4-75403af97042/resourceGroups/ContosoProdRG/providers/Microsoft.Network/virtualNetworks/ContosoProdHubVNet/subnets/AzureFirewallSubnet",
                "name": "AzureFirewallSubnet",
                "security_group": ""
              },
              {
                "address_prefix": "10.1.1.0/24",
                "id": "/subscriptions/1cfd9c12-2c35-4462-a5f4-75403af97042/resourceGroups/ContosoProdRG/providers/Microsoft.Network/virtualNetworks/ContosoProdHubVNet/subnets/AzureBastionSubnet",
                "name": "AzureBastionSubnet",
                "security_group": ""
              }
            ],
            "tags": {
              "createdWith": "Terraform"
            },
            "timeouts": null,
            "vm_protection_enabled": false
          },
          "sensitive_attributes": [],
          "private": "eyJlMmJmYjczMC1lY2FhLTExZTYtOGY4OC0zNDM2M2JjN2M0YzAiOnsiY3JlYXRlIjoxODAwMDAwMDAwMDAwLCJkZWxldGUiOjE4MDAwMDAwMDAwMDAsInJlYWQiOjMwMDAwMDAwMDAwMCwidXBkYXRlIjoxODAwMDAwMDAwMDAwfX0=",
          "dependencies": [
            "azurerm_resource_group.rg"
          ]
        }
      ]
    },
    {
      "module": "module.key_vault",
      "mode": "managed",
      "type": "azurerm_key_vault",
      "name": "key_vault",
      "provider": "provider[\"registry.terraform.io/hashicorp/azurerm\"]",
      "instances": [
        {
          "schema_version": 2,
          "attributes": {
            "access_policy": [],
            "contact": [],
            "enable_rbac_authorization": true,
            "enabled_for_deployment": true,
            "enabled_for_disk_encryption": true,
            "enabled_for_template_deployment": true,
            "id": "/subscriptions/1cfd9c12-2c35-4462-a5f4-75403af97042/resourceGroups/ContosoProdRG/providers/Microsoft.KeyVault/vaults/ContosoProdAksKeyVaulthe",
            "location": "eastus",
            "name": "ContosoProdAksKeyVaulthe",
            "network_acls": [
              {
                "bypass": "AzureServices",
                "default_action": "Allow",
                "ip_rules": [],
                "virtual_network_subnet_ids": []
              }
            ],
            "purge_protection_enabled": true,
            "resource_group_name": "ContosoProdRG",
            "sku_name": "standard",
            "soft_delete_enabled": true,
            "soft_delete_retention_days": 30,
            "tags": {
              "createdWith": "Terraform"
            },
            "tenant_id": "4c6f1364-8db1-4e57-95ef-b3cf7dd7d4c9",
            "timeouts": {
              "create": null,
              "delete": "60m",
              "read": null,
              "update": null
            },
            "vault_uri": "https://contosoprodakskeyvaulthe.vault.azure.net/"
          },
          "sensitive_attributes": [],
          "private": "eyJlMmJmYjczMC1lY2FhLTExZTYtOGY4OC0zNDM2M2JjN2M0YzAiOnsiY3JlYXRlIjoxODAwMDAwMDAwMDAwLCJkZWxldGUiOjM2MDAwMDAwMDAwMDAsInJlYWQiOjMwMDAwMDAwMDAwMCwidXBkYXRlIjoxODAwMDAwMDAwMDAwfSwic2NoZW1hX3ZlcnNpb24iOiIyIn0=",
          "dependencies": [
            "azurerm_resource_group.rg",
            "data.azurerm_client_config.current",
            "random_string.resource_suffix"
          ]
        }
      ]
    },
    {
      "module": "module.key_vault",
      "mode": "managed",
      "type": "azurerm_monitor_diagnostic_setting",
      "name": "settings",
      "provider": "provider[\"registry.terraform.io/hashicorp/azurerm\"]",
      "instances": [
        {
          "schema_version": 0,
          "attributes": {
            "eventhub_authorization_rule_id": "",
            "eventhub_name": "",
            "id": "/subscriptions/1cfd9c12-2c35-4462-a5f4-75403af97042/resourceGroups/ContosoProdRG/providers/Microsoft.KeyVault/vaults/ContosoProdAksKeyVaulthe|DiagnosticsSettings",
            "log": [
              {
                "category": "AuditEvent",
                "enabled": true,
                "retention_policy": [
                  {
                    "days": 30,
                    "enabled": true
                  }
                ]
              },
              {
                "category": "AzurePolicyEvaluationDetails",
                "enabled": true,
                "retention_policy": [
                  {
                    "days": 30,
                    "enabled": true
                  }
                ]
              }
            ],
            "log_analytics_destination_type": "",
            "log_analytics_workspace_id": "/subscriptions/1cfd9c12-2c35-4462-a5f4-75403af97042/resourceGroups/ContosoProdRG/providers/Microsoft.OperationalInsights/workspaces/ContosoProdAksWorkspacehenilkeh",
            "metric": [
              {
                "category": "AllMetrics",
                "enabled": true,
                "retention_policy": [
                  {
                    "days": 30,
                    "enabled": true
                  }
                ]
              }
            ],
            "name": "DiagnosticsSettings",
            "storage_account_id": "",
            "target_resource_id": "/subscriptions/1cfd9c12-2c35-4462-a5f4-75403af97042/resourceGroups/ContosoProdRG/providers/Microsoft.KeyVault/vaults/ContosoProdAksKeyVaulthe",
            "timeouts": null
          },
          "sensitive_attributes": [],
          "private": "eyJlMmJmYjczMC1lY2FhLTExZTYtOGY4OC0zNDM2M2JjN2M0YzAiOnsiY3JlYXRlIjoxODAwMDAwMDAwMDAwLCJkZWxldGUiOjM2MDAwMDAwMDAwMDAsInJlYWQiOjMwMDAwMDAwMDAwMCwidXBkYXRlIjoxODAwMDAwMDAwMDAwfX0=",
          "dependencies": [
            "azurerm_resource_group.rg",
            "data.azurerm_client_config.current",
            "module.key_vault.azurerm_key_vault.key_vault",
            "module.log_analytics_workspace.azurerm_log_analytics_workspace.log_analytics_workspace",
            "random_string.resource_suffix"
          ]
        }
      ]
    },
    {
      "module": "module.key_vault_private_dns_zone",
      "mode": "managed",
      "type": "azurerm_private_dns_zone",
      "name": "private_dns_zone",
      "provider": "provider[\"registry.terraform.io/hashicorp/azurerm\"]",
      "instances": [
        {
          "schema_version": 0,
          "attributes": {
            "id": "/subscriptions/1cfd9c12-2c35-4462-a5f4-75403af97042/resourceGroups/ContosoProdRG/providers/Microsoft.Network/privateDnsZones/privatelink.vaultcore.azure.net",
            "max_number_of_record_sets": 25000,
            "max_number_of_virtual_network_links": 1000,
            "max_number_of_virtual_network_links_with_registration": 100,
            "name": "privatelink.vaultcore.azure.net",
            "number_of_record_sets": 2,
            "resource_group_name": "ContosoProdRG",
            "soa_record": [
              {
                "email": "azureprivatedns-host.microsoft.com",
                "expire_time": 2419200,
                "fqdn": "privatelink.vaultcore.azure.net.",
                "host_name": "azureprivatedns.net",
                "minimum_ttl": 10,
                "refresh_time": 3600,
                "retry_time": 300,
                "serial_number": 1,
                "tags": {},
                "ttl": 3600
              }
            ],
            "tags": {},
            "timeouts": null
          },
          "sensitive_attributes": [],
          "private": "eyJlMmJmYjczMC1lY2FhLTExZTYtOGY4OC0zNDM2M2JjN2M0YzAiOnsiY3JlYXRlIjoxODAwMDAwMDAwMDAwLCJkZWxldGUiOjE4MDAwMDAwMDAwMDAsInJlYWQiOjMwMDAwMDAwMDAwMCwidXBkYXRlIjoxODAwMDAwMDAwMDAwfX0=",
          "dependencies": [
            "azurerm_resource_group.rg"
          ]
        }
      ]
    },
    {
      "module": "module.key_vault_private_dns_zone",
      "mode": "managed",
      "type": "azurerm_private_dns_zone_virtual_network_link",
      "name": "link",
      "provider": "provider[\"registry.terraform.io/hashicorp/azurerm\"]",
      "instances": [
        {
          "index_key": "ContosoProdAksVNet",
          "schema_version": 0,
          "attributes": {
            "id": "/subscriptions/1cfd9c12-2c35-4462-a5f4-75403af97042/resourceGroups/ContosoProdRG/providers/Microsoft.Network/privateDnsZones/privatelink.vaultcore.azure.net/virtualNetworkLinks/link_to_contosoprodaksvnet",
            "name": "link_to_contosoprodaksvnet",
            "private_dns_zone_name": "privatelink.vaultcore.azure.net",
            "registration_enabled": false,
            "resource_group_name": "ContosoProdRG",
            "tags": {},
            "timeouts": null,
            "virtual_network_id": "/subscriptions/1cfd9c12-2c35-4462-a5f4-75403af97042/resourceGroups/ContosoProdRG/providers/Microsoft.Network/virtualNetworks/ContosoProdAksVNet"
          },
          "sensitive_attributes": [],
          "private": "eyJlMmJmYjczMC1lY2FhLTExZTYtOGY4OC0zNDM2M2JjN2M0YzAiOnsiY3JlYXRlIjoxODAwMDAwMDAwMDAwLCJkZWxldGUiOjE4MDAwMDAwMDAwMDAsInJlYWQiOjMwMDAwMDAwMDAwMCwidXBkYXRlIjoxODAwMDAwMDAwMDAwfX0=",
          "dependencies": [
            "azurerm_resource_group.rg",
            "data.azurerm_client_config.current",
            "module.aks_network.azurerm_virtual_network.vnet",
            "module.hub_network.azurerm_virtual_network.vnet",
            "module.key_vault_private_dns_zone.azurerm_private_dns_zone.private_dns_zone"
          ]
        },
        {
          "index_key": "ContosoProdHubVNet",
          "schema_version": 0,
          "attributes": {
            "id": "/subscriptions/1cfd9c12-2c35-4462-a5f4-75403af97042/resourceGroups/ContosoProdRG/providers/Microsoft.Network/privateDnsZones/privatelink.vaultcore.azure.net/virtualNetworkLinks/link_to_contosoprodhubvnet",
            "name": "link_to_contosoprodhubvnet",
            "private_dns_zone_name": "privatelink.vaultcore.azure.net",
            "registration_enabled": false,
            "resource_group_name": "ContosoProdRG",
            "tags": {},
            "timeouts": null,
            "virtual_network_id": "/subscriptions/1cfd9c12-2c35-4462-a5f4-75403af97042/resourceGroups/ContosoProdRG/providers/Microsoft.Network/virtualNetworks/ContosoProdHubVNet"
          },
          "sensitive_attributes": [],
          "private": "eyJlMmJmYjczMC1lY2FhLTExZTYtOGY4OC0zNDM2M2JjN2M0YzAiOnsiY3JlYXRlIjoxODAwMDAwMDAwMDAwLCJkZWxldGUiOjE4MDAwMDAwMDAwMDAsInJlYWQiOjMwMDAwMDAwMDAwMCwidXBkYXRlIjoxODAwMDAwMDAwMDAwfX0=",
          "dependencies": [
            "azurerm_resource_group.rg",
            "data.azurerm_client_config.current",
            "module.aks_network.azurerm_virtual_network.vnet",
            "module.hub_network.azurerm_virtual_network.vnet",
            "module.key_vault_private_dns_zone.azurerm_private_dns_zone.private_dns_zone"
          ]
        }
      ]
    },
    {
      "module": "module.key_vault_private_endpoint",
      "mode": "managed",
      "type": "azurerm_private_endpoint",
      "name": "private_endpoint",
      "provider": "provider[\"registry.terraform.io/hashicorp/azurerm\"]",
      "instances": [
        {
          "schema_version": 0,
          "attributes": {
            "custom_dns_configs": [],
            "id": "/subscriptions/1cfd9c12-2c35-4462-a5f4-75403af97042/resourceGroups/ContosoProdRG/providers/Microsoft.Network/privateEndpoints/ContosoProdAksKeyVaulthePrivateEndpoint",
            "location": "eastus",
            "name": "ContosoProdAksKeyVaulthePrivateEndpoint",
            "private_dns_zone_configs": [
              {
                "id": "/subscriptions/1cfd9c12-2c35-4462-a5f4-75403af97042/resourceGroups/ContosoProdRG/providers/Microsoft.Network/privateEndpoints/ContosoProdAksKeyVaulthePrivateEndpoint/privateDnsZoneGroups/KeyVaultPrivateDnsZoneGroup/privateDnsZoneConfigs/privatelink.vaultcore.azure.net",
                "name": "privatelink.vaultcore.azure.net",
                "private_dns_zone_id": "/subscriptions/1cfd9c12-2c35-4462-a5f4-75403af97042/resourceGroups/ContosoProdRG/providers/Microsoft.Network/privateDnsZones/privatelink.vaultcore.azure.net",
                "record_sets": [
                  {
                    "fqdn": "contosoprodakskeyvaulthe.privatelink.vaultcore.azure.net",
                    "ip_addresses": [
                      "10.0.8.8"
                    ],
                    "name": "contosoprodakskeyvaulthe",
                    "ttl": 10,
                    "type": "A"
                  }
                ]
              }
            ],
            "private_dns_zone_group": [
              {
                "id": "/subscriptions/1cfd9c12-2c35-4462-a5f4-75403af97042/resourceGroups/ContosoProdRG/providers/Microsoft.Network/privateEndpoints/ContosoProdAksKeyVaulthePrivateEndpoint/privateDnsZoneGroups/KeyVaultPrivateDnsZoneGroup",
                "name": "KeyVaultPrivateDnsZoneGroup",
                "private_dns_zone_ids": [
                  "/subscriptions/1cfd9c12-2c35-4462-a5f4-75403af97042/resourceGroups/ContosoProdRG/providers/Microsoft.Network/privateDnsZones/privatelink.vaultcore.azure.net"
                ]
              }
            ],
            "private_service_connection": [
              {
                "is_manual_connection": false,
                "name": "ContosoProdAksKeyVaulthePrivateEndpointConnection",
                "private_connection_resource_alias": "",
                "private_connection_resource_id": "/subscriptions/1cfd9c12-2c35-4462-a5f4-75403af97042/resourceGroups/ContosoProdRG/providers/Microsoft.KeyVault/vaults/ContosoProdAksKeyVaulthe",
                "private_ip_address": "10.0.8.8",
                "request_message": "",
                "subresource_names": [
                  "vault"
                ]
              }
            ],
            "resource_group_name": "ContosoProdRG",
            "subnet_id": "/subscriptions/1cfd9c12-2c35-4462-a5f4-75403af97042/resourceGroups/ContosoProdRG/providers/Microsoft.Network/virtualNetworks/ContosoProdAksVNet/subnets/VmSubnet",
            "tags": {
              "createdWith": "Terraform"
            },
            "timeouts": null
          },
          "sensitive_attributes": [],
          "private": "eyJlMmJmYjczMC1lY2FhLTExZTYtOGY4OC0zNDM2M2JjN2M0YzAiOnsiY3JlYXRlIjozNjAwMDAwMDAwMDAwLCJkZWxldGUiOjM2MDAwMDAwMDAwMDAsInJlYWQiOjMwMDAwMDAwMDAwMCwidXBkYXRlIjozNjAwMDAwMDAwMDAwfX0=",
          "dependencies": [
            "azurerm_resource_group.rg",
            "data.azurerm_client_config.current",
            "module.aks_network.azurerm_subnet.subnet",
            "module.aks_network.azurerm_virtual_network.vnet",
            "module.key_vault.azurerm_key_vault.key_vault",
            "module.key_vault_private_dns_zone.azurerm_private_dns_zone.private_dns_zone",
            "random_string.resource_suffix"
          ]
        }
      ]
    },
    {
      "module": "module.log_analytics_workspace",
      "mode": "managed",
      "type": "azurerm_log_analytics_solution",
      "name": "la_solution",
      "provider": "provider[\"registry.terraform.io/hashicorp/azurerm\"]",
      "instances": [
        {
          "index_key": "ContainerInsights",
          "schema_version": 0,
          "attributes": {
            "id": "/subscriptions/1cfd9c12-2c35-4462-a5f4-75403af97042/resourceGroups/ContosoProdRG/providers/Microsoft.OperationsManagement/solutions/ContainerInsights(ContosoProdAksWorkspacehenilkeh)",
            "location": "eastus",
            "plan": [
              {
                "name": "ContainerInsights(contosoprodaksworkspacehenilkeh)",
                "product": "OMSGallery/ContainerInsights",
                "promotion_code": "",
                "publisher": "Microsoft"
              }
            ],
            "resource_group_name": "ContosoProdRG",
            "solution_name": "ContainerInsights",
            "tags": {},
            "timeouts": null,
            "workspace_name": "ContosoProdAksWorkspacehenilkeh",
            "workspace_resource_id": "/subscriptions/1cfd9c12-2c35-4462-a5f4-75403af97042/resourceGroups/ContosoProdRG/providers/Microsoft.OperationalInsights/workspaces/ContosoProdAksWorkspacehenilkeh"
          },
          "sensitive_attributes": [],
          "private": "eyJlMmJmYjczMC1lY2FhLTExZTYtOGY4OC0zNDM2M2JjN2M0YzAiOnsiY3JlYXRlIjoxODAwMDAwMDAwMDAwLCJkZWxldGUiOjE4MDAwMDAwMDAwMDAsInJlYWQiOjMwMDAwMDAwMDAwMCwidXBkYXRlIjoxODAwMDAwMDAwMDAwfX0=",
          "dependencies": [
            "azurerm_resource_group.rg",
            "module.log_analytics_workspace.azurerm_log_analytics_workspace.log_analytics_workspace",
            "random_string.resource_suffix"
          ]
        }
      ]
    },
    {
      "module": "module.log_analytics_workspace",
      "mode": "managed",
      "type": "azurerm_log_analytics_workspace",
      "name": "log_analytics_workspace",
      "provider": "provider[\"registry.terraform.io/hashicorp/azurerm\"]",
      "instances": [
        {
          "schema_version": 2,
          "attributes": {
            "daily_quota_gb": -1,
            "id": "/subscriptions/1cfd9c12-2c35-4462-a5f4-75403af97042/resourceGroups/ContosoProdRG/providers/Microsoft.OperationalInsights/workspaces/ContosoProdAksWorkspacehenilkeh",
            "internet_ingestion_enabled": true,
            "internet_query_enabled": true,
            "location": "eastus",
            "name": "ContosoProdAksWorkspacehenilkeh",
            "portal_url": "",
            "primary_shared_key": "cgG9bjd89SIJ/h+pB7hXUc5SAITGN0R9TVh5QCQAm+RdDrRjQQnpE1wb2Lx1nedhH2KD35qFQAEAGOzT29w9wQ==",
            "reservation_capcity_in_gb_per_day": null,
            "resource_group_name": "ContosoProdRG",
            "retention_in_days": 30,
            "secondary_shared_key": "S3nDqqXaxu6jg7f/naEqa2ZK7SFocpNBZGAKkbdVhgetDSx0fatL4O2vfahHf7P287ojsJ8pNX+TD/6Q6iAEqA==",
            "sku": "PerGB2018",
            "tags": {
              "module": "log_analytics"
            },
            "timeouts": null,
            "workspace_id": "0758a88a-7b78-4344-accd-261ef18302cb"
          },
          "sensitive_attributes": [],
          "private": "eyJlMmJmYjczMC1lY2FhLTExZTYtOGY4OC0zNDM2M2JjN2M0YzAiOnsiY3JlYXRlIjoxODAwMDAwMDAwMDAwLCJkZWxldGUiOjE4MDAwMDAwMDAwMDAsInJlYWQiOjMwMDAwMDAwMDAwMCwidXBkYXRlIjoxODAwMDAwMDAwMDAwfSwic2NoZW1hX3ZlcnNpb24iOiIyIn0=",
          "dependencies": [
            "azurerm_resource_group.rg",
            "random_string.resource_suffix"
          ]
        }
      ]
    },
    {
      "module": "module.node_pool",
      "mode": "managed",
      "type": "azurerm_kubernetes_cluster_node_pool",
      "name": "node_pool",
      "provider": "provider[\"registry.terraform.io/hashicorp/azurerm\"]",
      "instances": [
        {
          "schema_version": 0,
          "attributes": {
            "availability_zones": [
              "1",
              "2",
              "3"
            ],
            "enable_auto_scaling": true,
            "enable_host_encryption": false,
            "enable_node_public_ip": false,
            "eviction_policy": "",
            "id": "/subscriptions/1cfd9c12-2c35-4462-a5f4-75403af97042/resourcegroups/ContosoProdRG/providers/Microsoft.ContainerService/managedClusters/ContosoProdAks/agentPools/user",
            "kubernetes_cluster_id": "/subscriptions/1cfd9c12-2c35-4462-a5f4-75403af97042/resourcegroups/ContosoProdRG/providers/Microsoft.ContainerService/managedClusters/ContosoProdAks",
            "max_count": 10,
            "max_pods": 50,
            "min_count": 3,
            "mode": "User",
            "name": "user",
            "node_count": 3,
            "node_labels": null,
            "node_taints": [
              "CriticalAddonsOnly=true:NoSchedule"
            ],
            "orchestrator_version": "1.26.3",
            "os_disk_size_gb": 128,
            "os_disk_type": "Ephemeral",
            "os_type": "Linux",
            "priority": "Regular",
            "proximity_placement_group_id": "",
            "spot_max_price": -1,
            "tags": {
              "createdWith": "Terraform"
            },
            "timeouts": null,
            "upgrade_settings": [],
            "vm_size": "Standard_F8s_v2",
            "vnet_subnet_id": "/subscriptions/1cfd9c12-2c35-4462-a5f4-75403af97042/resourceGroups/ContosoProdRG/providers/Microsoft.Network/virtualNetworks/ContosoProdAksVNet/subnets/UserSubnet"
          },
          "sensitive_attributes": [],
          "private": "eyJlMmJmYjczMC1lY2FhLTExZTYtOGY4OC0zNDM2M2JjN2M0YzAiOnsiY3JlYXRlIjozNjAwMDAwMDAwMDAwLCJkZWxldGUiOjM2MDAwMDAwMDAwMDAsInJlYWQiOjMwMDAwMDAwMDAwMCwidXBkYXRlIjozNjAwMDAwMDAwMDAwfX0=",
          "dependencies": [
            "azurerm_resource_group.rg",
            "data.azurerm_client_config.current",
            "module.aks_cluster.azurerm_kubernetes_cluster.aks_cluster",
            "module.aks_network.azurerm_subnet.subnet",
            "module.aks_network.azurerm_virtual_network.vnet",
            "module.firewall.azurerm_firewall.firewall",
            "module.routetable.azurerm_route_table.rt",
            "module.routetable.azurerm_subnet_route_table_association.subnet_association",
            "module.routetable.data.azurerm_client_config.current"
          ]
        }
      ]
    },
    {
      "module": "module.routetable",
      "mode": "data",
      "type": "azurerm_client_config",
      "name": "current",
      "provider": "provider[\"registry.terraform.io/hashicorp/azurerm\"]",
      "instances": [
        {
          "schema_version": 0,
          "attributes": {
            "client_id": "04b07795-8ddb-461a-bbee-02f9e1bf7b46",
            "id": "2023-05-16 12:55:25.5926497 +0000 UTC",
            "object_id": "",
            "subscription_id": "1cfd9c12-2c35-4462-a5f4-75403af97042",
            "tenant_id": "4c6f1364-8db1-4e57-95ef-b3cf7dd7d4c9",
            "timeouts": null
          },
          "sensitive_attributes": []
        }
      ]
    },
    {
      "module": "module.routetable",
      "mode": "managed",
      "type": "azurerm_route_table",
      "name": "rt",
      "provider": "provider[\"registry.terraform.io/hashicorp/azurerm\"]",
      "instances": [
        {
          "schema_version": 0,
          "attributes": {
            "disable_bgp_route_propagation": false,
            "id": "/subscriptions/1cfd9c12-2c35-4462-a5f4-75403af97042/resourceGroups/ContosoProdRG/providers/Microsoft.Network/routeTables/DefaultRouteTable",
            "location": "eastus",
            "name": "DefaultRouteTable",
            "resource_group_name": "ContosoProdRG",
            "route": [
              {
                "address_prefix": "0.0.0.0/0",
                "name": "kubenetfw_fw_r",
                "next_hop_in_ip_address": "10.1.0.4",
                "next_hop_type": "VirtualAppliance"
              }
            ],
            "subnets": [
              "/subscriptions/1cfd9c12-2c35-4462-a5f4-75403af97042/resourceGroups/ContosoProdRG/providers/Microsoft.Network/virtualNetworks/ContosoProdAksVNet/subnets/SystemSubnet",
              "/subscriptions/1cfd9c12-2c35-4462-a5f4-75403af97042/resourceGroups/ContosoProdRG/providers/Microsoft.Network/virtualNetworks/ContosoProdAksVNet/subnets/UserSubnet"
            ],
            "tags": {},
            "timeouts": null
          },
          "sensitive_attributes": [],
          "private": "eyJlMmJmYjczMC1lY2FhLTExZTYtOGY4OC0zNDM2M2JjN2M0YzAiOnsiY3JlYXRlIjoxODAwMDAwMDAwMDAwLCJkZWxldGUiOjE4MDAwMDAwMDAwMDAsInJlYWQiOjMwMDAwMDAwMDAwMCwidXBkYXRlIjoxODAwMDAwMDAwMDAwfX0=",
          "dependencies": [
            "azurerm_resource_group.rg",
            "module.firewall.azurerm_firewall.firewall",
            "module.firewall.azurerm_firewall_policy.policy",
            "module.firewall.azurerm_public_ip.pip",
            "module.hub_network.azurerm_subnet.subnet",
            "module.hub_network.azurerm_virtual_network.vnet"
          ]
        }
      ]
    },
    {
      "module": "module.routetable",
      "mode": "managed",
      "type": "azurerm_subnet_route_table_association",
      "name": "subnet_association",
      "provider": "provider[\"registry.terraform.io/hashicorp/azurerm\"]",
      "instances": [
        {
          "index_key": "SystemSubnet",
          "schema_version": 0,
          "attributes": {
            "id": "/subscriptions/1cfd9c12-2c35-4462-a5f4-75403af97042/resourceGroups/ContosoProdRG/providers/Microsoft.Network/virtualNetworks/ContosoProdAksVNet/subnets/SystemSubnet",
            "route_table_id": "/subscriptions/1cfd9c12-2c35-4462-a5f4-75403af97042/resourceGroups/ContosoProdRG/providers/Microsoft.Network/routeTables/DefaultRouteTable",
            "subnet_id": "/subscriptions/1cfd9c12-2c35-4462-a5f4-75403af97042/resourceGroups/ContosoProdRG/providers/Microsoft.Network/virtualNetworks/ContosoProdAksVNet/subnets/SystemSubnet",
            "timeouts": null
          },
          "sensitive_attributes": [],
          "private": "eyJlMmJmYjczMC1lY2FhLTExZTYtOGY4OC0zNDM2M2JjN2M0YzAiOnsiY3JlYXRlIjoxODAwMDAwMDAwMDAwLCJkZWxldGUiOjE4MDAwMDAwMDAwMDAsInJlYWQiOjMwMDAwMDAwMDAwMCwidXBkYXRlIjoxODAwMDAwMDAwMDAwfX0=",
          "dependencies": [
            "azurerm_resource_group.rg",
            "data.azurerm_client_config.current",
            "module.aks_network.azurerm_virtual_network.vnet",
            "module.firewall.azurerm_firewall.firewall",
            "module.firewall.azurerm_firewall_policy.policy",
            "module.firewall.azurerm_public_ip.pip",
            "module.hub_network.azurerm_subnet.subnet",
            "module.hub_network.azurerm_virtual_network.vnet",
            "module.routetable.azurerm_route_table.rt"
          ]
        },
        {
          "index_key": "UserSubnet",
          "schema_version": 0,
          "attributes": {
            "id": "/subscriptions/1cfd9c12-2c35-4462-a5f4-75403af97042/resourceGroups/ContosoProdRG/providers/Microsoft.Network/virtualNetworks/ContosoProdAksVNet/subnets/UserSubnet",
            "route_table_id": "/subscriptions/1cfd9c12-2c35-4462-a5f4-75403af97042/resourceGroups/ContosoProdRG/providers/Microsoft.Network/routeTables/DefaultRouteTable",
            "subnet_id": "/subscriptions/1cfd9c12-2c35-4462-a5f4-75403af97042/resourceGroups/ContosoProdRG/providers/Microsoft.Network/virtualNetworks/ContosoProdAksVNet/subnets/UserSubnet",
            "timeouts": null
          },
          "sensitive_attributes": [],
          "private": "eyJlMmJmYjczMC1lY2FhLTExZTYtOGY4OC0zNDM2M2JjN2M0YzAiOnsiY3JlYXRlIjoxODAwMDAwMDAwMDAwLCJkZWxldGUiOjE4MDAwMDAwMDAwMDAsInJlYWQiOjMwMDAwMDAwMDAwMCwidXBkYXRlIjoxODAwMDAwMDAwMDAwfX0=",
          "dependencies": [
            "azurerm_resource_group.rg",
            "data.azurerm_client_config.current",
            "module.aks_network.azurerm_virtual_network.vnet",
            "module.firewall.azurerm_firewall.firewall",
            "module.firewall.azurerm_firewall_policy.policy",
            "module.firewall.azurerm_public_ip.pip",
            "module.hub_network.azurerm_subnet.subnet",
            "module.hub_network.azurerm_virtual_network.vnet",
            "module.routetable.azurerm_route_table.rt"
          ]
        }
      ]
    },
    {
      "module": "module.storage_account",
      "mode": "managed",
      "type": "azurerm_storage_account",
      "name": "storage_account",
      "provider": "provider[\"registry.terraform.io/hashicorp/azurerm\"]",
      "instances": [
        {
          "schema_version": 2,
          "attributes": {
            "access_tier": "Hot",
            "account_kind": "StorageV2",
            "account_replication_type": "LRS",
            "account_tier": "Standard",
            "allow_blob_public_access": false,
            "azure_files_authentication": [],
            "blob_properties": [
              {
                "change_feed_enabled": false,
                "container_delete_retention_policy": [],
                "cors_rule": [],
                "default_service_version": "",
                "delete_retention_policy": [],
                "last_access_time_enabled": false,
                "versioning_enabled": false
              }
            ],
            "custom_domain": [],
            "enable_https_traffic_only": true,
            "id": "/subscriptions/1cfd9c12-2c35-4462-a5f4-75403af97042/resourceGroups/ContosoProdRG/providers/Microsoft.Storage/storageAccounts/boothenilkeh",
            "identity": [
              {
                "principal_id": "0f1dabe1-2871-4800-83a7-dd85c152ba9d",
                "tenant_id": "4c6f1364-8db1-4e57-95ef-b3cf7dd7d4c9",
                "type": "SystemAssigned"
              }
            ],
            "is_hns_enabled": false,
            "large_file_share_enabled": null,
            "location": "eastus",
            "min_tls_version": "TLS1_0",
            "name": "boothenilkeh",
            "network_rules": [
              {
                "bypass": [
                  "AzureServices"
                ],
                "default_action": "Allow",
                "ip_rules": [],
                "private_link_access": [],
                "virtual_network_subnet_ids": []
              }
            ],
            "nfsv3_enabled": false,
            "primary_access_key": "63JNQw3CJg7pAqsRgP79Ni8zIId79Qd/i7zYxaPWJoyCQ/16bka33Qm/dYNfhp2YWKX0waOqxFbT+ASt8QpKKg==",
            "primary_blob_connection_string": "DefaultEndpointsProtocol=https;BlobEndpoint=https://boothenilkeh.blob.core.windows.net/;AccountName=boothenilkeh;AccountKey=63JNQw3CJg7pAqsRgP79Ni8zIId79Qd/i7zYxaPWJoyCQ/16bka33Qm/dYNfhp2YWKX0waOqxFbT+ASt8QpKKg==",
            "primary_blob_endpoint": "https://boothenilkeh.blob.core.windows.net/",
            "primary_blob_host": "boothenilkeh.blob.core.windows.net",
            "primary_connection_string": "DefaultEndpointsProtocol=https;AccountName=boothenilkeh;AccountKey=63JNQw3CJg7pAqsRgP79Ni8zIId79Qd/i7zYxaPWJoyCQ/16bka33Qm/dYNfhp2YWKX0waOqxFbT+ASt8QpKKg==;EndpointSuffix=core.windows.net",
            "primary_dfs_endpoint": "https://boothenilkeh.dfs.core.windows.net/",
            "primary_dfs_host": "boothenilkeh.dfs.core.windows.net",
            "primary_file_endpoint": "https://boothenilkeh.file.core.windows.net/",
            "primary_file_host": "boothenilkeh.file.core.windows.net",
            "primary_location": "eastus",
            "primary_queue_endpoint": "https://boothenilkeh.queue.core.windows.net/",
            "primary_queue_host": "boothenilkeh.queue.core.windows.net",
            "primary_table_endpoint": "https://boothenilkeh.table.core.windows.net/",
            "primary_table_host": "boothenilkeh.table.core.windows.net",
            "primary_web_endpoint": "https://boothenilkeh.z13.web.core.windows.net/",
            "primary_web_host": "boothenilkeh.z13.web.core.windows.net",
            "queue_properties": [
              {
                "cors_rule": [],
                "hour_metrics": [
                  {
                    "enabled": true,
                    "include_apis": true,
                    "retention_policy_days": 7,
                    "version": "1.0"
                  }
                ],
                "logging": [
                  {
                    "delete": false,
                    "read": false,
                    "retention_policy_days": 0,
                    "version": "1.0",
                    "write": false
                  }
                ],
                "minute_metrics": [
                  {
                    "enabled": false,
                    "include_apis": false,
                    "retention_policy_days": 0,
                    "version": "1.0"
                  }
                ]
              }
            ],
            "resource_group_name": "ContosoProdRG",
            "routing": [],
            "secondary_access_key": "xTXYc9WPLOseAj96Scnxp8ZM5hURH3zkDI5QiJxztQ/PUUFj9VE4VQuSh+VMkXYlI+O2nN+sEg+N+AStXJQR2w==",
            "secondary_blob_connection_string": "",
            "secondary_blob_endpoint": null,
            "secondary_blob_host": null,
            "secondary_connection_string": "DefaultEndpointsProtocol=https;AccountName=boothenilkeh;AccountKey=xTXYc9WPLOseAj96Scnxp8ZM5hURH3zkDI5QiJxztQ/PUUFj9VE4VQuSh+VMkXYlI+O2nN+sEg+N+AStXJQR2w==;EndpointSuffix=core.windows.net",
            "secondary_dfs_endpoint": null,
            "secondary_dfs_host": null,
            "secondary_file_endpoint": null,
            "secondary_file_host": null,
            "secondary_location": "",
            "secondary_queue_endpoint": null,
            "secondary_queue_host": null,
            "secondary_table_endpoint": null,
            "secondary_table_host": null,
            "secondary_web_endpoint": null,
            "secondary_web_host": null,
            "static_website": [],
            "tags": {},
            "timeouts": null
          },
          "sensitive_attributes": [],
          "private": "eyJlMmJmYjczMC1lY2FhLTExZTYtOGY4OC0zNDM2M2JjN2M0YzAiOnsiY3JlYXRlIjozNjAwMDAwMDAwMDAwLCJkZWxldGUiOjM2MDAwMDAwMDAwMDAsInJlYWQiOjMwMDAwMDAwMDAwMCwidXBkYXRlIjozNjAwMDAwMDAwMDAwfSwic2NoZW1hX3ZlcnNpb24iOiIyIn0=",
          "dependencies": [
            "azurerm_resource_group.rg",
            "random_string.resource_suffix"
          ]
        }
      ]
    },
    {
      "module": "module.virtual_machine",
      "mode": "managed",
      "type": "azurerm_linux_virtual_machine",
      "name": "virtual_machine",
      "provider": "provider[\"registry.terraform.io/hashicorp/azurerm\"]",
      "instances": [
        {
          "schema_version": 0,
          "attributes": {
            "additional_capabilities": [],
            "admin_password": null,
            "admin_ssh_key": [
              {
                "public_key": "ssh-rsa AAAAB3NzaC1yc2EAAAADAQABAAABgQDw/tsp4smN8ELcGVsVOLHQoUaOleXpnPExF2LlEC0KxUeQiov9rFwV0/PPHzVnbXTVNtwwqAr9wQX8OuFGEUbuPAGrU6F7K0aSxh4IN9IiPqn5yh7ccFkCi5gu3sTs/mASxoJ7iMCHqYKCRSUqh+YaWZEdB4Hx2627OK/3QitJ3m1geEnbkJreYQFUp5Q2h9hcS6yTx+AR9Wgyosku8VpXJ/6QhYQY/z2cxe1MF8OaouY3zIv6mOuWRZhOlJC7ogxPe31sEiel13bnEh1cIPKXPPGrh0rjgrmptYmaBeszkPtJFLwhwTl1gjPrUpdijYm08eC5DxFksJqAg4uEWgQ38guiSTLi+MWQMNUMwAgA56c0H76dS5mIaVCgQcTbPa2dJO8+UUprFROuK5cLkPhxDO7VFQxIH9YEXqfh9vkhpPR4MeuDt7TC+wH/p75ZL9/4KLrKsuuTw8eZiiISyhCzhEzwc1MJk5Q3tEViQotdmoTSVBn/vJY/YvS3qP4Ys3U= rakesh@DESKTOP-CSSQDCL",
                "username": "azadmin"
              }
            ],
            "admin_username": "azadmin",
            "allow_extension_operations": true,
            "availability_set_id": "",
            "boot_diagnostics": [
              {
                "storage_account_uri": "https://boothenilkeh.blob.core.windows.net/"
              }
            ],
            "computer_name": "ContosoProdVm",
            "custom_data": null,
            "dedicated_host_id": "",
            "disable_password_authentication": true,
            "encryption_at_host_enabled": false,
            "eviction_policy": "",
            "extensions_time_budget": "PT1H30M",
            "id": "/subscriptions/1cfd9c12-2c35-4462-a5f4-75403af97042/resourceGroups/ContosoProdRG/providers/Microsoft.Compute/virtualMachines/ContosoProdVm",
            "identity": [],
            "license_type": "",
            "location": "eastus",
            "max_bid_price": -1,
            "name": "ContosoProdVm",
            "network_interface_ids": [
              "/subscriptions/1cfd9c12-2c35-4462-a5f4-75403af97042/resourceGroups/ContosoProdRG/providers/Microsoft.Network/networkInterfaces/ContosoProdVmNic"
            ],
            "os_disk": [
              {
                "caching": "ReadWrite",
                "diff_disk_settings": [],
                "disk_encryption_set_id": "",
                "disk_size_gb": 30,
                "name": "ContosoProdVmOsDisk",
                "storage_account_type": "Premium_LRS",
                "write_accelerator_enabled": false
              }
            ],
            "plan": [],
            "platform_fault_domain": -1,
            "priority": "Regular",
            "private_ip_address": "10.0.8.4",
            "private_ip_addresses": [
              "10.0.8.4"
            ],
            "provision_vm_agent": true,
            "proximity_placement_group_id": "",
            "public_ip_address": "",
            "public_ip_addresses": [],
            "resource_group_name": "ContosoProdRG",
            "secret": [],
            "size": "Standard_DS1_v2",
            "source_image_id": "",
            "source_image_reference": [
              {
                "offer": "UbuntuServer",
                "publisher": "Canonical",
                "sku": "18.04-LTS",
                "version": "latest"
              }
            ],
            "tags": {},
            "timeouts": null,
            "virtual_machine_id": "8feef282-d34d-4611-a7e7-c72030a88784",
            "virtual_machine_scale_set_id": "",
            "zone": ""
          },
          "sensitive_attributes": [],
          "private": "eyJlMmJmYjczMC1lY2FhLTExZTYtOGY4OC0zNDM2M2JjN2M0YzAiOnsiY3JlYXRlIjoyNzAwMDAwMDAwMDAwLCJkZWxldGUiOjI3MDAwMDAwMDAwMDAsInJlYWQiOjMwMDAwMDAwMDAwMCwidXBkYXRlIjoyNzAwMDAwMDAwMDAwfX0=",
          "dependencies": [
            "azurerm_resource_group.rg",
            "module.aks_network.azurerm_subnet.subnet",
            "module.aks_network.azurerm_virtual_network.vnet",
            "module.storage_account.azurerm_storage_account.storage_account",
            "module.virtual_machine.azurerm_network_interface.nic",
            "module.virtual_machine.azurerm_network_security_group.nsg",
            "module.virtual_machine.azurerm_public_ip.public_ip",
            "random_string.resource_suffix"
          ]
        }
      ]
    },
    {
      "module": "module.virtual_machine",
      "mode": "managed",
      "type": "azurerm_monitor_diagnostic_setting",
      "name": "nsg_settings",
      "provider": "provider[\"registry.terraform.io/hashicorp/azurerm\"]",
      "instances": [
        {
          "schema_version": 0,
          "attributes": {
            "eventhub_authorization_rule_id": "",
            "eventhub_name": "",
            "id": "/subscriptions/1cfd9c12-2c35-4462-a5f4-75403af97042/resourceGroups/ContosoProdRG/providers/Microsoft.Network/networkSecurityGroups/ContosoProdVmNsg|DiagnosticsSettings",
            "log": [
              {
                "category": "NetworkSecurityGroupEvent",
                "enabled": true,
                "retention_policy": [
                  {
                    "days": 30,
                    "enabled": true
                  }
                ]
              },
              {
                "category": "NetworkSecurityGroupRuleCounter",
                "enabled": true,
                "retention_policy": [
                  {
                    "days": 30,
                    "enabled": true
                  }
                ]
              }
            ],
            "log_analytics_destination_type": "",
            "log_analytics_workspace_id": "/subscriptions/1cfd9c12-2c35-4462-a5f4-75403af97042/resourceGroups/ContosoProdRG/providers/Microsoft.OperationalInsights/workspaces/ContosoProdAksWorkspacehenilkeh",
            "metric": [],
            "name": "DiagnosticsSettings",
            "storage_account_id": "",
            "target_resource_id": "/subscriptions/1cfd9c12-2c35-4462-a5f4-75403af97042/resourceGroups/ContosoProdRG/providers/Microsoft.Network/networkSecurityGroups/ContosoProdVmNsg",
            "timeouts": null
          },
          "sensitive_attributes": [],
          "private": "eyJlMmJmYjczMC1lY2FhLTExZTYtOGY4OC0zNDM2M2JjN2M0YzAiOnsiY3JlYXRlIjoxODAwMDAwMDAwMDAwLCJkZWxldGUiOjM2MDAwMDAwMDAwMDAsInJlYWQiOjMwMDAwMDAwMDAwMCwidXBkYXRlIjoxODAwMDAwMDAwMDAwfX0=",
          "dependencies": [
            "azurerm_resource_group.rg",
            "module.log_analytics_workspace.azurerm_log_analytics_workspace.log_analytics_workspace",
            "module.virtual_machine.azurerm_network_security_group.nsg",
            "random_string.resource_suffix"
          ]
        }
      ]
    },
    {
      "module": "module.virtual_machine",
      "mode": "managed",
      "type": "azurerm_network_interface",
      "name": "nic",
      "provider": "provider[\"registry.terraform.io/hashicorp/azurerm\"]",
      "instances": [
        {
          "schema_version": 0,
          "attributes": {
            "applied_dns_servers": [],
            "dns_servers": [],
            "enable_accelerated_networking": false,
            "enable_ip_forwarding": false,
            "id": "/subscriptions/1cfd9c12-2c35-4462-a5f4-75403af97042/resourceGroups/ContosoProdRG/providers/Microsoft.Network/networkInterfaces/ContosoProdVmNic",
            "internal_dns_name_label": "",
            "internal_domain_name_suffix": "pbfjhbn2ukge3l1hujsp03c4zg.bx.internal.cloudapp.net",
            "ip_configuration": [
              {
                "name": "Configuration",
                "primary": true,
                "private_ip_address": "10.0.8.4",
                "private_ip_address_allocation": "Dynamic",
                "private_ip_address_version": "IPv4",
                "public_ip_address_id": "",
                "subnet_id": "/subscriptions/1cfd9c12-2c35-4462-a5f4-75403af97042/resourceGroups/ContosoProdRG/providers/Microsoft.Network/virtualNetworks/ContosoProdAksVNet/subnets/VmSubnet"
              }
            ],
            "location": "eastus",
            "mac_address": "00-0D-3A-52-EF-1B",
            "name": "ContosoProdVmNic",
            "private_ip_address": "10.0.8.4",
            "private_ip_addresses": [
              "10.0.8.4"
            ],
            "resource_group_name": "ContosoProdRG",
            "tags": {},
            "timeouts": null,
            "virtual_machine_id": "/subscriptions/1cfd9c12-2c35-4462-a5f4-75403af97042/resourceGroups/ContosoProdRG/providers/Microsoft.Compute/virtualMachines/ContosoProdVm"
          },
          "sensitive_attributes": [],
          "private": "eyJlMmJmYjczMC1lY2FhLTExZTYtOGY4OC0zNDM2M2JjN2M0YzAiOnsiY3JlYXRlIjoxODAwMDAwMDAwMDAwLCJkZWxldGUiOjE4MDAwMDAwMDAwMDAsInJlYWQiOjMwMDAwMDAwMDAwMCwidXBkYXRlIjoxODAwMDAwMDAwMDAwfX0=",
          "dependencies": [
            "azurerm_resource_group.rg",
            "module.aks_network.azurerm_subnet.subnet",
            "module.aks_network.azurerm_virtual_network.vnet",
            "module.virtual_machine.azurerm_public_ip.public_ip"
          ]
        }
      ]
    },
    {
      "module": "module.virtual_machine",
      "mode": "managed",
      "type": "azurerm_network_interface_security_group_association",
      "name": "nsg_association",
      "provider": "provider[\"registry.terraform.io/hashicorp/azurerm\"]",
      "instances": [
        {
          "schema_version": 0,
          "attributes": {
            "id": "/subscriptions/1cfd9c12-2c35-4462-a5f4-75403af97042/resourceGroups/ContosoProdRG/providers/Microsoft.Network/networkInterfaces/ContosoProdVmNic|/subscriptions/1cfd9c12-2c35-4462-a5f4-75403af97042/resourceGroups/ContosoProdRG/providers/Microsoft.Network/networkSecurityGroups/ContosoProdVmNsg",
            "network_interface_id": "/subscriptions/1cfd9c12-2c35-4462-a5f4-75403af97042/resourceGroups/ContosoProdRG/providers/Microsoft.Network/networkInterfaces/ContosoProdVmNic",
            "network_security_group_id": "/subscriptions/1cfd9c12-2c35-4462-a5f4-75403af97042/resourceGroups/ContosoProdRG/providers/Microsoft.Network/networkSecurityGroups/ContosoProdVmNsg",
            "timeouts": null
          },
          "sensitive_attributes": [],
          "private": "eyJlMmJmYjczMC1lY2FhLTExZTYtOGY4OC0zNDM2M2JjN2M0YzAiOnsiY3JlYXRlIjoxODAwMDAwMDAwMDAwLCJkZWxldGUiOjE4MDAwMDAwMDAwMDAsInJlYWQiOjMwMDAwMDAwMDAwMCwidXBkYXRlIjoxODAwMDAwMDAwMDAwfX0=",
          "dependencies": [
            "azurerm_resource_group.rg",
            "module.aks_network.azurerm_subnet.subnet",
            "module.aks_network.azurerm_virtual_network.vnet",
            "module.virtual_machine.azurerm_network_interface.nic",
            "module.virtual_machine.azurerm_network_security_group.nsg",
            "module.virtual_machine.azurerm_public_ip.public_ip"
          ]
        }
      ]
    },
    {
      "module": "module.virtual_machine",
      "mode": "managed",
      "type": "azurerm_network_security_group",
      "name": "nsg",
      "provider": "provider[\"registry.terraform.io/hashicorp/azurerm\"]",
      "instances": [
        {
          "schema_version": 0,
          "attributes": {
            "id": "/subscriptions/1cfd9c12-2c35-4462-a5f4-75403af97042/resourceGroups/ContosoProdRG/providers/Microsoft.Network/networkSecurityGroups/ContosoProdVmNsg",
            "location": "eastus",
            "name": "ContosoProdVmNsg",
            "resource_group_name": "ContosoProdRG",
            "security_rule": [
              {
                "access": "Allow",
                "description": "",
                "destination_address_prefix": "*",
                "destination_address_prefixes": [],
                "destination_application_security_group_ids": [],
                "destination_port_range": "22",
                "destination_port_ranges": [],
                "direction": "Inbound",
                "name": "SSH",
                "priority": 1001,
                "protocol": "Tcp",
                "source_address_prefix": "*",
                "source_address_prefixes": [],
                "source_application_security_group_ids": [],
                "source_port_range": "*",
                "source_port_ranges": []
              }
            ],
            "tags": {},
            "timeouts": null
          },
          "sensitive_attributes": [],
          "private": "eyJlMmJmYjczMC1lY2FhLTExZTYtOGY4OC0zNDM2M2JjN2M0YzAiOnsiY3JlYXRlIjoxODAwMDAwMDAwMDAwLCJkZWxldGUiOjE4MDAwMDAwMDAwMDAsInJlYWQiOjMwMDAwMDAwMDAwMCwidXBkYXRlIjoxODAwMDAwMDAwMDAwfX0=",
          "dependencies": [
            "azurerm_resource_group.rg"
          ]
        }
      ]
    },
    {
      "module": "module.virtual_machine",
      "mode": "managed",
      "type": "azurerm_virtual_machine_extension",
      "name": "custom_script",
      "provider": "provider[\"registry.terraform.io/hashicorp/azurerm\"]",
      "instances": [
        {
          "schema_version": 0,
          "attributes": {
            "auto_upgrade_minor_version": false,
            "id": "/subscriptions/1cfd9c12-2c35-4462-a5f4-75403af97042/resourceGroups/ContosoProdRG/providers/Microsoft.Compute/virtualMachines/ContosoProdVm/extensions/ContosoProdVmCustomScript",
            "name": "ContosoProdVmCustomScript",
            "protected_settings": "    {\r\n      \"storageAccountName\": \"aksjumpstr\",\r\n      \"storageAccountKey\": \"ZSyrdLv0ADysCNaweAAKEIUxT0Tt/3wpWGnU8c6GRnZhOy6hySNUGPTbYpWpiAHI/Q7pKBpkQADS+AStg95HHQ==\"\r\n    }\r\n",
            "publisher": "Microsoft.Azure.Extensions",
            "settings": "{\"commandToExecute\":\"bash configure-jumpbox-vm.sh\",\"fileUris\":[\"https://aksjumpstr.blob.core.windows.net/scripts/configure-jumpbox-vm.sh\"]}",
            "tags": {},
            "timeouts": null,
            "type": "CustomScript",
            "type_handler_version": "2.0",
            "virtual_machine_id": "/subscriptions/1cfd9c12-2c35-4462-a5f4-75403af97042/resourceGroups/ContosoProdRG/providers/Microsoft.Compute/virtualMachines/ContosoProdVm"
          },
          "sensitive_attributes": [],
          "private": "eyJlMmJmYjczMC1lY2FhLTExZTYtOGY4OC0zNDM2M2JjN2M0YzAiOnsiY3JlYXRlIjoxODAwMDAwMDAwMDAwLCJkZWxldGUiOjE4MDAwMDAwMDAwMDAsInJlYWQiOjMwMDAwMDAwMDAwMCwidXBkYXRlIjoxODAwMDAwMDAwMDAwfX0=",
          "dependencies": [
            "azurerm_resource_group.rg",
            "module.aks_network.azurerm_subnet.subnet",
            "module.aks_network.azurerm_virtual_network.vnet",
            "module.storage_account.azurerm_storage_account.storage_account",
            "module.virtual_machine.azurerm_linux_virtual_machine.virtual_machine",
            "module.virtual_machine.azurerm_network_interface.nic",
            "module.virtual_machine.azurerm_network_security_group.nsg",
            "module.virtual_machine.azurerm_public_ip.public_ip",
            "random_string.resource_suffix"
          ]
        }
      ]
    },
    {
      "module": "module.virtual_machine",
      "mode": "managed",
      "type": "azurerm_virtual_machine_extension",
      "name": "dependency_agent",
      "provider": "provider[\"registry.terraform.io/hashicorp/azurerm\"]",
      "instances": [
        {
          "schema_version": 0,
          "attributes": {
            "auto_upgrade_minor_version": true,
            "id": "/subscriptions/1cfd9c12-2c35-4462-a5f4-75403af97042/resourceGroups/ContosoProdRG/providers/Microsoft.Compute/virtualMachines/ContosoProdVm/extensions/ContosoProdVmDependencyAgent",
            "name": "ContosoProdVmDependencyAgent",
            "protected_settings": "    {\r\n      \"workspaceKey\": \"cgG9bjd89SIJ/h+pB7hXUc5SAITGN0R9TVh5QCQAm+RdDrRjQQnpE1wb2Lx1nedhH2KD35qFQAEAGOzT29w9wQ==\"\r\n    }\r\n",
            "publisher": "Microsoft.Azure.Monitoring.DependencyAgent",
            "settings": "{\"workspaceId\":\"0758a88a-7b78-4344-accd-261ef18302cb\"}",
            "tags": {},
            "timeouts": null,
            "type": "DependencyAgentLinux",
            "type_handler_version": "9.10",
            "virtual_machine_id": "/subscriptions/1cfd9c12-2c35-4462-a5f4-75403af97042/resourceGroups/ContosoProdRG/providers/Microsoft.Compute/virtualMachines/ContosoProdVm"
          },
          "sensitive_attributes": [
            [
              {
                "type": "get_attr",
                "value": "protected_settings"
              }
            ]
          ],
          "private": "eyJlMmJmYjczMC1lY2FhLTExZTYtOGY4OC0zNDM2M2JjN2M0YzAiOnsiY3JlYXRlIjoxODAwMDAwMDAwMDAwLCJkZWxldGUiOjE4MDAwMDAwMDAwMDAsInJlYWQiOjMwMDAwMDAwMDAwMCwidXBkYXRlIjoxODAwMDAwMDAwMDAwfX0=",
          "dependencies": [
            "azurerm_resource_group.rg",
            "module.aks_network.azurerm_subnet.subnet",
            "module.aks_network.azurerm_virtual_network.vnet",
            "module.log_analytics_workspace.azurerm_log_analytics_workspace.log_analytics_workspace",
            "module.storage_account.azurerm_storage_account.storage_account",
            "module.virtual_machine.azurerm_linux_virtual_machine.virtual_machine",
            "module.virtual_machine.azurerm_network_interface.nic",
            "module.virtual_machine.azurerm_network_security_group.nsg",
            "module.virtual_machine.azurerm_public_ip.public_ip",
            "module.virtual_machine.azurerm_virtual_machine_extension.custom_script",
            "module.virtual_machine.azurerm_virtual_machine_extension.monitor_agent",
            "random_string.resource_suffix"
          ]
        }
      ]
    },
    {
      "module": "module.virtual_machine",
      "mode": "managed",
      "type": "azurerm_virtual_machine_extension",
      "name": "monitor_agent",
      "provider": "provider[\"registry.terraform.io/hashicorp/azurerm\"]",
      "instances": [
        {
          "schema_version": 0,
          "attributes": {
            "auto_upgrade_minor_version": true,
            "id": "/subscriptions/1cfd9c12-2c35-4462-a5f4-75403af97042/resourceGroups/ContosoProdRG/providers/Microsoft.Compute/virtualMachines/ContosoProdVm/extensions/ContosoProdVmMonitoringAgent",
            "name": "ContosoProdVmMonitoringAgent",
            "protected_settings": "    {\r\n      \"workspaceKey\": \"cgG9bjd89SIJ/h+pB7hXUc5SAITGN0R9TVh5QCQAm+RdDrRjQQnpE1wb2Lx1nedhH2KD35qFQAEAGOzT29w9wQ==\"\r\n    }\r\n",
            "publisher": "Microsoft.EnterpriseCloud.Monitoring",
            "settings": "{\"workspaceId\":\"0758a88a-7b78-4344-accd-261ef18302cb\"}",
            "tags": {},
            "timeouts": null,
            "type": "OmsAgentForLinux",
            "type_handler_version": "1.12",
            "virtual_machine_id": "/subscriptions/1cfd9c12-2c35-4462-a5f4-75403af97042/resourceGroups/ContosoProdRG/providers/Microsoft.Compute/virtualMachines/ContosoProdVm"
          },
          "sensitive_attributes": [
            [
              {
                "type": "get_attr",
                "value": "protected_settings"
              }
            ]
          ],
          "private": "eyJlMmJmYjczMC1lY2FhLTExZTYtOGY4OC0zNDM2M2JjN2M0YzAiOnsiY3JlYXRlIjoxODAwMDAwMDAwMDAwLCJkZWxldGUiOjE4MDAwMDAwMDAwMDAsInJlYWQiOjMwMDAwMDAwMDAwMCwidXBkYXRlIjoxODAwMDAwMDAwMDAwfX0=",
          "dependencies": [
            "azurerm_resource_group.rg",
            "module.aks_network.azurerm_subnet.subnet",
            "module.aks_network.azurerm_virtual_network.vnet",
            "module.log_analytics_workspace.azurerm_log_analytics_workspace.log_analytics_workspace",
            "module.storage_account.azurerm_storage_account.storage_account",
            "module.virtual_machine.azurerm_linux_virtual_machine.virtual_machine",
            "module.virtual_machine.azurerm_network_interface.nic",
            "module.virtual_machine.azurerm_network_security_group.nsg",
            "module.virtual_machine.azurerm_public_ip.public_ip",
            "module.virtual_machine.azurerm_virtual_machine_extension.custom_script",
            "random_string.resource_suffix"
          ]
        }
      ]
    },
    {
      "module": "module.vnet_peering",
      "mode": "managed",
      "type": "azurerm_virtual_network_peering",
      "name": "peering",
      "provider": "provider[\"registry.terraform.io/hashicorp/azurerm\"]",
      "instances": [
        {
          "schema_version": 0,
          "attributes": {
            "allow_forwarded_traffic": true,
            "allow_gateway_transit": false,
            "allow_virtual_network_access": true,
            "id": "/subscriptions/1cfd9c12-2c35-4462-a5f4-75403af97042/resourceGroups/ContosoProdRG/providers/Microsoft.Network/virtualNetworks/ContosoProdHubVNet/virtualNetworkPeerings/ContosoProdHubVNetToContosoProdAksVNet",
            "name": "ContosoProdHubVNetToContosoProdAksVNet",
            "remote_virtual_network_id": "/subscriptions/1cfd9c12-2c35-4462-a5f4-75403af97042/resourceGroups/ContosoProdRG/providers/Microsoft.Network/virtualNetworks/ContosoProdAksVNet",
            "resource_group_name": "ContosoProdRG",
            "timeouts": null,
            "use_remote_gateways": false,
            "virtual_network_name": "ContosoProdHubVNet"
          },
          "sensitive_attributes": [],
          "private": "eyJlMmJmYjczMC1lY2FhLTExZTYtOGY4OC0zNDM2M2JjN2M0YzAiOnsiY3JlYXRlIjoxODAwMDAwMDAwMDAwLCJkZWxldGUiOjE4MDAwMDAwMDAwMDAsInJlYWQiOjMwMDAwMDAwMDAwMCwidXBkYXRlIjoxODAwMDAwMDAwMDAwfX0=",
          "dependencies": [
            "azurerm_resource_group.rg",
            "module.aks_network.azurerm_virtual_network.vnet"
          ]
        }
      ]
    },
    {
      "module": "module.vnet_peering",
      "mode": "managed",
      "type": "azurerm_virtual_network_peering",
      "name": "peering-back",
      "provider": "provider[\"registry.terraform.io/hashicorp/azurerm\"]",
      "instances": [
        {
          "schema_version": 0,
          "attributes": {
            "allow_forwarded_traffic": true,
            "allow_gateway_transit": false,
            "allow_virtual_network_access": true,
            "id": "/subscriptions/1cfd9c12-2c35-4462-a5f4-75403af97042/resourceGroups/ContosoProdRG/providers/Microsoft.Network/virtualNetworks/ContosoProdAksVNet/virtualNetworkPeerings/ContosoProdAksVNetToContosoProdHubVNet",
            "name": "ContosoProdAksVNetToContosoProdHubVNet",
            "remote_virtual_network_id": "/subscriptions/1cfd9c12-2c35-4462-a5f4-75403af97042/resourceGroups/ContosoProdRG/providers/Microsoft.Network/virtualNetworks/ContosoProdHubVNet",
            "resource_group_name": "ContosoProdRG",
            "timeouts": null,
            "use_remote_gateways": false,
            "virtual_network_name": "ContosoProdAksVNet"
          },
          "sensitive_attributes": [],
          "private": "eyJlMmJmYjczMC1lY2FhLTExZTYtOGY4OC0zNDM2M2JjN2M0YzAiOnsiY3JlYXRlIjoxODAwMDAwMDAwMDAwLCJkZWxldGUiOjE4MDAwMDAwMDAwMDAsInJlYWQiOjMwMDAwMDAwMDAwMCwidXBkYXRlIjoxODAwMDAwMDAwMDAwfX0=",
          "dependencies": [
            "azurerm_resource_group.rg",
            "module.hub_network.azurerm_virtual_network.vnet"
          ]
        }
      ]
    }
  ],
  "check_results": null
}
